// !$*UTF8*$!
{
	archiveVersion = 1;
	classes = {
	};
	objectVersion = 46;
	objects = {

/* Begin PBXBuildFile section */
		120E05203C45BFFA35ADF383 /* ofxCvContourFinder.cpp in Sources */ = {isa = PBXBuildFile; fileRef = 0862F44A91BE691BC3CC71F2 /* ofxCvContourFinder.cpp */; };
		225139E56A7060F2759E9198 /* ofxCvColorImage.cpp in Sources */ = {isa = PBXBuildFile; fileRef = 169BBEEA0567BA893DB6974C /* ofxCvColorImage.cpp */; };
		657A0B162083F11E0046E8D4 /* maze.cpp in Sources */ = {isa = PBXBuildFile; fileRef = 657A0B142083F11E0046E8D4 /* maze.cpp */; };
		657A0B192083F9CF0046E8D4 /* cameraTracking.cpp in Sources */ = {isa = PBXBuildFile; fileRef = 657A0B172083F9CF0046E8D4 /* cameraTracking.cpp */; };
		A8F285D225EB301953871F2C /* ofxCvImage.cpp in Sources */ = {isa = PBXBuildFile; fileRef = 024510B9377B63DE8BDE36C1 /* ofxCvImage.cpp */; };
		C7FFF20D02FF6DE5C18C8303 /* ofxCvHaarFinder.cpp in Sources */ = {isa = PBXBuildFile; fileRef = 1DB80F40409C587704891CEF /* ofxCvHaarFinder.cpp */; };
		CC6B67FAAF2C824E80989DDE /* ofxCvFloatImage.cpp in Sources */ = {isa = PBXBuildFile; fileRef = D90789065DAAFC83E134F60D /* ofxCvFloatImage.cpp */; };
		DD60A1DBFEE5653FB4CE0418 /* ofxCvGrayscaleImage.cpp in Sources */ = {isa = PBXBuildFile; fileRef = BB6FE39D1069A25962F5B78B /* ofxCvGrayscaleImage.cpp */; };
		E4328149138ABC9F0047C5CB /* openFrameworksDebug.a in Frameworks */ = {isa = PBXBuildFile; fileRef = E4328148138ABC890047C5CB /* openFrameworksDebug.a */; };
		E4B69E200A3A1BDC003C02F2 /* main.cpp in Sources */ = {isa = PBXBuildFile; fileRef = E4B69E1D0A3A1BDC003C02F2 /* main.cpp */; };
		E4B69E210A3A1BDC003C02F2 /* ofApp.cpp in Sources */ = {isa = PBXBuildFile; fileRef = E4B69E1E0A3A1BDC003C02F2 /* ofApp.cpp */; };
		F66062276255CF3AEEB997C0 /* ofxCvShortImage.cpp in Sources */ = {isa = PBXBuildFile; fileRef = 5EBD11C19C5B5E886315F8E2 /* ofxCvShortImage.cpp */; };
/* End PBXBuildFile section */

/* Begin PBXContainerItemProxy section */
		E4328147138ABC890047C5CB /* PBXContainerItemProxy */ = {
			isa = PBXContainerItemProxy;
			containerPortal = E4328143138ABC890047C5CB /* openFrameworksLib.xcodeproj */;
			proxyType = 2;
			remoteGlobalIDString = E4B27C1510CBEB8E00536013;
			remoteInfo = openFrameworks;
		};
		E4EEB9AB138B136A00A80321 /* PBXContainerItemProxy */ = {
			isa = PBXContainerItemProxy;
			containerPortal = E4328143138ABC890047C5CB /* openFrameworksLib.xcodeproj */;
			proxyType = 1;
			remoteGlobalIDString = E4B27C1410CBEB8E00536013;
			remoteInfo = openFrameworks;
		};
/* End PBXContainerItemProxy section */

/* Begin PBXCopyFilesBuildPhase section */
		E4C2427710CC5ABF004149E2 /* CopyFiles */ = {
			isa = PBXCopyFilesBuildPhase;
			buildActionMask = 2147483647;
			dstPath = "";
			dstSubfolderSpec = 10;
			files = (
			);
			runOnlyForDeploymentPostprocessing = 0;
		};
/* End PBXCopyFilesBuildPhase section */

/* Begin PBXFileReference section */
		00727D992E71ACAE1E673CB1 /* ofxCvImage.h */ = {isa = PBXFileReference; explicitFileType = sourcecode.c.h; fileEncoding = 30; name = ofxCvImage.h; path = ../../../../Applications/of_v0.9.8_osx_release/addons/ofxOpenCv/src/ofxCvImage.h; sourceTree = SOURCE_ROOT; };
		00E2A787B64ABFF8FA808EAD /* hybridtracker.hpp */ = {isa = PBXFileReference; explicitFileType = sourcecode.c.h; fileEncoding = 30; name = hybridtracker.hpp; path = ../../../../Applications/of_v0.9.8_osx_release/addons/ofxOpenCv/libs/opencv/include/opencv2/contrib/hybridtracker.hpp; sourceTree = SOURCE_ROOT; };
		024510B9377B63DE8BDE36C1 /* ofxCvImage.cpp */ = {isa = PBXFileReference; explicitFileType = sourcecode.cpp.cpp; fileEncoding = 30; name = ofxCvImage.cpp; path = ../../../../Applications/of_v0.9.8_osx_release/addons/ofxOpenCv/src/ofxCvImage.cpp; sourceTree = SOURCE_ROOT; };
		04F6FC5BAAF7A431AD543CDE /* timer.h */ = {isa = PBXFileReference; explicitFileType = sourcecode.c.h; fileEncoding = 30; name = timer.h; path = ../../../../Applications/of_v0.9.8_osx_release/addons/ofxOpenCv/libs/opencv/include/opencv2/flann/timer.h; sourceTree = SOURCE_ROOT; };
		04FAEA4977120E37AAEA0719 /* ofxCvFloatImage.h */ = {isa = PBXFileReference; explicitFileType = sourcecode.c.h; fileEncoding = 30; name = ofxCvFloatImage.h; path = ../../../../Applications/of_v0.9.8_osx_release/addons/ofxOpenCv/src/ofxCvFloatImage.h; sourceTree = SOURCE_ROOT; };
		069092D18A817BA1D07E880F /* composite_index.h */ = {isa = PBXFileReference; explicitFileType = sourcecode.c.h; fileEncoding = 30; name = composite_index.h; path = ../../../../Applications/of_v0.9.8_osx_release/addons/ofxOpenCv/libs/opencv/include/opencv2/flann/composite_index.h; sourceTree = SOURCE_ROOT; };
		07C222397C3DD743D8F8AA57 /* flann_base.hpp */ = {isa = PBXFileReference; explicitFileType = sourcecode.c.h; fileEncoding = 30; name = flann_base.hpp; path = ../../../../Applications/of_v0.9.8_osx_release/addons/ofxOpenCv/libs/opencv/include/opencv2/flann/flann_base.hpp; sourceTree = SOURCE_ROOT; };
		0862F44A91BE691BC3CC71F2 /* ofxCvContourFinder.cpp */ = {isa = PBXFileReference; explicitFileType = sourcecode.cpp.cpp; fileEncoding = 30; name = ofxCvContourFinder.cpp; path = ../../../../Applications/of_v0.9.8_osx_release/addons/ofxOpenCv/src/ofxCvContourFinder.cpp; sourceTree = SOURCE_ROOT; };
		097DCE8AFF5DD97F86790088 /* transform.hpp */ = {isa = PBXFileReference; explicitFileType = sourcecode.c.h; fileEncoding = 30; name = transform.hpp; path = ../../../../Applications/of_v0.9.8_osx_release/addons/ofxOpenCv/libs/opencv/include/opencv2/gpu/device/transform.hpp; sourceTree = SOURCE_ROOT; };
		0B26FC5D8B51A1586AEBFE37 /* cxeigen.hpp */ = {isa = PBXFileReference; explicitFileType = sourcecode.c.h; fileEncoding = 30; name = cxeigen.hpp; path = ../../../../Applications/of_v0.9.8_osx_release/addons/ofxOpenCv/libs/opencv/include/opencv/cxeigen.hpp; sourceTree = SOURCE_ROOT; };
		0C04FCAC8C4486AB1BC30A52 /* tracking.hpp */ = {isa = PBXFileReference; explicitFileType = sourcecode.c.h; fileEncoding = 30; name = tracking.hpp; path = ../../../../Applications/of_v0.9.8_osx_release/addons/ofxOpenCv/libs/opencv/include/opencv2/video/tracking.hpp; sourceTree = SOURCE_ROOT; };
		0C94FDD9DBB456A632A0DFE0 /* autocalib.hpp */ = {isa = PBXFileReference; explicitFileType = sourcecode.c.h; fileEncoding = 30; name = autocalib.hpp; path = ../../../../Applications/of_v0.9.8_osx_release/addons/ofxOpenCv/libs/opencv/include/opencv2/stitching/detail/autocalib.hpp; sourceTree = SOURCE_ROOT; };
		0D0D60FE5AD55203E297903F /* mat.hpp */ = {isa = PBXFileReference; explicitFileType = sourcecode.c.h; fileEncoding = 30; name = mat.hpp; path = ../../../../Applications/of_v0.9.8_osx_release/addons/ofxOpenCv/libs/opencv/include/opencv2/core/mat.hpp; sourceTree = SOURCE_ROOT; };
		0DE3EDF5F6AAC138DCD5C995 /* ocl.hpp */ = {isa = PBXFileReference; explicitFileType = sourcecode.c.h; fileEncoding = 30; name = ocl.hpp; path = ../../../../Applications/of_v0.9.8_osx_release/addons/ofxOpenCv/libs/opencv/include/opencv2/nonfree/ocl.hpp; sourceTree = SOURCE_ROOT; };
		0F1D8B7789585939156878F7 /* highgui.h */ = {isa = PBXFileReference; explicitFileType = sourcecode.c.h; fileEncoding = 30; name = highgui.h; path = ../../../../Applications/of_v0.9.8_osx_release/addons/ofxOpenCv/libs/opencv/include/opencv/highgui.h; sourceTree = SOURCE_ROOT; };
		101E36B44CC36535FE4838A0 /* operations.hpp */ = {isa = PBXFileReference; explicitFileType = sourcecode.c.h; fileEncoding = 30; name = operations.hpp; path = ../../../../Applications/of_v0.9.8_osx_release/addons/ofxOpenCv/libs/opencv/include/opencv2/core/operations.hpp; sourceTree = SOURCE_ROOT; };
		134B115AEDD3007117731C2E /* cv.h */ = {isa = PBXFileReference; explicitFileType = sourcecode.c.h; fileEncoding = 30; name = cv.h; path = ../../../../Applications/of_v0.9.8_osx_release/addons/ofxOpenCv/libs/opencv/include/opencv/cv.h; sourceTree = SOURCE_ROOT; };
		169BBEEA0567BA893DB6974C /* ofxCvColorImage.cpp */ = {isa = PBXFileReference; explicitFileType = sourcecode.cpp.cpp; fileEncoding = 30; name = ofxCvColorImage.cpp; path = ../../../../Applications/of_v0.9.8_osx_release/addons/ofxOpenCv/src/ofxCvColorImage.cpp; sourceTree = SOURCE_ROOT; };
		19D6640384CBB0E677E74452 /* warp_reduce.hpp */ = {isa = PBXFileReference; explicitFileType = sourcecode.c.h; fileEncoding = 30; name = warp_reduce.hpp; path = ../../../../Applications/of_v0.9.8_osx_release/addons/ofxOpenCv/libs/opencv/include/opencv2/gpu/device/warp_reduce.hpp; sourceTree = SOURCE_ROOT; };
		1DB80F40409C587704891CEF /* ofxCvHaarFinder.cpp */ = {isa = PBXFileReference; explicitFileType = sourcecode.cpp.cpp; fileEncoding = 30; name = ofxCvHaarFinder.cpp; path = ../../../../Applications/of_v0.9.8_osx_release/addons/ofxOpenCv/src/ofxCvHaarFinder.cpp; sourceTree = SOURCE_ROOT; };
		1FD570D5D02BC4E8B67B553A /* dynamic_smem.hpp */ = {isa = PBXFileReference; explicitFileType = sourcecode.c.h; fileEncoding = 30; name = dynamic_smem.hpp; path = ../../../../Applications/of_v0.9.8_osx_release/addons/ofxOpenCv/libs/opencv/include/opencv2/gpu/device/dynamic_smem.hpp; sourceTree = SOURCE_ROOT; };
		210650CF207D143CB61FCB21 /* miniflann.hpp */ = {isa = PBXFileReference; explicitFileType = sourcecode.c.h; fileEncoding = 30; name = miniflann.hpp; path = ../../../../Applications/of_v0.9.8_osx_release/addons/ofxOpenCv/libs/opencv/include/opencv2/flann/miniflann.hpp; sourceTree = SOURCE_ROOT; };
		21AA6CAAAEE9AE00065D3BFE /* opengl_interop_deprecated.hpp */ = {isa = PBXFileReference; explicitFileType = sourcecode.c.h; fileEncoding = 30; name = opengl_interop_deprecated.hpp; path = ../../../../Applications/of_v0.9.8_osx_release/addons/ofxOpenCv/libs/opencv/include/opencv2/core/opengl_interop_deprecated.hpp; sourceTree = SOURCE_ROOT; };
		2310188B9D969A4E7F41A453 /* reduce.hpp */ = {isa = PBXFileReference; explicitFileType = sourcecode.c.h; fileEncoding = 30; name = reduce.hpp; path = ../../../../Applications/of_v0.9.8_osx_release/addons/ofxOpenCv/libs/opencv/include/opencv2/gpu/device/reduce.hpp; sourceTree = SOURCE_ROOT; };
		23BA5C467990F3CC0AC610AC /* kdtree_index.h */ = {isa = PBXFileReference; explicitFileType = sourcecode.c.h; fileEncoding = 30; name = kdtree_index.h; path = ../../../../Applications/of_v0.9.8_osx_release/addons/ofxOpenCv/libs/opencv/include/opencv2/flann/kdtree_index.h; sourceTree = SOURCE_ROOT; };
		23F7E259F59436A6CE58F4DC /* blobtrack.hpp */ = {isa = PBXFileReference; explicitFileType = sourcecode.c.h; fileEncoding = 30; name = blobtrack.hpp; path = ../../../../Applications/of_v0.9.8_osx_release/addons/ofxOpenCv/libs/opencv/include/opencv2/legacy/blobtrack.hpp; sourceTree = SOURCE_ROOT; };
		25348FB9CB5F4B2204A14682 /* dummy.h */ = {isa = PBXFileReference; explicitFileType = sourcecode.c.h; fileEncoding = 30; name = dummy.h; path = ../../../../Applications/of_v0.9.8_osx_release/addons/ofxOpenCv/libs/opencv/include/opencv2/flann/dummy.h; sourceTree = SOURCE_ROOT; };
		2540A8F5249E2F8D83F787D9 /* kmeans_index.h */ = {isa = PBXFileReference; explicitFileType = sourcecode.c.h; fileEncoding = 30; name = kmeans_index.h; path = ../../../../Applications/of_v0.9.8_osx_release/addons/ofxOpenCv/libs/opencv/include/opencv2/flann/kmeans_index.h; sourceTree = SOURCE_ROOT; };
		258DFC47286F5C7ED34CF683 /* nonfree.hpp */ = {isa = PBXFileReference; explicitFileType = sourcecode.c.h; fileEncoding = 30; name = nonfree.hpp; path = ../../../../Applications/of_v0.9.8_osx_release/addons/ofxOpenCv/libs/opencv/include/opencv2/nonfree/nonfree.hpp; sourceTree = SOURCE_ROOT; };
		2793585ECB51C8B68EAA46DC /* scan.hpp */ = {isa = PBXFileReference; explicitFileType = sourcecode.c.h; fileEncoding = 30; name = scan.hpp; path = ../../../../Applications/of_v0.9.8_osx_release/addons/ofxOpenCv/libs/opencv/include/opencv2/gpu/device/scan.hpp; sourceTree = SOURCE_ROOT; };
		2810A84F6116A7DB11D491DD /* photo.hpp */ = {isa = PBXFileReference; explicitFileType = sourcecode.c.h; fileEncoding = 30; name = photo.hpp; path = ../../../../Applications/of_v0.9.8_osx_release/addons/ofxOpenCv/libs/opencv/include/opencv2/photo/photo.hpp; sourceTree = SOURCE_ROOT; };
		28610528CB9ACC32855AC7BD /* detection_based_tracker.hpp */ = {isa = PBXFileReference; explicitFileType = sourcecode.c.h; fileEncoding = 30; name = detection_based_tracker.hpp; path = ../../../../Applications/of_v0.9.8_osx_release/addons/ofxOpenCv/libs/opencv/include/opencv2/contrib/detection_based_tracker.hpp; sourceTree = SOURCE_ROOT; };
		288CB1B673D525E404CB0E1A /* cxcore.hpp */ = {isa = PBXFileReference; explicitFileType = sourcecode.c.h; fileEncoding = 30; name = cxcore.hpp; path = ../../../../Applications/of_v0.9.8_osx_release/addons/ofxOpenCv/libs/opencv/include/opencv/cxcore.hpp; sourceTree = SOURCE_ROOT; };
		29FCEF2472DCAC4A12F754FB /* superres.hpp */ = {isa = PBXFileReference; explicitFileType = sourcecode.c.h; fileEncoding = 30; name = superres.hpp; path = ../../../../Applications/of_v0.9.8_osx_release/addons/ofxOpenCv/libs/opencv/include/opencv2/superres/superres.hpp; sourceTree = SOURCE_ROOT; };
		2BA8075F57F6B2ABEE1FC63A /* dist.h */ = {isa = PBXFileReference; explicitFileType = sourcecode.c.h; fileEncoding = 30; name = dist.h; path = ../../../../Applications/of_v0.9.8_osx_release/addons/ofxOpenCv/libs/opencv/include/opencv2/flann/dist.h; sourceTree = SOURCE_ROOT; };
		2BBE80B62A4B4C0E6C5B0BD8 /* heap.h */ = {isa = PBXFileReference; explicitFileType = sourcecode.c.h; fileEncoding = 30; name = heap.h; path = ../../../../Applications/of_v0.9.8_osx_release/addons/ofxOpenCv/libs/opencv/include/opencv2/flann/heap.h; sourceTree = SOURCE_ROOT; };
		2EAFC9FE5FF82B4F33714BC9 /* autotuned_index.h */ = {isa = PBXFileReference; explicitFileType = sourcecode.c.h; fileEncoding = 30; name = autotuned_index.h; path = ../../../../Applications/of_v0.9.8_osx_release/addons/ofxOpenCv/libs/opencv/include/opencv2/flann/autotuned_index.h; sourceTree = SOURCE_ROOT; };
		312C4EBC31E23F348AF0EE20 /* sampling.h */ = {isa = PBXFileReference; explicitFileType = sourcecode.c.h; fileEncoding = 30; name = sampling.h; path = ../../../../Applications/of_v0.9.8_osx_release/addons/ofxOpenCv/libs/opencv/include/opencv2/flann/sampling.h; sourceTree = SOURCE_ROOT; };
		33022DFB94A6E9F1514A331E /* ts_gtest.h */ = {isa = PBXFileReference; explicitFileType = sourcecode.c.h; fileEncoding = 30; name = ts_gtest.h; path = ../../../../Applications/of_v0.9.8_osx_release/addons/ofxOpenCv/libs/opencv/include/opencv2/ts/ts_gtest.h; sourceTree = SOURCE_ROOT; };
		331B7BEE0BFEC42763826C15 /* index_testing.h */ = {isa = PBXFileReference; explicitFileType = sourcecode.c.h; fileEncoding = 30; name = index_testing.h; path = ../../../../Applications/of_v0.9.8_osx_release/addons/ofxOpenCv/libs/opencv/include/opencv2/flann/index_testing.h; sourceTree = SOURCE_ROOT; };
		33F42CB61A5309F02EB2EDF3 /* simd_functions.hpp */ = {isa = PBXFileReference; explicitFileType = sourcecode.c.h; fileEncoding = 30; name = simd_functions.hpp; path = ../../../../Applications/of_v0.9.8_osx_release/addons/ofxOpenCv/libs/opencv/include/opencv2/gpu/device/simd_functions.hpp; sourceTree = SOURCE_ROOT; };
		3561D3A30E6A647F4F456599 /* calib3d.hpp */ = {isa = PBXFileReference; explicitFileType = sourcecode.c.h; fileEncoding = 30; name = calib3d.hpp; path = ../../../../Applications/of_v0.9.8_osx_release/addons/ofxOpenCv/libs/opencv/include/opencv2/calib3d/calib3d.hpp; sourceTree = SOURCE_ROOT; };
		36DBA9F4589D8D5DDBD04167 /* internal.hpp */ = {isa = PBXFileReference; explicitFileType = sourcecode.c.h; fileEncoding = 30; name = internal.hpp; path = ../../../../Applications/of_v0.9.8_osx_release/addons/ofxOpenCv/libs/opencv/include/opencv2/core/internal.hpp; sourceTree = SOURCE_ROOT; };
		37415AC4B1304778A680D78F /* ts.hpp */ = {isa = PBXFileReference; explicitFileType = sourcecode.c.h; fileEncoding = 30; name = ts.hpp; path = ../../../../Applications/of_v0.9.8_osx_release/addons/ofxOpenCv/libs/opencv/include/opencv2/ts/ts.hpp; sourceTree = SOURCE_ROOT; };
		37DD289513F8502E55C36453 /* stream_accessor.hpp */ = {isa = PBXFileReference; explicitFileType = sourcecode.c.h; fileEncoding = 30; name = stream_accessor.hpp; path = ../../../../Applications/of_v0.9.8_osx_release/addons/ofxOpenCv/libs/opencv/include/opencv2/gpu/stream_accessor.hpp; sourceTree = SOURCE_ROOT; };
		38662BAE537FAD52611AA1E7 /* devmem2d.hpp */ = {isa = PBXFileReference; explicitFileType = sourcecode.c.h; fileEncoding = 30; name = devmem2d.hpp; path = ../../../../Applications/of_v0.9.8_osx_release/addons/ofxOpenCv/libs/opencv/include/opencv2/gpu/devmem2d.hpp; sourceTree = SOURCE_ROOT; };
		38E1B78170A8E56FFA1EB550 /* ml.h */ = {isa = PBXFileReference; explicitFileType = sourcecode.c.h; fileEncoding = 30; name = ml.h; path = ../../../../Applications/of_v0.9.8_osx_release/addons/ofxOpenCv/libs/opencv/include/opencv/ml.h; sourceTree = SOURCE_ROOT; };
		3F6726DBE845A135FFEBABE0 /* photo_c.h */ = {isa = PBXFileReference; explicitFileType = sourcecode.c.h; fileEncoding = 30; name = photo_c.h; path = ../../../../Applications/of_v0.9.8_osx_release/addons/ofxOpenCv/libs/opencv/include/opencv2/photo/photo_c.h; sourceTree = SOURCE_ROOT; };
		3FFB31409AD29E7A9AC8F974 /* block.hpp */ = {isa = PBXFileReference; explicitFileType = sourcecode.c.h; fileEncoding = 30; name = block.hpp; path = ../../../../Applications/of_v0.9.8_osx_release/addons/ofxOpenCv/libs/opencv/include/opencv2/gpu/device/block.hpp; sourceTree = SOURCE_ROOT; };
		4141366383382422EEFB328C /* datamov_utils.hpp */ = {isa = PBXFileReference; explicitFileType = sourcecode.c.h; fileEncoding = 30; name = datamov_utils.hpp; path = ../../../../Applications/of_v0.9.8_osx_release/addons/ofxOpenCv/libs/opencv/include/opencv2/gpu/device/datamov_utils.hpp; sourceTree = SOURCE_ROOT; };
		439FF31E210AAAF1A3B2C109 /* emulation.hpp */ = {isa = PBXFileReference; explicitFileType = sourcecode.c.h; fileEncoding = 30; name = emulation.hpp; path = ../../../../Applications/of_v0.9.8_osx_release/addons/ofxOpenCv/libs/opencv/include/opencv2/gpu/device/emulation.hpp; sourceTree = SOURCE_ROOT; };
		444258C4653E19A4D73FBD38 /* ofxCvGrayscaleImage.h */ = {isa = PBXFileReference; explicitFileType = sourcecode.c.h; fileEncoding = 30; name = ofxCvGrayscaleImage.h; path = ../../../../Applications/of_v0.9.8_osx_release/addons/ofxOpenCv/src/ofxCvGrayscaleImage.h; sourceTree = SOURCE_ROOT; };
		44A877BE8217A48289AA1333 /* type_traits.hpp */ = {isa = PBXFileReference; explicitFileType = sourcecode.c.h; fileEncoding = 30; name = type_traits.hpp; path = ../../../../Applications/of_v0.9.8_osx_release/addons/ofxOpenCv/libs/opencv/include/opencv2/gpu/device/type_traits.hpp; sourceTree = SOURCE_ROOT; };
		47484ADFAAAC4DF1788DD700 /* features2d.hpp */ = {isa = PBXFileReference; explicitFileType = sourcecode.c.h; fileEncoding = 30; name = features2d.hpp; path = ../../../../Applications/of_v0.9.8_osx_release/addons/ofxOpenCv/libs/opencv/include/opencv2/nonfree/features2d.hpp; sourceTree = SOURCE_ROOT; };
		47E4AE4F09DEF2CA2B3A3647 /* deblurring.hpp */ = {isa = PBXFileReference; explicitFileType = sourcecode.c.h; fileEncoding = 30; name = deblurring.hpp; path = ../../../../Applications/of_v0.9.8_osx_release/addons/ofxOpenCv/libs/opencv/include/opencv2/videostab/deblurring.hpp; sourceTree = SOURCE_ROOT; };
		489A48A9E1EA4E147B312F48 /* objdetect.hpp */ = {isa = PBXFileReference; explicitFileType = sourcecode.c.h; fileEncoding = 30; name = objdetect.hpp; path = ../../../../Applications/of_v0.9.8_osx_release/addons/ofxOpenCv/libs/opencv/include/opencv2/objdetect/objdetect.hpp; sourceTree = SOURCE_ROOT; };
		49B79CA601C54470519430F7 /* log.hpp */ = {isa = PBXFileReference; explicitFileType = sourcecode.c.h; fileEncoding = 30; name = log.hpp; path = ../../../../Applications/of_v0.9.8_osx_release/addons/ofxOpenCv/libs/opencv/include/opencv2/videostab/log.hpp; sourceTree = SOURCE_ROOT; };
		4E9F2601112FB202314FC35C /* utility.hpp */ = {isa = PBXFileReference; explicitFileType = sourcecode.c.h; fileEncoding = 30; name = utility.hpp; path = ../../../../Applications/of_v0.9.8_osx_release/addons/ofxOpenCv/libs/opencv/include/opencv2/gpu/device/utility.hpp; sourceTree = SOURCE_ROOT; };
		4F744724ADC44DCC83D20618 /* result_set.h */ = {isa = PBXFileReference; explicitFileType = sourcecode.c.h; fileEncoding = 30; name = result_set.h; path = ../../../../Applications/of_v0.9.8_osx_release/addons/ofxOpenCv/libs/opencv/include/opencv2/flann/result_set.h; sourceTree = SOURCE_ROOT; };
		4F864E509ABCA65A569C5F0F /* warpers.hpp */ = {isa = PBXFileReference; explicitFileType = sourcecode.c.h; fileEncoding = 30; name = warpers.hpp; path = ../../../../Applications/of_v0.9.8_osx_release/addons/ofxOpenCv/libs/opencv/include/opencv2/stitching/detail/warpers.hpp; sourceTree = SOURCE_ROOT; };
		50B5C5191C17799A41FF42C5 /* types_c.h */ = {isa = PBXFileReference; explicitFileType = sourcecode.c.h; fileEncoding = 30; name = types_c.h; path = ../../../../Applications/of_v0.9.8_osx_release/addons/ofxOpenCv/libs/opencv/include/opencv2/core/types_c.h; sourceTree = SOURCE_ROOT; };
		5116C8B7BF08D3ABA0947CF7 /* stabilizer.hpp */ = {isa = PBXFileReference; explicitFileType = sourcecode.c.h; fileEncoding = 30; name = stabilizer.hpp; path = ../../../../Applications/of_v0.9.8_osx_release/addons/ofxOpenCv/libs/opencv/include/opencv2/videostab/stabilizer.hpp; sourceTree = SOURCE_ROOT; };
		51CD3BCD7DB2AC9CDA3C85E7 /* allocator.h */ = {isa = PBXFileReference; explicitFileType = sourcecode.c.h; fileEncoding = 30; name = allocator.h; path = ../../../../Applications/of_v0.9.8_osx_release/addons/ofxOpenCv/libs/opencv/include/opencv2/flann/allocator.h; sourceTree = SOURCE_ROOT; };
		53C58ABCC91972C43E8B484E /* filters.hpp */ = {isa = PBXFileReference; explicitFileType = sourcecode.c.h; fileEncoding = 30; name = filters.hpp; path = ../../../../Applications/of_v0.9.8_osx_release/addons/ofxOpenCv/libs/opencv/include/opencv2/gpu/device/filters.hpp; sourceTree = SOURCE_ROOT; };
		588C4613704E3E98CCDE4C27 /* contrib.hpp */ = {isa = PBXFileReference; explicitFileType = sourcecode.c.h; fileEncoding = 30; name = contrib.hpp; path = ../../../../Applications/of_v0.9.8_osx_release/addons/ofxOpenCv/libs/opencv/include/opencv2/contrib/contrib.hpp; sourceTree = SOURCE_ROOT; };
		5BAA393D471BCDF75F450E3B /* highgui_c.h */ = {isa = PBXFileReference; explicitFileType = sourcecode.c.h; fileEncoding = 30; name = highgui_c.h; path = ../../../../Applications/of_v0.9.8_osx_release/addons/ofxOpenCv/libs/opencv/include/opencv2/highgui/highgui_c.h; sourceTree = SOURCE_ROOT; };
		5BE49A141B306EAF982CADAB /* highgui.hpp */ = {isa = PBXFileReference; explicitFileType = sourcecode.c.h; fileEncoding = 30; name = highgui.hpp; path = ../../../../Applications/of_v0.9.8_osx_release/addons/ofxOpenCv/libs/opencv/include/opencv2/highgui/highgui.hpp; sourceTree = SOURCE_ROOT; };
		5BF920003C84D212F26462AD /* video.hpp */ = {isa = PBXFileReference; explicitFileType = sourcecode.c.h; fileEncoding = 30; name = video.hpp; path = ../../../../Applications/of_v0.9.8_osx_release/addons/ofxOpenCv/libs/opencv/include/opencv2/video/video.hpp; sourceTree = SOURCE_ROOT; };
		5EA715F8B767C4E61ACEFAD2 /* lsh_table.h */ = {isa = PBXFileReference; explicitFileType = sourcecode.c.h; fileEncoding = 30; name = lsh_table.h; path = ../../../../Applications/of_v0.9.8_osx_release/addons/ofxOpenCv/libs/opencv/include/opencv2/flann/lsh_table.h; sourceTree = SOURCE_ROOT; };
		5EBD11C19C5B5E886315F8E2 /* ofxCvShortImage.cpp */ = {isa = PBXFileReference; explicitFileType = sourcecode.cpp.cpp; fileEncoding = 30; name = ofxCvShortImage.cpp; path = ../../../../Applications/of_v0.9.8_osx_release/addons/ofxOpenCv/src/ofxCvShortImage.cpp; sourceTree = SOURCE_ROOT; };
		5FC2F8AC347584472121607D /* gpu_test.hpp */ = {isa = PBXFileReference; explicitFileType = sourcecode.c.h; fileEncoding = 30; name = gpu_test.hpp; path = ../../../../Applications/of_v0.9.8_osx_release/addons/ofxOpenCv/libs/opencv/include/opencv2/ts/gpu_test.hpp; sourceTree = SOURCE_ROOT; };
		6090EB67CD2AFF9A8CA30980 /* devmem2d.hpp */ = {isa = PBXFileReference; explicitFileType = sourcecode.c.h; fileEncoding = 30; name = devmem2d.hpp; path = ../../../../Applications/of_v0.9.8_osx_release/addons/ofxOpenCv/libs/opencv/include/opencv2/core/devmem2d.hpp; sourceTree = SOURCE_ROOT; };
		60E38F8687577FAB3D6B893C /* eigen.hpp */ = {isa = PBXFileReference; explicitFileType = sourcecode.c.h; fileEncoding = 30; name = eigen.hpp; path = ../../../../Applications/of_v0.9.8_osx_release/addons/ofxOpenCv/libs/opencv/include/opencv2/core/eigen.hpp; sourceTree = SOURCE_ROOT; };
		610700D92D9267C2F58DAD20 /* util.hpp */ = {isa = PBXFileReference; explicitFileType = sourcecode.c.h; fileEncoding = 30; name = util.hpp; path = ../../../../Applications/of_v0.9.8_osx_release/addons/ofxOpenCv/libs/opencv/include/opencv2/stitching/detail/util.hpp; sourceTree = SOURCE_ROOT; };
		612D553D3D2665B368E188FA /* limits.hpp */ = {isa = PBXFileReference; explicitFileType = sourcecode.c.h; fileEncoding = 30; name = limits.hpp; path = ../../../../Applications/of_v0.9.8_osx_release/addons/ofxOpenCv/libs/opencv/include/opencv2/gpu/device/limits.hpp; sourceTree = SOURCE_ROOT; };
		648E7A51865516DB74A23C68 /* ofxCvShortImage.h */ = {isa = PBXFileReference; explicitFileType = sourcecode.c.h; fileEncoding = 30; name = ofxCvShortImage.h; path = ../../../../Applications/of_v0.9.8_osx_release/addons/ofxOpenCv/src/ofxCvShortImage.h; sourceTree = SOURCE_ROOT; };
		657A0B142083F11E0046E8D4 /* maze.cpp */ = {isa = PBXFileReference; lastKnownFileType = sourcecode.cpp.cpp; path = maze.cpp; sourceTree = "<group>"; };
		657A0B152083F11E0046E8D4 /* maze.hpp */ = {isa = PBXFileReference; lastKnownFileType = sourcecode.cpp.h; path = maze.hpp; sourceTree = "<group>"; };
		657A0B172083F9CF0046E8D4 /* cameraTracking.cpp */ = {isa = PBXFileReference; lastKnownFileType = sourcecode.cpp.cpp; path = cameraTracking.cpp; sourceTree = "<group>"; };
		657A0B182083F9CF0046E8D4 /* cameraTracking.hpp */ = {isa = PBXFileReference; lastKnownFileType = sourcecode.cpp.h; path = cameraTracking.hpp; sourceTree = "<group>"; };
		66074A51402926CB42E3653F /* gpu.hpp */ = {isa = PBXFileReference; explicitFileType = sourcecode.c.h; fileEncoding = 30; name = gpu.hpp; path = ../../../../Applications/of_v0.9.8_osx_release/addons/ofxOpenCv/libs/opencv/include/opencv2/nonfree/gpu.hpp; sourceTree = SOURCE_ROOT; };
		69399B3E9D2DA4387C34544C /* ofxCvContourFinder.h */ = {isa = PBXFileReference; explicitFileType = sourcecode.c.h; fileEncoding = 30; name = ofxCvContourFinder.h; path = ../../../../Applications/of_v0.9.8_osx_release/addons/ofxOpenCv/src/ofxCvContourFinder.h; sourceTree = SOURCE_ROOT; };
		6AC3C752E3A545DD579D68CA /* vec_math.hpp */ = {isa = PBXFileReference; explicitFileType = sourcecode.c.h; fileEncoding = 30; name = vec_math.hpp; path = ../../../../Applications/of_v0.9.8_osx_release/addons/ofxOpenCv/libs/opencv/include/opencv2/gpu/device/vec_math.hpp; sourceTree = SOURCE_ROOT; };
		6ADF566BACD7BAB9D59E4F26 /* core.hpp */ = {isa = PBXFileReference; explicitFileType = sourcecode.c.h; fileEncoding = 30; name = core.hpp; path = ../../../../Applications/of_v0.9.8_osx_release/addons/ofxOpenCv/libs/opencv/include/opencv2/core/core.hpp; sourceTree = SOURCE_ROOT; };
		6BEF71C9A6AAE971726600B2 /* global_motion.hpp */ = {isa = PBXFileReference; explicitFileType = sourcecode.c.h; fileEncoding = 30; name = global_motion.hpp; path = ../../../../Applications/of_v0.9.8_osx_release/addons/ofxOpenCv/libs/opencv/include/opencv2/videostab/global_motion.hpp; sourceTree = SOURCE_ROOT; };
		6C6D75FDB7C6DD7A62CC2A6E /* fast_marching_inl.hpp */ = {isa = PBXFileReference; explicitFileType = sourcecode.c.h; fileEncoding = 30; name = fast_marching_inl.hpp; path = ../../../../Applications/of_v0.9.8_osx_release/addons/ofxOpenCv/libs/opencv/include/opencv2/videostab/fast_marching_inl.hpp; sourceTree = SOURCE_ROOT; };
		6CFDEB7E77FF9F0F9F414C32 /* seam_finders.hpp */ = {isa = PBXFileReference; explicitFileType = sourcecode.c.h; fileEncoding = 30; name = seam_finders.hpp; path = ../../../../Applications/of_v0.9.8_osx_release/addons/ofxOpenCv/libs/opencv/include/opencv2/stitching/detail/seam_finders.hpp; sourceTree = SOURCE_ROOT; };
		6F60E4B87CAD252E6FC35E3B /* exposure_compensate.hpp */ = {isa = PBXFileReference; explicitFileType = sourcecode.c.h; fileEncoding = 30; name = exposure_compensate.hpp; path = ../../../../Applications/of_v0.9.8_osx_release/addons/ofxOpenCv/libs/opencv/include/opencv2/stitching/detail/exposure_compensate.hpp; sourceTree = SOURCE_ROOT; };
		72ECE28A8699045CEB497CA4 /* ofxCvConstants.h */ = {isa = PBXFileReference; explicitFileType = sourcecode.c.h; fileEncoding = 30; name = ofxCvConstants.h; path = ../../../../Applications/of_v0.9.8_osx_release/addons/ofxOpenCv/src/ofxCvConstants.h; sourceTree = SOURCE_ROOT; };
		75EC6B0CBD3B460F725FD8DC /* random.h */ = {isa = PBXFileReference; explicitFileType = sourcecode.c.h; fileEncoding = 30; name = random.h; path = ../../../../Applications/of_v0.9.8_osx_release/addons/ofxOpenCv/libs/opencv/include/opencv2/flann/random.h; sourceTree = SOURCE_ROOT; };
		77013ED94596417198ED9542 /* gpumat.hpp */ = {isa = PBXFileReference; explicitFileType = sourcecode.c.h; fileEncoding = 30; name = gpumat.hpp; path = ../../../../Applications/of_v0.9.8_osx_release/addons/ofxOpenCv/libs/opencv/include/opencv2/core/gpumat.hpp; sourceTree = SOURCE_ROOT; };
		7A840E3F0BC1F082DCE40405 /* config.h */ = {isa = PBXFileReference; explicitFileType = sourcecode.c.h; fileEncoding = 30; name = config.h; path = ../../../../Applications/of_v0.9.8_osx_release/addons/ofxOpenCv/libs/opencv/include/opencv2/flann/config.h; sourceTree = SOURCE_ROOT; };
		8129A7ADD12D12F246D36630 /* warp_shuffle.hpp */ = {isa = PBXFileReference; explicitFileType = sourcecode.c.h; fileEncoding = 30; name = warp_shuffle.hpp; path = ../../../../Applications/of_v0.9.8_osx_release/addons/ofxOpenCv/libs/opencv/include/opencv2/gpu/device/warp_shuffle.hpp; sourceTree = SOURCE_ROOT; };
		814605C563DE1A13F6D67F97 /* retina.hpp */ = {isa = PBXFileReference; explicitFileType = sourcecode.c.h; fileEncoding = 30; name = retina.hpp; path = ../../../../Applications/of_v0.9.8_osx_release/addons/ofxOpenCv/libs/opencv/include/opencv2/contrib/retina.hpp; sourceTree = SOURCE_ROOT; };
		82DEB4020FA3501C3E59A8A2 /* opencv_modules.hpp */ = {isa = PBXFileReference; explicitFileType = sourcecode.c.h; fileEncoding = 30; name = opencv_modules.hpp; path = ../../../../Applications/of_v0.9.8_osx_release/addons/ofxOpenCv/libs/opencv/include/opencv2/opencv_modules.hpp; sourceTree = SOURCE_ROOT; };
		83866874B312C6CFD55D0207 /* color_detail.hpp */ = {isa = PBXFileReference; explicitFileType = sourcecode.c.h; fileEncoding = 30; name = color_detail.hpp; path = ../../../../Applications/of_v0.9.8_osx_release/addons/ofxOpenCv/libs/opencv/include/opencv2/gpu/device/detail/color_detail.hpp; sourceTree = SOURCE_ROOT; };
		84856C2747967DD441CD5419 /* static_check.hpp */ = {isa = PBXFileReference; explicitFileType = sourcecode.c.h; fileEncoding = 30; name = static_check.hpp; path = ../../../../Applications/of_v0.9.8_osx_release/addons/ofxOpenCv/libs/opencv/include/opencv2/gpu/device/static_check.hpp; sourceTree = SOURCE_ROOT; };
		84BCD315FB9416482874ADCC /* fast_marching.hpp */ = {isa = PBXFileReference; explicitFileType = sourcecode.c.h; fileEncoding = 30; name = fast_marching.hpp; path = ../../../../Applications/of_v0.9.8_osx_release/addons/ofxOpenCv/libs/opencv/include/opencv2/videostab/fast_marching.hpp; sourceTree = SOURCE_ROOT; };
		85676B3FBDF01758DCAB8941 /* cvaux.h */ = {isa = PBXFileReference; explicitFileType = sourcecode.c.h; fileEncoding = 30; name = cvaux.h; path = ../../../../Applications/of_v0.9.8_osx_release/addons/ofxOpenCv/libs/opencv/include/opencv/cvaux.h; sourceTree = SOURCE_ROOT; };
		858C718CD117A3995879EAE3 /* cuda_devptrs.hpp */ = {isa = PBXFileReference; explicitFileType = sourcecode.c.h; fileEncoding = 30; name = cuda_devptrs.hpp; path = ../../../../Applications/of_v0.9.8_osx_release/addons/ofxOpenCv/libs/opencv/include/opencv2/core/cuda_devptrs.hpp; sourceTree = SOURCE_ROOT; };
		86E8D1719438DD018BE70CF6 /* motion_estimators.hpp */ = {isa = PBXFileReference; explicitFileType = sourcecode.c.h; fileEncoding = 30; name = motion_estimators.hpp; path = ../../../../Applications/of_v0.9.8_osx_release/addons/ofxOpenCv/libs/opencv/include/opencv2/stitching/detail/motion_estimators.hpp; sourceTree = SOURCE_ROOT; };
		88354551B33B87A27EB667A3 /* videostab.hpp */ = {isa = PBXFileReference; explicitFileType = sourcecode.c.h; fileEncoding = 30; name = videostab.hpp; path = ../../../../Applications/of_v0.9.8_osx_release/addons/ofxOpenCv/libs/opencv/include/opencv2/videostab/videostab.hpp; sourceTree = SOURCE_ROOT; };
		89E7280E41744C4FDC86EBBC /* transform_detail.hpp */ = {isa = PBXFileReference; explicitFileType = sourcecode.c.h; fileEncoding = 30; name = transform_detail.hpp; path = ../../../../Applications/of_v0.9.8_osx_release/addons/ofxOpenCv/libs/opencv/include/opencv2/gpu/device/detail/transform_detail.hpp; sourceTree = SOURCE_ROOT; };
		8D6185D5F912B6C76EEB9B03 /* ml.hpp */ = {isa = PBXFileReference; explicitFileType = sourcecode.c.h; fileEncoding = 30; name = ml.hpp; path = ../../../../Applications/of_v0.9.8_osx_release/addons/ofxOpenCv/libs/opencv/include/opencv2/ml/ml.hpp; sourceTree = SOURCE_ROOT; };
		8D75F588951D1182F5C0BB5E /* ios.h */ = {isa = PBXFileReference; explicitFileType = sourcecode.c.h; fileEncoding = 30; name = ios.h; path = ../../../../Applications/of_v0.9.8_osx_release/addons/ofxOpenCv/libs/opencv/include/opencv2/highgui/ios.h; sourceTree = SOURCE_ROOT; };
		8D8A8A9DDA4572E8914B62E2 /* ts_perf.hpp */ = {isa = PBXFileReference; explicitFileType = sourcecode.c.h; fileEncoding = 30; name = ts_perf.hpp; path = ../../../../Applications/of_v0.9.8_osx_release/addons/ofxOpenCv/libs/opencv/include/opencv2/ts/ts_perf.hpp; sourceTree = SOURCE_ROOT; };
		8EF011944AE1D48F9DD8D1D3 /* imgproc.hpp */ = {isa = PBXFileReference; explicitFileType = sourcecode.c.h; fileEncoding = 30; name = imgproc.hpp; path = ../../../../Applications/of_v0.9.8_osx_release/addons/ofxOpenCv/libs/opencv/include/opencv2/imgproc/imgproc.hpp; sourceTree = SOURCE_ROOT; };
		8F4BA572D9CE8BB831336B6A /* params.h */ = {isa = PBXFileReference; explicitFileType = sourcecode.c.h; fileEncoding = 30; name = params.h; path = ../../../../Applications/of_v0.9.8_osx_release/addons/ofxOpenCv/libs/opencv/include/opencv2/flann/params.h; sourceTree = SOURCE_ROOT; };
		8FE43124634DBDC2E71CDC26 /* gpumat.hpp */ = {isa = PBXFileReference; explicitFileType = sourcecode.c.h; fileEncoding = 30; name = gpumat.hpp; path = ../../../../Applications/of_v0.9.8_osx_release/addons/ofxOpenCv/libs/opencv/include/opencv2/gpu/gpumat.hpp; sourceTree = SOURCE_ROOT; };
		9028B117F950EADFC0285C69 /* hierarchical_clustering_index.h */ = {isa = PBXFileReference; explicitFileType = sourcecode.c.h; fileEncoding = 30; name = hierarchical_clustering_index.h; path = ../../../../Applications/of_v0.9.8_osx_release/addons/ofxOpenCv/libs/opencv/include/opencv2/flann/hierarchical_clustering_index.h; sourceTree = SOURCE_ROOT; };
		91D9605490ADB646544A74B5 /* types_c.h */ = {isa = PBXFileReference; explicitFileType = sourcecode.c.h; fileEncoding = 30; name = types_c.h; path = ../../../../Applications/of_v0.9.8_osx_release/addons/ofxOpenCv/libs/opencv/include/opencv2/imgproc/types_c.h; sourceTree = SOURCE_ROOT; };
		93F356D146C3BC0685B3C3AD /* ofxOpenCv.h */ = {isa = PBXFileReference; explicitFileType = sourcecode.c.h; fileEncoding = 30; name = ofxOpenCv.h; path = ../../../../Applications/of_v0.9.8_osx_release/addons/ofxOpenCv/src/ofxOpenCv.h; sourceTree = SOURCE_ROOT; };
		94E8FFDB1F4CE79DDE6D240E /* gpu_perf.hpp */ = {isa = PBXFileReference; explicitFileType = sourcecode.c.h; fileEncoding = 30; name = gpu_perf.hpp; path = ../../../../Applications/of_v0.9.8_osx_release/addons/ofxOpenCv/libs/opencv/include/opencv2/ts/gpu_perf.hpp; sourceTree = SOURCE_ROOT; };
		95CE0CFE0890C1FBA1BAC024 /* lsh_index.h */ = {isa = PBXFileReference; explicitFileType = sourcecode.c.h; fileEncoding = 30; name = lsh_index.h; path = ../../../../Applications/of_v0.9.8_osx_release/addons/ofxOpenCv/libs/opencv/include/opencv2/flann/lsh_index.h; sourceTree = SOURCE_ROOT; };
		969F1DC780742859CA38B9DF /* openfabmap.hpp */ = {isa = PBXFileReference; explicitFileType = sourcecode.c.h; fileEncoding = 30; name = openfabmap.hpp; path = ../../../../Applications/of_v0.9.8_osx_release/addons/ofxOpenCv/libs/opencv/include/opencv2/contrib/openfabmap.hpp; sourceTree = SOURCE_ROOT; };
		9A464CCEC88D3E6E6672630A /* funcattrib.hpp */ = {isa = PBXFileReference; explicitFileType = sourcecode.c.h; fileEncoding = 30; name = funcattrib.hpp; path = ../../../../Applications/of_v0.9.8_osx_release/addons/ofxOpenCv/libs/opencv/include/opencv2/gpu/device/funcattrib.hpp; sourceTree = SOURCE_ROOT; };
		9CFA9DF23BA0FFBD21292A57 /* imgproc_c.h */ = {isa = PBXFileReference; explicitFileType = sourcecode.c.h; fileEncoding = 30; name = imgproc_c.h; path = ../../../../Applications/of_v0.9.8_osx_release/addons/ofxOpenCv/libs/opencv/include/opencv2/imgproc/imgproc_c.h; sourceTree = SOURCE_ROOT; };
		9D53797C0CC7E8F38E8103D5 /* core_c.h */ = {isa = PBXFileReference; explicitFileType = sourcecode.c.h; fileEncoding = 30; name = core_c.h; path = ../../../../Applications/of_v0.9.8_osx_release/addons/ofxOpenCv/libs/opencv/include/opencv2/core/core_c.h; sourceTree = SOURCE_ROOT; };
		9E5A6308916556530AF3414A /* cvwimage.h */ = {isa = PBXFileReference; explicitFileType = sourcecode.c.h; fileEncoding = 30; name = cvwimage.h; path = ../../../../Applications/of_v0.9.8_osx_release/addons/ofxOpenCv/libs/opencv/include/opencv/cvwimage.h; sourceTree = SOURCE_ROOT; };
		9FAA07AE4A92E499F0B80B93 /* hdf5.h */ = {isa = PBXFileReference; explicitFileType = sourcecode.c.h; fileEncoding = 30; name = hdf5.h; path = ../../../../Applications/of_v0.9.8_osx_release/addons/ofxOpenCv/libs/opencv/include/opencv2/flann/hdf5.h; sourceTree = SOURCE_ROOT; };
		A04CE766E0CA37EEA7648E09 /* warpers_inl.hpp */ = {isa = PBXFileReference; explicitFileType = sourcecode.c.h; fileEncoding = 30; name = warpers_inl.hpp; path = ../../../../Applications/of_v0.9.8_osx_release/addons/ofxOpenCv/libs/opencv/include/opencv2/stitching/detail/warpers_inl.hpp; sourceTree = SOURCE_ROOT; };
		A1D91DE05B5533A544582E91 /* background_segm.hpp */ = {isa = PBXFileReference; explicitFileType = sourcecode.c.h; fileEncoding = 30; name = background_segm.hpp; path = ../../../../Applications/of_v0.9.8_osx_release/addons/ofxOpenCv/libs/opencv/include/opencv2/video/background_segm.hpp; sourceTree = SOURCE_ROOT; };
		A41C84B59DD9657E11874FB2 /* matrix.h */ = {isa = PBXFileReference; explicitFileType = sourcecode.c.h; fileEncoding = 30; name = matrix.h; path = ../../../../Applications/of_v0.9.8_osx_release/addons/ofxOpenCv/libs/opencv/include/opencv2/flann/matrix.h; sourceTree = SOURCE_ROOT; };
		A5936FA5EF3965A986029D98 /* opengl_interop.hpp */ = {isa = PBXFileReference; explicitFileType = sourcecode.c.h; fileEncoding = 30; name = opengl_interop.hpp; path = ../../../../Applications/of_v0.9.8_osx_release/addons/ofxOpenCv/libs/opencv/include/opencv2/core/opengl_interop.hpp; sourceTree = SOURCE_ROOT; };
		A5E22054454F39C62BDDB2D7 /* ofxCvBlob.h */ = {isa = PBXFileReference; explicitFileType = sourcecode.c.h; fileEncoding = 30; name = ofxCvBlob.h; path = ../../../../Applications/of_v0.9.8_osx_release/addons/ofxOpenCv/src/ofxCvBlob.h; sourceTree = SOURCE_ROOT; };
		ABBB1B12A6394522C7373869 /* general.h */ = {isa = PBXFileReference; explicitFileType = sourcecode.c.h; fileEncoding = 30; name = general.h; path = ../../../../Applications/of_v0.9.8_osx_release/addons/ofxOpenCv/libs/opencv/include/opencv2/flann/general.h; sourceTree = SOURCE_ROOT; };
		AEB0F3537A08F7B9F6D2E015 /* compat.hpp */ = {isa = PBXFileReference; explicitFileType = sourcecode.c.h; fileEncoding = 30; name = compat.hpp; path = ../../../../Applications/of_v0.9.8_osx_release/addons/ofxOpenCv/libs/opencv/include/opencv2/legacy/compat.hpp; sourceTree = SOURCE_ROOT; };
		AF09B4F8F0354CC3D77FBEAC /* warp.hpp */ = {isa = PBXFileReference; explicitFileType = sourcecode.c.h; fileEncoding = 30; name = warp.hpp; path = ../../../../Applications/of_v0.9.8_osx_release/addons/ofxOpenCv/libs/opencv/include/opencv2/gpu/device/warp.hpp; sourceTree = SOURCE_ROOT; };
		AF3D885CF88CBA60765CA34A /* any.h */ = {isa = PBXFileReference; explicitFileType = sourcecode.c.h; fileEncoding = 30; name = any.h; path = ../../../../Applications/of_v0.9.8_osx_release/addons/ofxOpenCv/libs/opencv/include/opencv2/flann/any.h; sourceTree = SOURCE_ROOT; };
		B1DF638E1580FCA9EAB535DC /* cxmisc.h */ = {isa = PBXFileReference; explicitFileType = sourcecode.c.h; fileEncoding = 30; name = cxmisc.h; path = ../../../../Applications/of_v0.9.8_osx_release/addons/ofxOpenCv/libs/opencv/include/opencv/cxmisc.h; sourceTree = SOURCE_ROOT; };
		B2DF1E8906C4A1066B6B9279 /* util_inl.hpp */ = {isa = PBXFileReference; explicitFileType = sourcecode.c.h; fileEncoding = 30; name = util_inl.hpp; path = ../../../../Applications/of_v0.9.8_osx_release/addons/ofxOpenCv/libs/opencv/include/opencv2/stitching/detail/util_inl.hpp; sourceTree = SOURCE_ROOT; };
		B581311BD22AEADCCA5CE557 /* linear_index.h */ = {isa = PBXFileReference; explicitFileType = sourcecode.c.h; fileEncoding = 30; name = linear_index.h; path = ../../../../Applications/of_v0.9.8_osx_release/addons/ofxOpenCv/libs/opencv/include/opencv2/flann/linear_index.h; sourceTree = SOURCE_ROOT; };
		B5A938C30C1D04A8DCFF569F /* optical_flow.hpp */ = {isa = PBXFileReference; explicitFileType = sourcecode.c.h; fileEncoding = 30; name = optical_flow.hpp; path = ../../../../Applications/of_v0.9.8_osx_release/addons/ofxOpenCv/libs/opencv/include/opencv2/superres/optical_flow.hpp; sourceTree = SOURCE_ROOT; };
		B7D2F2A27EE2B9BD1DC183C9 /* kdtree_single_index.h */ = {isa = PBXFileReference; explicitFileType = sourcecode.c.h; fileEncoding = 30; name = kdtree_single_index.h; path = ../../../../Applications/of_v0.9.8_osx_release/addons/ofxOpenCv/libs/opencv/include/opencv2/flann/kdtree_single_index.h; sourceTree = SOURCE_ROOT; };
		B850FA04E71B70578E9020DC /* simplex_downhill.h */ = {isa = PBXFileReference; explicitFileType = sourcecode.c.h; fileEncoding = 30; name = simplex_downhill.h; path = ../../../../Applications/of_v0.9.8_osx_release/addons/ofxOpenCv/libs/opencv/include/opencv2/flann/simplex_downhill.h; sourceTree = SOURCE_ROOT; };
		B85A8854B6FD366B57DB5470 /* cap_ios.h */ = {isa = PBXFileReference; explicitFileType = sourcecode.c.h; fileEncoding = 30; name = cap_ios.h; path = ../../../../Applications/of_v0.9.8_osx_release/addons/ofxOpenCv/libs/opencv/include/opencv2/highgui/cap_ios.h; sourceTree = SOURCE_ROOT; };
		BA7788E356A50F6C09204A8C /* inpainting.hpp */ = {isa = PBXFileReference; explicitFileType = sourcecode.c.h; fileEncoding = 30; name = inpainting.hpp; path = ../../../../Applications/of_v0.9.8_osx_release/addons/ofxOpenCv/libs/opencv/include/opencv2/videostab/inpainting.hpp; sourceTree = SOURCE_ROOT; };
		BAA8906EBA6515EBD8119E4D /* legacy.hpp */ = {isa = PBXFileReference; explicitFileType = sourcecode.c.h; fileEncoding = 30; name = legacy.hpp; path = ../../../../Applications/of_v0.9.8_osx_release/addons/ofxOpenCv/libs/opencv/include/opencv2/legacy/legacy.hpp; sourceTree = SOURCE_ROOT; };
		BB6FE39D1069A25962F5B78B /* ofxCvGrayscaleImage.cpp */ = {isa = PBXFileReference; explicitFileType = sourcecode.cpp.cpp; fileEncoding = 30; name = ofxCvGrayscaleImage.cpp; path = ../../../../Applications/of_v0.9.8_osx_release/addons/ofxOpenCv/src/ofxCvGrayscaleImage.cpp; sourceTree = SOURCE_ROOT; };
		BBA7C6F9111011507F098D50 /* saving.h */ = {isa = PBXFileReference; explicitFileType = sourcecode.c.h; fileEncoding = 30; name = saving.h; path = ../../../../Applications/of_v0.9.8_osx_release/addons/ofxOpenCv/libs/opencv/include/opencv2/flann/saving.h; sourceTree = SOURCE_ROOT; };
		BBB105B414DB7DC20CCBB3FF /* common.hpp */ = {isa = PBXFileReference; explicitFileType = sourcecode.c.h; fileEncoding = 30; name = common.hpp; path = ../../../../Applications/of_v0.9.8_osx_release/addons/ofxOpenCv/libs/opencv/include/opencv2/gpu/device/common.hpp; sourceTree = SOURCE_ROOT; };
		BD1046E622D9C30C4E9AFD52 /* cv.hpp */ = {isa = PBXFileReference; explicitFileType = sourcecode.c.h; fileEncoding = 30; name = cv.hpp; path = ../../../../Applications/of_v0.9.8_osx_release/addons/ofxOpenCv/libs/opencv/include/opencv/cv.hpp; sourceTree = SOURCE_ROOT; };
		BED5B2965E0E81B243B06268 /* opencv.hpp */ = {isa = PBXFileReference; explicitFileType = sourcecode.c.h; fileEncoding = 30; name = opencv.hpp; path = ../../../../Applications/of_v0.9.8_osx_release/addons/ofxOpenCv/libs/opencv/include/opencv2/opencv.hpp; sourceTree = SOURCE_ROOT; };
		C00264DC978FA65D559EBE9F /* vec_distance_detail.hpp */ = {isa = PBXFileReference; explicitFileType = sourcecode.c.h; fileEncoding = 30; name = vec_distance_detail.hpp; path = ../../../../Applications/of_v0.9.8_osx_release/addons/ofxOpenCv/libs/opencv/include/opencv2/gpu/device/detail/vec_distance_detail.hpp; sourceTree = SOURCE_ROOT; };
		C07271926E171E3C64314689 /* color.hpp */ = {isa = PBXFileReference; explicitFileType = sourcecode.c.h; fileEncoding = 30; name = color.hpp; path = ../../../../Applications/of_v0.9.8_osx_release/addons/ofxOpenCv/libs/opencv/include/opencv2/gpu/device/color.hpp; sourceTree = SOURCE_ROOT; };
		C07FA6A8B92C92FEE98335DB /* object_factory.h */ = {isa = PBXFileReference; explicitFileType = sourcecode.c.h; fileEncoding = 30; name = object_factory.h; path = ../../../../Applications/of_v0.9.8_osx_release/addons/ofxOpenCv/libs/opencv/include/opencv2/flann/object_factory.h; sourceTree = SOURCE_ROOT; };
		C40383565284CE59122DD987 /* functional.hpp */ = {isa = PBXFileReference; explicitFileType = sourcecode.c.h; fileEncoding = 30; name = functional.hpp; path = ../../../../Applications/of_v0.9.8_osx_release/addons/ofxOpenCv/libs/opencv/include/opencv2/gpu/device/functional.hpp; sourceTree = SOURCE_ROOT; };
		C40DE16BCC490352396408CA /* flann.hpp */ = {isa = PBXFileReference; explicitFileType = sourcecode.c.h; fileEncoding = 30; name = flann.hpp; path = ../../../../Applications/of_v0.9.8_osx_release/addons/ofxOpenCv/libs/opencv/include/opencv2/flann/flann.hpp; sourceTree = SOURCE_ROOT; };
		C472EBA533CDB2CFFF2B62B3 /* motion_stabilizing.hpp */ = {isa = PBXFileReference; explicitFileType = sourcecode.c.h; fileEncoding = 30; name = motion_stabilizing.hpp; path = ../../../../Applications/of_v0.9.8_osx_release/addons/ofxOpenCv/libs/opencv/include/opencv2/videostab/motion_stabilizing.hpp; sourceTree = SOURCE_ROOT; };
		C5272CC0316872AFF888C2B4 /* ofxCvHaarFinder.h */ = {isa = PBXFileReference; explicitFileType = sourcecode.c.h; fileEncoding = 30; name = ofxCvHaarFinder.h; path = ../../../../Applications/of_v0.9.8_osx_release/addons/ofxOpenCv/src/ofxCvHaarFinder.h; sourceTree = SOURCE_ROOT; };
		C6762D4F7A444C3FE4513C23 /* nn_index.h */ = {isa = PBXFileReference; explicitFileType = sourcecode.c.h; fileEncoding = 30; name = nn_index.h; path = ../../../../Applications/of_v0.9.8_osx_release/addons/ofxOpenCv/libs/opencv/include/opencv2/flann/nn_index.h; sourceTree = SOURCE_ROOT; };
		C9098D94F5500041BEE02764 /* optical_flow.hpp */ = {isa = PBXFileReference; explicitFileType = sourcecode.c.h; fileEncoding = 30; name = optical_flow.hpp; path = ../../../../Applications/of_v0.9.8_osx_release/addons/ofxOpenCv/libs/opencv/include/opencv2/videostab/optical_flow.hpp; sourceTree = SOURCE_ROOT; };
		CBAFB7A9EF426ACC7451A27A /* logger.h */ = {isa = PBXFileReference; explicitFileType = sourcecode.c.h; fileEncoding = 30; name = logger.h; path = ../../../../Applications/of_v0.9.8_osx_release/addons/ofxOpenCv/libs/opencv/include/opencv2/flann/logger.h; sourceTree = SOURCE_ROOT; };
		CC4BA53535DB60A8267B6C14 /* vec_traits.hpp */ = {isa = PBXFileReference; explicitFileType = sourcecode.c.h; fileEncoding = 30; name = vec_traits.hpp; path = ../../../../Applications/of_v0.9.8_osx_release/addons/ofxOpenCv/libs/opencv/include/opencv2/gpu/device/vec_traits.hpp; sourceTree = SOURCE_ROOT; };
		D028EE9B7249C08756ECB6F3 /* cvaux.hpp */ = {isa = PBXFileReference; explicitFileType = sourcecode.c.h; fileEncoding = 30; name = cvaux.hpp; path = ../../../../Applications/of_v0.9.8_osx_release/addons/ofxOpenCv/libs/opencv/include/opencv/cvaux.hpp; sourceTree = SOURCE_ROOT; };
		D2FE47E724BE678934048C4C /* defines.h */ = {isa = PBXFileReference; explicitFileType = sourcecode.c.h; fileEncoding = 30; name = defines.h; path = ../../../../Applications/of_v0.9.8_osx_release/addons/ofxOpenCv/libs/opencv/include/opencv2/flann/defines.h; sourceTree = SOURCE_ROOT; };
		D4993B58FD623AED7CDDA955 /* features2d.hpp */ = {isa = PBXFileReference; explicitFileType = sourcecode.c.h; fileEncoding = 30; name = features2d.hpp; path = ../../../../Applications/of_v0.9.8_osx_release/addons/ofxOpenCv/libs/opencv/include/opencv2/features2d/features2d.hpp; sourceTree = SOURCE_ROOT; };
		D7530E91F4C9CFFC731EF65F /* reduce.hpp */ = {isa = PBXFileReference; explicitFileType = sourcecode.c.h; fileEncoding = 30; name = reduce.hpp; path = ../../../../Applications/of_v0.9.8_osx_release/addons/ofxOpenCv/libs/opencv/include/opencv2/gpu/device/detail/reduce.hpp; sourceTree = SOURCE_ROOT; };
		D8AF66B96FB898465DC56BF0 /* wimage.hpp */ = {isa = PBXFileReference; explicitFileType = sourcecode.c.h; fileEncoding = 30; name = wimage.hpp; path = ../../../../Applications/of_v0.9.8_osx_release/addons/ofxOpenCv/libs/opencv/include/opencv2/core/wimage.hpp; sourceTree = SOURCE_ROOT; };
		D90789065DAAFC83E134F60D /* ofxCvFloatImage.cpp */ = {isa = PBXFileReference; explicitFileType = sourcecode.cpp.cpp; fileEncoding = 30; name = ofxCvFloatImage.cpp; path = ../../../../Applications/of_v0.9.8_osx_release/addons/ofxOpenCv/src/ofxCvFloatImage.cpp; sourceTree = SOURCE_ROOT; };
		D9414FAF5DEF8DADFDA0C5FA /* camera.hpp */ = {isa = PBXFileReference; explicitFileType = sourcecode.c.h; fileEncoding = 30; name = camera.hpp; path = ../../../../Applications/of_v0.9.8_osx_release/addons/ofxOpenCv/libs/opencv/include/opencv2/stitching/detail/camera.hpp; sourceTree = SOURCE_ROOT; };
		DD591A4EC960C687B30ACE0B /* warpers.hpp */ = {isa = PBXFileReference; explicitFileType = sourcecode.c.h; fileEncoding = 30; name = warpers.hpp; path = ../../../../Applications/of_v0.9.8_osx_release/addons/ofxOpenCv/libs/opencv/include/opencv2/stitching/warpers.hpp; sourceTree = SOURCE_ROOT; };
		DF08DD35BA048939B025538D /* version.hpp */ = {isa = PBXFileReference; explicitFileType = sourcecode.c.h; fileEncoding = 30; name = version.hpp; path = ../../../../Applications/of_v0.9.8_osx_release/addons/ofxOpenCv/libs/opencv/include/opencv2/core/version.hpp; sourceTree = SOURCE_ROOT; };
		E148C737429CCBA04392DE7A /* cxcore.h */ = {isa = PBXFileReference; explicitFileType = sourcecode.c.h; fileEncoding = 30; name = cxcore.h; path = ../../../../Applications/of_v0.9.8_osx_release/addons/ofxOpenCv/libs/opencv/include/opencv/cxcore.h; sourceTree = SOURCE_ROOT; };
		E1703FD0B4995000521ED36F /* dynamic_bitset.h */ = {isa = PBXFileReference; explicitFileType = sourcecode.c.h; fileEncoding = 30; name = dynamic_bitset.h; path = ../../../../Applications/of_v0.9.8_osx_release/addons/ofxOpenCv/libs/opencv/include/opencv2/flann/dynamic_bitset.h; sourceTree = SOURCE_ROOT; };
		E231440B09D1E16C78ECAA87 /* affine.hpp */ = {isa = PBXFileReference; explicitFileType = sourcecode.c.h; fileEncoding = 30; name = affine.hpp; path = ../../../../Applications/of_v0.9.8_osx_release/addons/ofxOpenCv/libs/opencv/include/opencv2/core/affine.hpp; sourceTree = SOURCE_ROOT; };
		E2C10CC9D9FAE4410AA0BA73 /* gpu.hpp */ = {isa = PBXFileReference; explicitFileType = sourcecode.c.h; fileEncoding = 30; name = gpu.hpp; path = ../../../../Applications/of_v0.9.8_osx_release/addons/ofxOpenCv/libs/opencv/include/opencv2/gpu/gpu.hpp; sourceTree = SOURCE_ROOT; };
		E2FF9E71AD9FAA8CB7861939 /* blenders.hpp */ = {isa = PBXFileReference; explicitFileType = sourcecode.c.h; fileEncoding = 30; name = blenders.hpp; path = ../../../../Applications/of_v0.9.8_osx_release/addons/ofxOpenCv/libs/opencv/include/opencv2/stitching/detail/blenders.hpp; sourceTree = SOURCE_ROOT; };
		E3122F18DFAF470306E17CBD /* matchers.hpp */ = {isa = PBXFileReference; explicitFileType = sourcecode.c.h; fileEncoding = 30; name = matchers.hpp; path = ../../../../Applications/of_v0.9.8_osx_release/addons/ofxOpenCv/libs/opencv/include/opencv2/stitching/detail/matchers.hpp; sourceTree = SOURCE_ROOT; };
		E4328143138ABC890047C5CB /* openFrameworksLib.xcodeproj */ = {isa = PBXFileReference; lastKnownFileType = "wrapper.pb-project"; name = openFrameworksLib.xcodeproj; path = ../../../../Applications/of_v0.9.8_osx_release/libs/openFrameworksCompiled/project/osx/openFrameworksLib.xcodeproj; sourceTree = SOURCE_ROOT; };
		E4B69B5B0A3A1756003C02F2 /* final-project-sherina0922-masterDebug.app */ = {isa = PBXFileReference; explicitFileType = wrapper.application; includeInIndex = 0; path = "final-project-sherina0922-masterDebug.app"; sourceTree = BUILT_PRODUCTS_DIR; };
		E4B69E1D0A3A1BDC003C02F2 /* main.cpp */ = {isa = PBXFileReference; fileEncoding = 30; lastKnownFileType = sourcecode.cpp.cpp; name = main.cpp; path = src/main.cpp; sourceTree = SOURCE_ROOT; };
		E4B69E1E0A3A1BDC003C02F2 /* ofApp.cpp */ = {isa = PBXFileReference; explicitFileType = sourcecode.cpp.cpp; fileEncoding = 30; name = ofApp.cpp; path = src/ofApp.cpp; sourceTree = SOURCE_ROOT; };
		E4B69E1F0A3A1BDC003C02F2 /* ofApp.h */ = {isa = PBXFileReference; fileEncoding = 30; lastKnownFileType = sourcecode.c.h; name = ofApp.h; path = src/ofApp.h; sourceTree = SOURCE_ROOT; };
		E4B6FCAD0C3E899E008CF71C /* openFrameworks-Info.plist */ = {isa = PBXFileReference; fileEncoding = 30; lastKnownFileType = text.plist.xml; path = "openFrameworks-Info.plist"; sourceTree = "<group>"; };
		E4EB691F138AFCF100A09F29 /* CoreOF.xcconfig */ = {isa = PBXFileReference; fileEncoding = 4; lastKnownFileType = text.xcconfig; name = CoreOF.xcconfig; path = ../../../../Applications/of_v0.9.8_osx_release/libs/openFrameworksCompiled/project/osx/CoreOF.xcconfig; sourceTree = SOURCE_ROOT; };
		E4EB6923138AFD0F00A09F29 /* Project.xcconfig */ = {isa = PBXFileReference; fileEncoding = 4; lastKnownFileType = text.xcconfig; path = Project.xcconfig; sourceTree = "<group>"; };
		E8A773F42625A4E4A8FFE08A /* streams.hpp */ = {isa = PBXFileReference; explicitFileType = sourcecode.c.h; fileEncoding = 30; name = streams.hpp; path = ../../../../Applications/of_v0.9.8_osx_release/addons/ofxOpenCv/libs/opencv/include/opencv2/legacy/streams.hpp; sourceTree = SOURCE_ROOT; };
		E9FCA282200907F14FB9BDBB /* all_indices.h */ = {isa = PBXFileReference; explicitFileType = sourcecode.c.h; fileEncoding = 30; name = all_indices.h; path = ../../../../Applications/of_v0.9.8_osx_release/addons/ofxOpenCv/libs/opencv/include/opencv2/flann/all_indices.h; sourceTree = SOURCE_ROOT; };
		EE6F9F44192EFDEA214F112B /* saturate_cast.hpp */ = {isa = PBXFileReference; explicitFileType = sourcecode.c.h; fileEncoding = 30; name = saturate_cast.hpp; path = ../../../../Applications/of_v0.9.8_osx_release/addons/ofxOpenCv/libs/opencv/include/opencv2/gpu/device/saturate_cast.hpp; sourceTree = SOURCE_ROOT; };
		EF4D242F0515FD9B7E1E46A2 /* stitcher.hpp */ = {isa = PBXFileReference; explicitFileType = sourcecode.c.h; fileEncoding = 30; name = stitcher.hpp; path = ../../../../Applications/of_v0.9.8_osx_release/addons/ofxOpenCv/libs/opencv/include/opencv2/stitching/stitcher.hpp; sourceTree = SOURCE_ROOT; };
		F082A20D715F016349F402AD /* type_traits_detail.hpp */ = {isa = PBXFileReference; explicitFileType = sourcecode.c.h; fileEncoding = 30; name = type_traits_detail.hpp; path = ../../../../Applications/of_v0.9.8_osx_release/addons/ofxOpenCv/libs/opencv/include/opencv2/gpu/device/detail/type_traits_detail.hpp; sourceTree = SOURCE_ROOT; };
		F13FA42509C7F744C3E18D50 /* reduce_key_val.hpp */ = {isa = PBXFileReference; explicitFileType = sourcecode.c.h; fileEncoding = 30; name = reduce_key_val.hpp; path = ../../../../Applications/of_v0.9.8_osx_release/addons/ofxOpenCv/libs/opencv/include/opencv2/gpu/device/detail/reduce_key_val.hpp; sourceTree = SOURCE_ROOT; };
		F269FA2107CEA965EB893AFF /* frame_source.hpp */ = {isa = PBXFileReference; explicitFileType = sourcecode.c.h; fileEncoding = 30; name = frame_source.hpp; path = ../../../../Applications/of_v0.9.8_osx_release/addons/ofxOpenCv/libs/opencv/include/opencv2/videostab/frame_source.hpp; sourceTree = SOURCE_ROOT; };
		F350FD0BC610BCF29A10F632 /* ofxCvColorImage.h */ = {isa = PBXFileReference; explicitFileType = sourcecode.c.h; fileEncoding = 30; name = ofxCvColorImage.h; path = ../../../../Applications/of_v0.9.8_osx_release/addons/ofxOpenCv/src/ofxCvColorImage.h; sourceTree = SOURCE_ROOT; };
		F3AA3A551B2BDBD5F327866B /* ground_truth.h */ = {isa = PBXFileReference; explicitFileType = sourcecode.c.h; fileEncoding = 30; name = ground_truth.h; path = ../../../../Applications/of_v0.9.8_osx_release/addons/ofxOpenCv/libs/opencv/include/opencv2/flann/ground_truth.h; sourceTree = SOURCE_ROOT; };
		F78A019D54896571B32DA26E /* vec_distance.hpp */ = {isa = PBXFileReference; explicitFileType = sourcecode.c.h; fileEncoding = 30; name = vec_distance.hpp; path = ../../../../Applications/of_v0.9.8_osx_release/addons/ofxOpenCv/libs/opencv/include/opencv2/gpu/device/vec_distance.hpp; sourceTree = SOURCE_ROOT; };
		FC5CF61D9E269AB27DF1C340 /* border_interpolate.hpp */ = {isa = PBXFileReference; explicitFileType = sourcecode.c.h; fileEncoding = 30; name = border_interpolate.hpp; path = ../../../../Applications/of_v0.9.8_osx_release/addons/ofxOpenCv/libs/opencv/include/opencv2/gpu/device/border_interpolate.hpp; sourceTree = SOURCE_ROOT; };
/* End PBXFileReference section */

/* Begin PBXFrameworksBuildPhase section */
		E4B69B590A3A1756003C02F2 /* Frameworks */ = {
			isa = PBXFrameworksBuildPhase;
			buildActionMask = 2147483647;
			files = (
				E4328149138ABC9F0047C5CB /* openFrameworksDebug.a in Frameworks */,
			);
			runOnlyForDeploymentPostprocessing = 0;
		};
/* End PBXFrameworksBuildPhase section */

/* Begin PBXGroup section */
		0478E60892BF4C0731AE0763 /* ts */ = {
			isa = PBXGroup;
			children = (
				94E8FFDB1F4CE79DDE6D240E /* gpu_perf.hpp */,
				5FC2F8AC347584472121607D /* gpu_test.hpp */,
				37415AC4B1304778A680D78F /* ts.hpp */,
				33022DFB94A6E9F1514A331E /* ts_gtest.h */,
				8D8A8A9DDA4572E8914B62E2 /* ts_perf.hpp */,
			);
			name = ts;
			sourceTree = "<group>";
		};
		0F07FE174552DEF007BF5AD5 /* opencv2 */ = {
			isa = PBXGroup;
			children = (
				428EB732FD42504F37BCA78A /* calib3d */,
				170C3384C93B182490DDC9CC /* contrib */,
				A5A3A2F98919E2243C73199C /* core */,
				86FEC009E2721D0FB23338D7 /* features2d */,
				1E45F8C3CCFF6847BFF957AA /* flann */,
				5236346776DB8ECC4B121CA3 /* gpu */,
				9C99831C330874C2B245AB48 /* highgui */,
				3E44059DCBC2444D65660B9C /* imgproc */,
				961A625BD21068033782887C /* legacy */,
				0F288FD421D474F4AE2684D3 /* ml */,
				7BC63C2C5B49F4CFBC87C288 /* nonfree */,
				D0CAFE48EE488EEED9149670 /* objdetect */,
				BED5B2965E0E81B243B06268 /* opencv.hpp */,
				82DEB4020FA3501C3E59A8A2 /* opencv_modules.hpp */,
				3B8F70BFDA30BBA2A5A060FC /* photo */,
				AF43D9569510BEB0E2DFB944 /* stitching */,
				ED977EFE7B82B0D53CB5C778 /* superres */,
				0478E60892BF4C0731AE0763 /* ts */,
				C58CC92A5283B95AA31D50FB /* video */,
				38D119387412EF71F9FAA033 /* videostab */,
			);
			name = opencv2;
			sourceTree = "<group>";
		};
		0F288FD421D474F4AE2684D3 /* ml */ = {
			isa = PBXGroup;
			children = (
				8D6185D5F912B6C76EEB9B03 /* ml.hpp */,
			);
			name = ml;
			sourceTree = "<group>";
		};
		170C3384C93B182490DDC9CC /* contrib */ = {
			isa = PBXGroup;
			children = (
				588C4613704E3E98CCDE4C27 /* contrib.hpp */,
				28610528CB9ACC32855AC7BD /* detection_based_tracker.hpp */,
				00E2A787B64ABFF8FA808EAD /* hybridtracker.hpp */,
				969F1DC780742859CA38B9DF /* openfabmap.hpp */,
				814605C563DE1A13F6D67F97 /* retina.hpp */,
			);
			name = contrib;
			sourceTree = "<group>";
		};
		1E45F8C3CCFF6847BFF957AA /* flann */ = {
			isa = PBXGroup;
			children = (
				E9FCA282200907F14FB9BDBB /* all_indices.h */,
				51CD3BCD7DB2AC9CDA3C85E7 /* allocator.h */,
				AF3D885CF88CBA60765CA34A /* any.h */,
				2EAFC9FE5FF82B4F33714BC9 /* autotuned_index.h */,
				069092D18A817BA1D07E880F /* composite_index.h */,
				7A840E3F0BC1F082DCE40405 /* config.h */,
				D2FE47E724BE678934048C4C /* defines.h */,
				2BA8075F57F6B2ABEE1FC63A /* dist.h */,
				25348FB9CB5F4B2204A14682 /* dummy.h */,
				E1703FD0B4995000521ED36F /* dynamic_bitset.h */,
				C40DE16BCC490352396408CA /* flann.hpp */,
				07C222397C3DD743D8F8AA57 /* flann_base.hpp */,
				ABBB1B12A6394522C7373869 /* general.h */,
				F3AA3A551B2BDBD5F327866B /* ground_truth.h */,
				9FAA07AE4A92E499F0B80B93 /* hdf5.h */,
				2BBE80B62A4B4C0E6C5B0BD8 /* heap.h */,
				9028B117F950EADFC0285C69 /* hierarchical_clustering_index.h */,
				331B7BEE0BFEC42763826C15 /* index_testing.h */,
				23BA5C467990F3CC0AC610AC /* kdtree_index.h */,
				B7D2F2A27EE2B9BD1DC183C9 /* kdtree_single_index.h */,
				2540A8F5249E2F8D83F787D9 /* kmeans_index.h */,
				B581311BD22AEADCCA5CE557 /* linear_index.h */,
				CBAFB7A9EF426ACC7451A27A /* logger.h */,
				95CE0CFE0890C1FBA1BAC024 /* lsh_index.h */,
				5EA715F8B767C4E61ACEFAD2 /* lsh_table.h */,
				A41C84B59DD9657E11874FB2 /* matrix.h */,
				210650CF207D143CB61FCB21 /* miniflann.hpp */,
				C6762D4F7A444C3FE4513C23 /* nn_index.h */,
				C07FA6A8B92C92FEE98335DB /* object_factory.h */,
				8F4BA572D9CE8BB831336B6A /* params.h */,
				75EC6B0CBD3B460F725FD8DC /* random.h */,
				4F744724ADC44DCC83D20618 /* result_set.h */,
				312C4EBC31E23F348AF0EE20 /* sampling.h */,
				BBA7C6F9111011507F098D50 /* saving.h */,
				B850FA04E71B70578E9020DC /* simplex_downhill.h */,
				04F6FC5BAAF7A431AD543CDE /* timer.h */,
			);
			name = flann;
			sourceTree = "<group>";
		};
		303E2D4AF80E80BD1FD5E5F6 /* detail */ = {
			isa = PBXGroup;
			children = (
				0C94FDD9DBB456A632A0DFE0 /* autocalib.hpp */,
				E2FF9E71AD9FAA8CB7861939 /* blenders.hpp */,
				D9414FAF5DEF8DADFDA0C5FA /* camera.hpp */,
				6F60E4B87CAD252E6FC35E3B /* exposure_compensate.hpp */,
				E3122F18DFAF470306E17CBD /* matchers.hpp */,
				86E8D1719438DD018BE70CF6 /* motion_estimators.hpp */,
				6CFDEB7E77FF9F0F9F414C32 /* seam_finders.hpp */,
				610700D92D9267C2F58DAD20 /* util.hpp */,
				B2DF1E8906C4A1066B6B9279 /* util_inl.hpp */,
				4F864E509ABCA65A569C5F0F /* warpers.hpp */,
				A04CE766E0CA37EEA7648E09 /* warpers_inl.hpp */,
			);
			name = detail;
			sourceTree = "<group>";
		};
		38D119387412EF71F9FAA033 /* videostab */ = {
			isa = PBXGroup;
			children = (
				47E4AE4F09DEF2CA2B3A3647 /* deblurring.hpp */,
				84BCD315FB9416482874ADCC /* fast_marching.hpp */,
				6C6D75FDB7C6DD7A62CC2A6E /* fast_marching_inl.hpp */,
				F269FA2107CEA965EB893AFF /* frame_source.hpp */,
				6BEF71C9A6AAE971726600B2 /* global_motion.hpp */,
				BA7788E356A50F6C09204A8C /* inpainting.hpp */,
				49B79CA601C54470519430F7 /* log.hpp */,
				C472EBA533CDB2CFFF2B62B3 /* motion_stabilizing.hpp */,
				C9098D94F5500041BEE02764 /* optical_flow.hpp */,
				5116C8B7BF08D3ABA0947CF7 /* stabilizer.hpp */,
				88354551B33B87A27EB667A3 /* videostab.hpp */,
			);
			name = videostab;
			sourceTree = "<group>";
		};
		3B8F70BFDA30BBA2A5A060FC /* photo */ = {
			isa = PBXGroup;
			children = (
				2810A84F6116A7DB11D491DD /* photo.hpp */,
				3F6726DBE845A135FFEBABE0 /* photo_c.h */,
			);
			name = photo;
			sourceTree = "<group>";
		};
		3E44059DCBC2444D65660B9C /* imgproc */ = {
			isa = PBXGroup;
			children = (
				8EF011944AE1D48F9DD8D1D3 /* imgproc.hpp */,
				9CFA9DF23BA0FFBD21292A57 /* imgproc_c.h */,
				91D9605490ADB646544A74B5 /* types_c.h */,
			);
			name = imgproc;
			sourceTree = "<group>";
		};
		428EB732FD42504F37BCA78A /* calib3d */ = {
			isa = PBXGroup;
			children = (
				3561D3A30E6A647F4F456599 /* calib3d.hpp */,
			);
			name = calib3d;
			sourceTree = "<group>";
		};
		5236346776DB8ECC4B121CA3 /* gpu */ = {
			isa = PBXGroup;
			children = (
				C830064088936DB0F1158554 /* device */,
				38662BAE537FAD52611AA1E7 /* devmem2d.hpp */,
				E2C10CC9D9FAE4410AA0BA73 /* gpu.hpp */,
				8FE43124634DBDC2E71CDC26 /* gpumat.hpp */,
				37DD289513F8502E55C36453 /* stream_accessor.hpp */,
			);
			name = gpu;
			sourceTree = "<group>";
		};
		6948EE371B920CB800B5AC1A /* local_addons */ = {
			isa = PBXGroup;
			children = (
			);
			name = local_addons;
			sourceTree = "<group>";
		};
		737B033AA777B67BA4F8F4D2 /* opencv */ = {
			isa = PBXGroup;
			children = (
				134B115AEDD3007117731C2E /* cv.h */,
				BD1046E622D9C30C4E9AFD52 /* cv.hpp */,
				85676B3FBDF01758DCAB8941 /* cvaux.h */,
				D028EE9B7249C08756ECB6F3 /* cvaux.hpp */,
				9E5A6308916556530AF3414A /* cvwimage.h */,
				E148C737429CCBA04392DE7A /* cxcore.h */,
				288CB1B673D525E404CB0E1A /* cxcore.hpp */,
				0B26FC5D8B51A1586AEBFE37 /* cxeigen.hpp */,
				B1DF638E1580FCA9EAB535DC /* cxmisc.h */,
				0F1D8B7789585939156878F7 /* highgui.h */,
				38E1B78170A8E56FFA1EB550 /* ml.h */,
			);
			name = opencv;
			sourceTree = "<group>";
		};
		7BC63C2C5B49F4CFBC87C288 /* nonfree */ = {
			isa = PBXGroup;
			children = (
				47484ADFAAAC4DF1788DD700 /* features2d.hpp */,
				66074A51402926CB42E3653F /* gpu.hpp */,
				258DFC47286F5C7ED34CF683 /* nonfree.hpp */,
				0DE3EDF5F6AAC138DCD5C995 /* ocl.hpp */,
			);
			name = nonfree;
			sourceTree = "<group>";
		};
		86FEC009E2721D0FB23338D7 /* features2d */ = {
			isa = PBXGroup;
			children = (
				D4993B58FD623AED7CDDA955 /* features2d.hpp */,
			);
			name = features2d;
			sourceTree = "<group>";
		};
		961A625BD21068033782887C /* legacy */ = {
			isa = PBXGroup;
			children = (
				23F7E259F59436A6CE58F4DC /* blobtrack.hpp */,
				AEB0F3537A08F7B9F6D2E015 /* compat.hpp */,
				BAA8906EBA6515EBD8119E4D /* legacy.hpp */,
				E8A773F42625A4E4A8FFE08A /* streams.hpp */,
			);
			name = legacy;
			sourceTree = "<group>";
		};
		9C99831C330874C2B245AB48 /* highgui */ = {
			isa = PBXGroup;
			children = (
				B85A8854B6FD366B57DB5470 /* cap_ios.h */,
				5BE49A141B306EAF982CADAB /* highgui.hpp */,
				5BAA393D471BCDF75F450E3B /* highgui_c.h */,
				8D75F588951D1182F5C0BB5E /* ios.h */,
			);
			name = highgui;
			sourceTree = "<group>";
		};
		A0B90D3B0ADB9C1716816714 /* ofxOpenCv */ = {
			isa = PBXGroup;
			children = (
				C756CAAFD542831674E15FE6 /* src */,
				DCC60D6724B56635AE867535 /* libs */,
			);
			name = ofxOpenCv;
			sourceTree = "<group>";
		};
		A5A3A2F98919E2243C73199C /* core */ = {
			isa = PBXGroup;
			children = (
				E231440B09D1E16C78ECAA87 /* affine.hpp */,
				6ADF566BACD7BAB9D59E4F26 /* core.hpp */,
				9D53797C0CC7E8F38E8103D5 /* core_c.h */,
				858C718CD117A3995879EAE3 /* cuda_devptrs.hpp */,
				6090EB67CD2AFF9A8CA30980 /* devmem2d.hpp */,
				60E38F8687577FAB3D6B893C /* eigen.hpp */,
				77013ED94596417198ED9542 /* gpumat.hpp */,
				36DBA9F4589D8D5DDBD04167 /* internal.hpp */,
				0D0D60FE5AD55203E297903F /* mat.hpp */,
				A5936FA5EF3965A986029D98 /* opengl_interop.hpp */,
				21AA6CAAAEE9AE00065D3BFE /* opengl_interop_deprecated.hpp */,
				101E36B44CC36535FE4838A0 /* operations.hpp */,
				50B5C5191C17799A41FF42C5 /* types_c.h */,
				DF08DD35BA048939B025538D /* version.hpp */,
				D8AF66B96FB898465DC56BF0 /* wimage.hpp */,
			);
			name = core;
			sourceTree = "<group>";
		};
		AAA97F42C2FE4A31ECFD0585 /* opencv */ = {
			isa = PBXGroup;
			children = (
				F9F05170CB9BDF47DA2B6E6A /* include */,
			);
			name = opencv;
			sourceTree = "<group>";
		};
		AF43D9569510BEB0E2DFB944 /* stitching */ = {
			isa = PBXGroup;
			children = (
				303E2D4AF80E80BD1FD5E5F6 /* detail */,
				EF4D242F0515FD9B7E1E46A2 /* stitcher.hpp */,
				DD591A4EC960C687B30ACE0B /* warpers.hpp */,
			);
			name = stitching;
			sourceTree = "<group>";
		};
		BB4B014C10F69532006C3DED /* addons */ = {
			isa = PBXGroup;
			children = (
				A0B90D3B0ADB9C1716816714 /* ofxOpenCv */,
			);
			name = addons;
			sourceTree = "<group>";
		};
		C58CC92A5283B95AA31D50FB /* video */ = {
			isa = PBXGroup;
			children = (
				A1D91DE05B5533A544582E91 /* background_segm.hpp */,
				0C04FCAC8C4486AB1BC30A52 /* tracking.hpp */,
				5BF920003C84D212F26462AD /* video.hpp */,
			);
			name = video;
			sourceTree = "<group>";
		};
		C756CAAFD542831674E15FE6 /* src */ = {
			isa = PBXGroup;
			children = (
				A5E22054454F39C62BDDB2D7 /* ofxCvBlob.h */,
				169BBEEA0567BA893DB6974C /* ofxCvColorImage.cpp */,
				F350FD0BC610BCF29A10F632 /* ofxCvColorImage.h */,
				72ECE28A8699045CEB497CA4 /* ofxCvConstants.h */,
				0862F44A91BE691BC3CC71F2 /* ofxCvContourFinder.cpp */,
				69399B3E9D2DA4387C34544C /* ofxCvContourFinder.h */,
				D90789065DAAFC83E134F60D /* ofxCvFloatImage.cpp */,
				04FAEA4977120E37AAEA0719 /* ofxCvFloatImage.h */,
				BB6FE39D1069A25962F5B78B /* ofxCvGrayscaleImage.cpp */,
				444258C4653E19A4D73FBD38 /* ofxCvGrayscaleImage.h */,
				1DB80F40409C587704891CEF /* ofxCvHaarFinder.cpp */,
				C5272CC0316872AFF888C2B4 /* ofxCvHaarFinder.h */,
				024510B9377B63DE8BDE36C1 /* ofxCvImage.cpp */,
				00727D992E71ACAE1E673CB1 /* ofxCvImage.h */,
				5EBD11C19C5B5E886315F8E2 /* ofxCvShortImage.cpp */,
				648E7A51865516DB74A23C68 /* ofxCvShortImage.h */,
				93F356D146C3BC0685B3C3AD /* ofxOpenCv.h */,
			);
			name = src;
			sourceTree = "<group>";
		};
		C830064088936DB0F1158554 /* device */ = {
			isa = PBXGroup;
			children = (
				3FFB31409AD29E7A9AC8F974 /* block.hpp */,
				FC5CF61D9E269AB27DF1C340 /* border_interpolate.hpp */,
				C07271926E171E3C64314689 /* color.hpp */,
				BBB105B414DB7DC20CCBB3FF /* common.hpp */,
				4141366383382422EEFB328C /* datamov_utils.hpp */,
				DF5D380A1A4583A1636503A6 /* detail */,
				1FD570D5D02BC4E8B67B553A /* dynamic_smem.hpp */,
				439FF31E210AAAF1A3B2C109 /* emulation.hpp */,
				53C58ABCC91972C43E8B484E /* filters.hpp */,
				9A464CCEC88D3E6E6672630A /* funcattrib.hpp */,
				C40383565284CE59122DD987 /* functional.hpp */,
				612D553D3D2665B368E188FA /* limits.hpp */,
				2310188B9D969A4E7F41A453 /* reduce.hpp */,
				EE6F9F44192EFDEA214F112B /* saturate_cast.hpp */,
				2793585ECB51C8B68EAA46DC /* scan.hpp */,
				33F42CB61A5309F02EB2EDF3 /* simd_functions.hpp */,
				84856C2747967DD441CD5419 /* static_check.hpp */,
				097DCE8AFF5DD97F86790088 /* transform.hpp */,
				44A877BE8217A48289AA1333 /* type_traits.hpp */,
				4E9F2601112FB202314FC35C /* utility.hpp */,
				F78A019D54896571B32DA26E /* vec_distance.hpp */,
				6AC3C752E3A545DD579D68CA /* vec_math.hpp */,
				CC4BA53535DB60A8267B6C14 /* vec_traits.hpp */,
				AF09B4F8F0354CC3D77FBEAC /* warp.hpp */,
				19D6640384CBB0E677E74452 /* warp_reduce.hpp */,
				8129A7ADD12D12F246D36630 /* warp_shuffle.hpp */,
			);
			name = device;
			sourceTree = "<group>";
		};
		D0CAFE48EE488EEED9149670 /* objdetect */ = {
			isa = PBXGroup;
			children = (
				489A48A9E1EA4E147B312F48 /* objdetect.hpp */,
			);
			name = objdetect;
			sourceTree = "<group>";
		};
		DCC60D6724B56635AE867535 /* libs */ = {
			isa = PBXGroup;
			children = (
				AAA97F42C2FE4A31ECFD0585 /* opencv */,
			);
			name = libs;
			sourceTree = "<group>";
		};
		DF5D380A1A4583A1636503A6 /* detail */ = {
			isa = PBXGroup;
			children = (
				83866874B312C6CFD55D0207 /* color_detail.hpp */,
				D7530E91F4C9CFFC731EF65F /* reduce.hpp */,
				F13FA42509C7F744C3E18D50 /* reduce_key_val.hpp */,
				89E7280E41744C4FDC86EBBC /* transform_detail.hpp */,
				F082A20D715F016349F402AD /* type_traits_detail.hpp */,
				C00264DC978FA65D559EBE9F /* vec_distance_detail.hpp */,
			);
			name = detail;
			sourceTree = "<group>";
		};
		E4328144138ABC890047C5CB /* Products */ = {
			isa = PBXGroup;
			children = (
				E4328148138ABC890047C5CB /* openFrameworksDebug.a */,
			);
			name = Products;
			sourceTree = "<group>";
		};
		E4B69B4A0A3A1720003C02F2 = {
			isa = PBXGroup;
			children = (
				E4B6FCAD0C3E899E008CF71C /* openFrameworks-Info.plist */,
				E4EB6923138AFD0F00A09F29 /* Project.xcconfig */,
				E4B69E1C0A3A1BDC003C02F2 /* src */,
				E4EEC9E9138DF44700A80321 /* openFrameworks */,
				BB4B014C10F69532006C3DED /* addons */,
				6948EE371B920CB800B5AC1A /* local_addons */,
				E4B69B5B0A3A1756003C02F2 /* final-project-sherina0922-masterDebug.app */,
			);
			sourceTree = "<group>";
		};
		E4B69E1C0A3A1BDC003C02F2 /* src */ = {
			isa = PBXGroup;
			children = (
				E4B69E1D0A3A1BDC003C02F2 /* main.cpp */,
				E4B69E1E0A3A1BDC003C02F2 /* ofApp.cpp */,
				E4B69E1F0A3A1BDC003C02F2 /* ofApp.h */,
				657A0B142083F11E0046E8D4 /* maze.cpp */,
				657A0B152083F11E0046E8D4 /* maze.hpp */,
				657A0B172083F9CF0046E8D4 /* cameraTracking.cpp */,
				657A0B182083F9CF0046E8D4 /* cameraTracking.hpp */,
			);
			path = src;
			sourceTree = SOURCE_ROOT;
		};
		E4EEC9E9138DF44700A80321 /* openFrameworks */ = {
			isa = PBXGroup;
			children = (
				E4EB691F138AFCF100A09F29 /* CoreOF.xcconfig */,
				E4328143138ABC890047C5CB /* openFrameworksLib.xcodeproj */,
			);
			name = openFrameworks;
			sourceTree = "<group>";
		};
		ED977EFE7B82B0D53CB5C778 /* superres */ = {
			isa = PBXGroup;
			children = (
				B5A938C30C1D04A8DCFF569F /* optical_flow.hpp */,
				29FCEF2472DCAC4A12F754FB /* superres.hpp */,
			);
			name = superres;
			sourceTree = "<group>";
		};
		F9F05170CB9BDF47DA2B6E6A /* include */ = {
			isa = PBXGroup;
			children = (
				737B033AA777B67BA4F8F4D2 /* opencv */,
				0F07FE174552DEF007BF5AD5 /* opencv2 */,
			);
			name = include;
			sourceTree = "<group>";
		};
/* End PBXGroup section */

/* Begin PBXNativeTarget section */
		E4B69B5A0A3A1756003C02F2 /* final-project-sherina0922-master */ = {
			isa = PBXNativeTarget;
			buildConfigurationList = E4B69B5F0A3A1757003C02F2 /* Build configuration list for PBXNativeTarget "final-project-sherina0922-master" */;
			buildPhases = (
				E4B69B580A3A1756003C02F2 /* Sources */,
				E4B69B590A3A1756003C02F2 /* Frameworks */,
				E4B6FFFD0C3F9AB9008CF71C /* ShellScript */,
				E4C2427710CC5ABF004149E2 /* CopyFiles */,
			);
			buildRules = (
			);
			dependencies = (
				E4EEB9AC138B136A00A80321 /* PBXTargetDependency */,
			);
			name = "final-project-sherina0922-master";
			productName = myOFApp;
			productReference = E4B69B5B0A3A1756003C02F2 /* final-project-sherina0922-masterDebug.app */;
			productType = "com.apple.product-type.application";
		};
/* End PBXNativeTarget section */

/* Begin PBXProject section */
		E4B69B4C0A3A1720003C02F2 /* Project object */ = {
			isa = PBXProject;
			attributes = {
				LastUpgradeCheck = 0600;
			};
			buildConfigurationList = E4B69B4D0A3A1720003C02F2 /* Build configuration list for PBXProject "final-project-sherina0922-master" */;
			compatibilityVersion = "Xcode 3.2";
			developmentRegion = English;
			hasScannedForEncodings = 0;
			knownRegions = (
				English,
				Japanese,
				French,
				German,
			);
			mainGroup = E4B69B4A0A3A1720003C02F2;
			productRefGroup = E4B69B4A0A3A1720003C02F2;
			projectDirPath = "";
			projectReferences = (
				{
					ProductGroup = E4328144138ABC890047C5CB /* Products */;
					ProjectRef = E4328143138ABC890047C5CB /* openFrameworksLib.xcodeproj */;
				},
			);
			projectRoot = "";
			targets = (
				E4B69B5A0A3A1756003C02F2 /* final-project-sherina0922-master */,
			);
		};
/* End PBXProject section */

/* Begin PBXReferenceProxy section */
		E4328148138ABC890047C5CB /* openFrameworksDebug.a */ = {
			isa = PBXReferenceProxy;
			fileType = archive.ar;
			path = openFrameworksDebug.a;
			remoteRef = E4328147138ABC890047C5CB /* PBXContainerItemProxy */;
			sourceTree = BUILT_PRODUCTS_DIR;
		};
/* End PBXReferenceProxy section */

/* Begin PBXShellScriptBuildPhase section */
		E4B6FFFD0C3F9AB9008CF71C /* ShellScript */ = {
			isa = PBXShellScriptBuildPhase;
			buildActionMask = 2147483647;
			files = (
			);
			inputPaths = (
			);
			outputPaths = (
			);
			runOnlyForDeploymentPostprocessing = 0;
			shellPath = /bin/sh;
			shellScript = "mkdir -p \"$TARGET_BUILD_DIR/$PRODUCT_NAME.app/Contents/Resources/\"\n# Copy default icon file into App/Resources\nrsync -aved \"$ICON_FILE\" \"$TARGET_BUILD_DIR/$PRODUCT_NAME.app/Contents/Resources/\"\n# Copy libfmod and change install directory for fmod to run\nrsync -aved ../../../../Applications/of_v0.9.8_osx_release/libs/fmodex/lib/osx/libfmodex.dylib \"$TARGET_BUILD_DIR/$PRODUCT_NAME.app/Contents/Frameworks/\";\ninstall_name_tool -change @executable_path/libfmodex.dylib @executable_path/../Frameworks/libfmodex.dylib \"$TARGET_BUILD_DIR/$PRODUCT_NAME.app/Contents/MacOS/$PRODUCT_NAME\";\n# Copy GLUT framework (must remove for AppStore submissions)\nrsync -aved ../../../../Applications/of_v0.9.8_osx_release/libs/glut/lib/osx/GLUT.framework \"$TARGET_BUILD_DIR/$PRODUCT_NAME.app/Contents/Frameworks/\"\n";
		};
/* End PBXShellScriptBuildPhase section */

/* Begin PBXSourcesBuildPhase section */
		E4B69B580A3A1756003C02F2 /* Sources */ = {
			isa = PBXSourcesBuildPhase;
			buildActionMask = 2147483647;
			files = (
				E4B69E200A3A1BDC003C02F2 /* main.cpp in Sources */,
				E4B69E210A3A1BDC003C02F2 /* ofApp.cpp in Sources */,
				225139E56A7060F2759E9198 /* ofxCvColorImage.cpp in Sources */,
				657A0B192083F9CF0046E8D4 /* cameraTracking.cpp in Sources */,
				120E05203C45BFFA35ADF383 /* ofxCvContourFinder.cpp in Sources */,
				CC6B67FAAF2C824E80989DDE /* ofxCvFloatImage.cpp in Sources */,
				DD60A1DBFEE5653FB4CE0418 /* ofxCvGrayscaleImage.cpp in Sources */,
				C7FFF20D02FF6DE5C18C8303 /* ofxCvHaarFinder.cpp in Sources */,
				A8F285D225EB301953871F2C /* ofxCvImage.cpp in Sources */,
				657A0B162083F11E0046E8D4 /* maze.cpp in Sources */,
				F66062276255CF3AEEB997C0 /* ofxCvShortImage.cpp in Sources */,
			);
			runOnlyForDeploymentPostprocessing = 0;
		};
/* End PBXSourcesBuildPhase section */

/* Begin PBXTargetDependency section */
		E4EEB9AC138B136A00A80321 /* PBXTargetDependency */ = {
			isa = PBXTargetDependency;
			name = openFrameworks;
			targetProxy = E4EEB9AB138B136A00A80321 /* PBXContainerItemProxy */;
		};
/* End PBXTargetDependency section */

/* Begin XCBuildConfiguration section */
		E4B69B4E0A3A1720003C02F2 /* Debug */ = {
			isa = XCBuildConfiguration;
			baseConfigurationReference = E4EB6923138AFD0F00A09F29 /* Project.xcconfig */;
			buildSettings = {
				CONFIGURATION_BUILD_DIR = "$(SRCROOT)/bin/";
				COPY_PHASE_STRIP = NO;
				DEAD_CODE_STRIPPING = YES;
				GCC_AUTO_VECTORIZATION = YES;
				GCC_ENABLE_SSE3_EXTENSIONS = YES;
				GCC_ENABLE_SUPPLEMENTAL_SSE3_INSTRUCTIONS = YES;
				GCC_INLINES_ARE_PRIVATE_EXTERN = NO;
				GCC_OPTIMIZATION_LEVEL = 0;
				GCC_SYMBOLS_PRIVATE_EXTERN = NO;
				GCC_WARN_ABOUT_DEPRECATED_FUNCTIONS = YES;
				GCC_WARN_ABOUT_INVALID_OFFSETOF_MACRO = NO;
				GCC_WARN_ALLOW_INCOMPLETE_PROTOCOL = NO;
				GCC_WARN_UNINITIALIZED_AUTOS = NO;
				GCC_WARN_UNUSED_VALUE = NO;
				GCC_WARN_UNUSED_VARIABLE = NO;
				HEADER_SEARCH_PATHS = (
					"$(OF_CORE_HEADERS)",
					src,
					../../../../Applications/of_v0.9.8_osx_release/addons/ofxOpenCv/libs,
					../../../../Applications/of_v0.9.8_osx_release/addons/ofxOpenCv/libs/opencv,
					../../../../Applications/of_v0.9.8_osx_release/addons/ofxOpenCv/libs/opencv/include,
					../../../../Applications/of_v0.9.8_osx_release/addons/ofxOpenCv/libs/opencv/include/opencv,
					../../../../Applications/of_v0.9.8_osx_release/addons/ofxOpenCv/libs/opencv/include/opencv2,
					../../../../Applications/of_v0.9.8_osx_release/addons/ofxOpenCv/libs/opencv/include/opencv2/calib3d,
					../../../../Applications/of_v0.9.8_osx_release/addons/ofxOpenCv/libs/opencv/include/opencv2/contrib,
					../../../../Applications/of_v0.9.8_osx_release/addons/ofxOpenCv/libs/opencv/include/opencv2/core,
					../../../../Applications/of_v0.9.8_osx_release/addons/ofxOpenCv/libs/opencv/include/opencv2/features2d,
					../../../../Applications/of_v0.9.8_osx_release/addons/ofxOpenCv/libs/opencv/include/opencv2/flann,
					../../../../Applications/of_v0.9.8_osx_release/addons/ofxOpenCv/libs/opencv/include/opencv2/gpu,
					../../../../Applications/of_v0.9.8_osx_release/addons/ofxOpenCv/libs/opencv/include/opencv2/gpu/device,
					../../../../Applications/of_v0.9.8_osx_release/addons/ofxOpenCv/libs/opencv/include/opencv2/gpu/device/detail,
					../../../../Applications/of_v0.9.8_osx_release/addons/ofxOpenCv/libs/opencv/include/opencv2/highgui,
					../../../../Applications/of_v0.9.8_osx_release/addons/ofxOpenCv/libs/opencv/include/opencv2/imgproc,
					../../../../Applications/of_v0.9.8_osx_release/addons/ofxOpenCv/libs/opencv/include/opencv2/legacy,
					../../../../Applications/of_v0.9.8_osx_release/addons/ofxOpenCv/libs/opencv/include/opencv2/ml,
					../../../../Applications/of_v0.9.8_osx_release/addons/ofxOpenCv/libs/opencv/include/opencv2/nonfree,
					../../../../Applications/of_v0.9.8_osx_release/addons/ofxOpenCv/libs/opencv/include/opencv2/objdetect,
					../../../../Applications/of_v0.9.8_osx_release/addons/ofxOpenCv/libs/opencv/include/opencv2/photo,
					../../../../Applications/of_v0.9.8_osx_release/addons/ofxOpenCv/libs/opencv/include/opencv2/stitching,
					../../../../Applications/of_v0.9.8_osx_release/addons/ofxOpenCv/libs/opencv/include/opencv2/stitching/detail,
					../../../../Applications/of_v0.9.8_osx_release/addons/ofxOpenCv/libs/opencv/include/opencv2/superres,
					../../../../Applications/of_v0.9.8_osx_release/addons/ofxOpenCv/libs/opencv/include/opencv2/ts,
					../../../../Applications/of_v0.9.8_osx_release/addons/ofxOpenCv/libs/opencv/include/opencv2/video,
					../../../../Applications/of_v0.9.8_osx_release/addons/ofxOpenCv/libs/opencv/include/opencv2/videostab,
					../../../../Applications/of_v0.9.8_osx_release/addons/ofxOpenCv/libs/opencv/lib,
					../../../../Applications/of_v0.9.8_osx_release/addons/ofxOpenCv/libs/opencv/lib/emscripten,
					../../../../Applications/of_v0.9.8_osx_release/addons/ofxOpenCv/libs/opencv/lib/osx,
					../../../../Applications/of_v0.9.8_osx_release/addons/ofxOpenCv/libs/opencv/license,
					../../../../Applications/of_v0.9.8_osx_release/addons/ofxOpenCv/src,
				);
				MACOSX_DEPLOYMENT_TARGET = 10.8;
				ONLY_ACTIVE_ARCH = YES;
				OTHER_CPLUSPLUSFLAGS = (
					"-D__MACOSX_CORE__",
					"-mtune=native",
				);
				OTHER_LDFLAGS = (
					"$(OF_CORE_FRAMEWORKS)",
					"$(OF_CORE_LIBS)",
					../../../../Applications/of_v0.9.8_osx_release/addons/ofxOpenCv/libs/opencv/lib/osx/opencv.a,
				);
				SDKROOT = macosx;
			};
			name = Debug;
		};
		E4B69B4F0A3A1720003C02F2 /* Release */ = {
			isa = XCBuildConfiguration;
			baseConfigurationReference = E4EB6923138AFD0F00A09F29 /* Project.xcconfig */;
			buildSettings = {
				CONFIGURATION_BUILD_DIR = "$(SRCROOT)/bin/";
				COPY_PHASE_STRIP = YES;
				DEAD_CODE_STRIPPING = YES;
				GCC_AUTO_VECTORIZATION = YES;
				GCC_ENABLE_SSE3_EXTENSIONS = YES;
				GCC_ENABLE_SUPPLEMENTAL_SSE3_INSTRUCTIONS = YES;
				GCC_INLINES_ARE_PRIVATE_EXTERN = NO;
				GCC_OPTIMIZATION_LEVEL = 3;
				GCC_SYMBOLS_PRIVATE_EXTERN = NO;
				GCC_UNROLL_LOOPS = YES;
				GCC_WARN_ABOUT_DEPRECATED_FUNCTIONS = YES;
				GCC_WARN_ABOUT_INVALID_OFFSETOF_MACRO = NO;
				GCC_WARN_ALLOW_INCOMPLETE_PROTOCOL = NO;
				GCC_WARN_UNINITIALIZED_AUTOS = NO;
				GCC_WARN_UNUSED_VALUE = NO;
				GCC_WARN_UNUSED_VARIABLE = NO;
				HEADER_SEARCH_PATHS = (
					"$(OF_CORE_HEADERS)",
					src,
					../../../../Applications/of_v0.9.8_osx_release/addons/ofxOpenCv/libs,
					../../../../Applications/of_v0.9.8_osx_release/addons/ofxOpenCv/libs/opencv,
					../../../../Applications/of_v0.9.8_osx_release/addons/ofxOpenCv/libs/opencv/include,
					../../../../Applications/of_v0.9.8_osx_release/addons/ofxOpenCv/libs/opencv/include/opencv,
					../../../../Applications/of_v0.9.8_osx_release/addons/ofxOpenCv/libs/opencv/include/opencv2,
					../../../../Applications/of_v0.9.8_osx_release/addons/ofxOpenCv/libs/opencv/include/opencv2/calib3d,
					../../../../Applications/of_v0.9.8_osx_release/addons/ofxOpenCv/libs/opencv/include/opencv2/contrib,
					../../../../Applications/of_v0.9.8_osx_release/addons/ofxOpenCv/libs/opencv/include/opencv2/core,
					../../../../Applications/of_v0.9.8_osx_release/addons/ofxOpenCv/libs/opencv/include/opencv2/features2d,
					../../../../Applications/of_v0.9.8_osx_release/addons/ofxOpenCv/libs/opencv/include/opencv2/flann,
					../../../../Applications/of_v0.9.8_osx_release/addons/ofxOpenCv/libs/opencv/include/opencv2/gpu,
					../../../../Applications/of_v0.9.8_osx_release/addons/ofxOpenCv/libs/opencv/include/opencv2/gpu/device,
					../../../../Applications/of_v0.9.8_osx_release/addons/ofxOpenCv/libs/opencv/include/opencv2/gpu/device/detail,
					../../../../Applications/of_v0.9.8_osx_release/addons/ofxOpenCv/libs/opencv/include/opencv2/highgui,
					../../../../Applications/of_v0.9.8_osx_release/addons/ofxOpenCv/libs/opencv/include/opencv2/imgproc,
					../../../../Applications/of_v0.9.8_osx_release/addons/ofxOpenCv/libs/opencv/include/opencv2/legacy,
					../../../../Applications/of_v0.9.8_osx_release/addons/ofxOpenCv/libs/opencv/include/opencv2/ml,
					../../../../Applications/of_v0.9.8_osx_release/addons/ofxOpenCv/libs/opencv/include/opencv2/nonfree,
					../../../../Applications/of_v0.9.8_osx_release/addons/ofxOpenCv/libs/opencv/include/opencv2/objdetect,
					../../../../Applications/of_v0.9.8_osx_release/addons/ofxOpenCv/libs/opencv/include/opencv2/photo,
					../../../../Applications/of_v0.9.8_osx_release/addons/ofxOpenCv/libs/opencv/include/opencv2/stitching,
					../../../../Applications/of_v0.9.8_osx_release/addons/ofxOpenCv/libs/opencv/include/opencv2/stitching/detail,
					../../../../Applications/of_v0.9.8_osx_release/addons/ofxOpenCv/libs/opencv/include/opencv2/superres,
					../../../../Applications/of_v0.9.8_osx_release/addons/ofxOpenCv/libs/opencv/include/opencv2/ts,
					../../../../Applications/of_v0.9.8_osx_release/addons/ofxOpenCv/libs/opencv/include/opencv2/video,
					../../../../Applications/of_v0.9.8_osx_release/addons/ofxOpenCv/libs/opencv/include/opencv2/videostab,
					../../../../Applications/of_v0.9.8_osx_release/addons/ofxOpenCv/libs/opencv/lib,
					../../../../Applications/of_v0.9.8_osx_release/addons/ofxOpenCv/libs/opencv/lib/emscripten,
					../../../../Applications/of_v0.9.8_osx_release/addons/ofxOpenCv/libs/opencv/lib/osx,
					../../../../Applications/of_v0.9.8_osx_release/addons/ofxOpenCv/libs/opencv/license,
					../../../../Applications/of_v0.9.8_osx_release/addons/ofxOpenCv/src,
				);
				MACOSX_DEPLOYMENT_TARGET = 10.8;
				OTHER_CPLUSPLUSFLAGS = (
					"-D__MACOSX_CORE__",
					"-mtune=native",
				);
				OTHER_LDFLAGS = (
					"$(OF_CORE_FRAMEWORKS)",
					"$(OF_CORE_LIBS)",
					../../../../Applications/of_v0.9.8_osx_release/addons/ofxOpenCv/libs/opencv/lib/osx/opencv.a,
				);
				SDKROOT = macosx;
			};
			name = Release;
		};
		E4B69B600A3A1757003C02F2 /* Debug */ = {
			isa = XCBuildConfiguration;
			baseConfigurationReference = E4EB6923138AFD0F00A09F29 /* Project.xcconfig */;
			buildSettings = {
				COMBINE_HIDPI_IMAGES = YES;
				COPY_PHASE_STRIP = NO;
				FRAMEWORK_SEARCH_PATHS = (
					"$(inherited)",
					"$(FRAMEWORK_SEARCH_PATHS_QUOTED_FOR_TARGET_1)",
				);
				FRAMEWORK_SEARCH_PATHS_QUOTED_FOR_TARGET_1 = "\"$(SRCROOT)/../../../../Applications/of_v0.9.8_osx_release/libs/glut/lib/osx\"";
				GCC_DYNAMIC_NO_PIC = NO;
				GCC_GENERATE_DEBUGGING_SYMBOLS = YES;
				GCC_MODEL_TUNING = NONE;
				HEADER_SEARCH_PATHS = (
					"$(OF_CORE_HEADERS)",
					src,
					../../../../Applications/of_v0.9.8_osx_release/addons/ofxOpenCv/libs,
					../../../../Applications/of_v0.9.8_osx_release/addons/ofxOpenCv/libs/opencv,
					../../../../Applications/of_v0.9.8_osx_release/addons/ofxOpenCv/libs/opencv/include,
					../../../../Applications/of_v0.9.8_osx_release/addons/ofxOpenCv/libs/opencv/include/opencv,
					../../../../Applications/of_v0.9.8_osx_release/addons/ofxOpenCv/libs/opencv/include/opencv2,
					../../../../Applications/of_v0.9.8_osx_release/addons/ofxOpenCv/libs/opencv/include/opencv2/calib3d,
					../../../../Applications/of_v0.9.8_osx_release/addons/ofxOpenCv/libs/opencv/include/opencv2/contrib,
					../../../../Applications/of_v0.9.8_osx_release/addons/ofxOpenCv/libs/opencv/include/opencv2/core,
					../../../../Applications/of_v0.9.8_osx_release/addons/ofxOpenCv/libs/opencv/include/opencv2/features2d,
					../../../../Applications/of_v0.9.8_osx_release/addons/ofxOpenCv/libs/opencv/include/opencv2/flann,
					../../../../Applications/of_v0.9.8_osx_release/addons/ofxOpenCv/libs/opencv/include/opencv2/gpu,
					../../../../Applications/of_v0.9.8_osx_release/addons/ofxOpenCv/libs/opencv/include/opencv2/gpu/device,
					../../../../Applications/of_v0.9.8_osx_release/addons/ofxOpenCv/libs/opencv/include/opencv2/gpu/device/detail,
					../../../../Applications/of_v0.9.8_osx_release/addons/ofxOpenCv/libs/opencv/include/opencv2/highgui,
					../../../../Applications/of_v0.9.8_osx_release/addons/ofxOpenCv/libs/opencv/include/opencv2/imgproc,
					../../../../Applications/of_v0.9.8_osx_release/addons/ofxOpenCv/libs/opencv/include/opencv2/legacy,
					../../../../Applications/of_v0.9.8_osx_release/addons/ofxOpenCv/libs/opencv/include/opencv2/ml,
					../../../../Applications/of_v0.9.8_osx_release/addons/ofxOpenCv/libs/opencv/include/opencv2/nonfree,
					../../../../Applications/of_v0.9.8_osx_release/addons/ofxOpenCv/libs/opencv/include/opencv2/objdetect,
					../../../../Applications/of_v0.9.8_osx_release/addons/ofxOpenCv/libs/opencv/include/opencv2/photo,
					../../../../Applications/of_v0.9.8_osx_release/addons/ofxOpenCv/libs/opencv/include/opencv2/stitching,
					../../../../Applications/of_v0.9.8_osx_release/addons/ofxOpenCv/libs/opencv/include/opencv2/stitching/detail,
					../../../../Applications/of_v0.9.8_osx_release/addons/ofxOpenCv/libs/opencv/include/opencv2/superres,
					../../../../Applications/of_v0.9.8_osx_release/addons/ofxOpenCv/libs/opencv/include/opencv2/ts,
					../../../../Applications/of_v0.9.8_osx_release/addons/ofxOpenCv/libs/opencv/include/opencv2/video,
					../../../../Applications/of_v0.9.8_osx_release/addons/ofxOpenCv/libs/opencv/include/opencv2/videostab,
					../../../../Applications/of_v0.9.8_osx_release/addons/ofxOpenCv/libs/opencv/lib,
					../../../../Applications/of_v0.9.8_osx_release/addons/ofxOpenCv/libs/opencv/lib/emscripten,
					../../../../Applications/of_v0.9.8_osx_release/addons/ofxOpenCv/libs/opencv/lib/osx,
					../../../../Applications/of_v0.9.8_osx_release/addons/ofxOpenCv/libs/opencv/license,
					../../../../Applications/of_v0.9.8_osx_release/addons/ofxOpenCv/src,
				);
				ICON = "$(ICON_NAME_DEBUG)";
				ICON_FILE = "$(ICON_FILE_PATH)$(ICON)";
				INFOPLIST_FILE = "openFrameworks-Info.plist";
				INSTALL_PATH = /Applications;
				LIBRARY_SEARCH_PATHS = "$(inherited)";
				OTHER_LDFLAGS = (
					"$(OF_CORE_FRAMEWORKS)",
					"$(OF_CORE_LIBS)",
					../../../../Applications/of_v0.9.8_osx_release/addons/ofxOpenCv/libs/opencv/lib/osx/opencv.a,
				);
				PRODUCT_NAME = "$(TARGET_NAME)Debug";
				WRAPPER_EXTENSION = app;
			};
			name = Debug;
		};
		E4B69B610A3A1757003C02F2 /* Release */ = {
			isa = XCBuildConfiguration;
			baseConfigurationReference = E4EB6923138AFD0F00A09F29 /* Project.xcconfig */;
			buildSettings = {
				COMBINE_HIDPI_IMAGES = YES;
				COPY_PHASE_STRIP = YES;
				FRAMEWORK_SEARCH_PATHS = (
					"$(inherited)",
					"$(FRAMEWORK_SEARCH_PATHS_QUOTED_FOR_TARGET_1)",
				);
				FRAMEWORK_SEARCH_PATHS_QUOTED_FOR_TARGET_1 = "\"$(SRCROOT)/../../../../Applications/of_v0.9.8_osx_release/libs/glut/lib/osx\"";
				GCC_GENERATE_DEBUGGING_SYMBOLS = YES;
				GCC_MODEL_TUNING = NONE;
				HEADER_SEARCH_PATHS = (
					"$(OF_CORE_HEADERS)",
					src,
					../../../../Applications/of_v0.9.8_osx_release/addons/ofxOpenCv/libs,
					../../../../Applications/of_v0.9.8_osx_release/addons/ofxOpenCv/libs/opencv,
					../../../../Applications/of_v0.9.8_osx_release/addons/ofxOpenCv/libs/opencv/include,
					../../../../Applications/of_v0.9.8_osx_release/addons/ofxOpenCv/libs/opencv/include/opencv,
					../../../../Applications/of_v0.9.8_osx_release/addons/ofxOpenCv/libs/opencv/include/opencv2,
					../../../../Applications/of_v0.9.8_osx_release/addons/ofxOpenCv/libs/opencv/include/opencv2/calib3d,
					../../../../Applications/of_v0.9.8_osx_release/addons/ofxOpenCv/libs/opencv/include/opencv2/contrib,
					../../../../Applications/of_v0.9.8_osx_release/addons/ofxOpenCv/libs/opencv/include/opencv2/core,
					../../../../Applications/of_v0.9.8_osx_release/addons/ofxOpenCv/libs/opencv/include/opencv2/features2d,
					../../../../Applications/of_v0.9.8_osx_release/addons/ofxOpenCv/libs/opencv/include/opencv2/flann,
					../../../../Applications/of_v0.9.8_osx_release/addons/ofxOpenCv/libs/opencv/include/opencv2/gpu,
					../../../../Applications/of_v0.9.8_osx_release/addons/ofxOpenCv/libs/opencv/include/opencv2/gpu/device,
					../../../../Applications/of_v0.9.8_osx_release/addons/ofxOpenCv/libs/opencv/include/opencv2/gpu/device/detail,
					../../../../Applications/of_v0.9.8_osx_release/addons/ofxOpenCv/libs/opencv/include/opencv2/highgui,
					../../../../Applications/of_v0.9.8_osx_release/addons/ofxOpenCv/libs/opencv/include/opencv2/imgproc,
					../../../../Applications/of_v0.9.8_osx_release/addons/ofxOpenCv/libs/opencv/include/opencv2/legacy,
					../../../../Applications/of_v0.9.8_osx_release/addons/ofxOpenCv/libs/opencv/include/opencv2/ml,
					../../../../Applications/of_v0.9.8_osx_release/addons/ofxOpenCv/libs/opencv/include/opencv2/nonfree,
					../../../../Applications/of_v0.9.8_osx_release/addons/ofxOpenCv/libs/opencv/include/opencv2/objdetect,
					../../../../Applications/of_v0.9.8_osx_release/addons/ofxOpenCv/libs/opencv/include/opencv2/photo,
					../../../../Applications/of_v0.9.8_osx_release/addons/ofxOpenCv/libs/opencv/include/opencv2/stitching,
					../../../../Applications/of_v0.9.8_osx_release/addons/ofxOpenCv/libs/opencv/include/opencv2/stitching/detail,
					../../../../Applications/of_v0.9.8_osx_release/addons/ofxOpenCv/libs/opencv/include/opencv2/superres,
					../../../../Applications/of_v0.9.8_osx_release/addons/ofxOpenCv/libs/opencv/include/opencv2/ts,
					../../../../Applications/of_v0.9.8_osx_release/addons/ofxOpenCv/libs/opencv/include/opencv2/video,
					../../../../Applications/of_v0.9.8_osx_release/addons/ofxOpenCv/libs/opencv/include/opencv2/videostab,
					../../../../Applications/of_v0.9.8_osx_release/addons/ofxOpenCv/libs/opencv/lib,
					../../../../Applications/of_v0.9.8_osx_release/addons/ofxOpenCv/libs/opencv/lib/emscripten,
					../../../../Applications/of_v0.9.8_osx_release/addons/ofxOpenCv/libs/opencv/lib/osx,
					../../../../Applications/of_v0.9.8_osx_release/addons/ofxOpenCv/libs/opencv/license,
					../../../../Applications/of_v0.9.8_osx_release/addons/ofxOpenCv/src,
				);
				ICON = "$(ICON_NAME_RELEASE)";
				ICON_FILE = "$(ICON_FILE_PATH)$(ICON)";
				INFOPLIST_FILE = "openFrameworks-Info.plist";
				INSTALL_PATH = /Applications;
				LIBRARY_SEARCH_PATHS = "$(inherited)";
				OTHER_LDFLAGS = (
					"$(OF_CORE_FRAMEWORKS)",
					"$(OF_CORE_LIBS)",
					../../../../Applications/of_v0.9.8_osx_release/addons/ofxOpenCv/libs/opencv/lib/osx/opencv.a,
				);
				PRODUCT_NAME = "$(TARGET_NAME)";
				WRAPPER_EXTENSION = app;
				baseConfigurationReference = E4EB6923138AFD0F00A09F29;
			};
			name = Release;
		};
/* End XCBuildConfiguration section */

/* Begin XCConfigurationList section */
		E4B69B4D0A3A1720003C02F2 /* Build configuration list for PBXProject "final-project-sherina0922-master" */ = {
			isa = XCConfigurationList;
			buildConfigurations = (
				E4B69B4E0A3A1720003C02F2 /* Debug */,
				E4B69B4F0A3A1720003C02F2 /* Release */,
			);
			defaultConfigurationIsVisible = 0;
			defaultConfigurationName = Release;
		};
		E4B69B5F0A3A1757003C02F2 /* Build configuration list for PBXNativeTarget "final-project-sherina0922-master" */ = {
			isa = XCConfigurationList;
			buildConfigurations = (
				E4B69B600A3A1757003C02F2 /* Debug */,
				E4B69B610A3A1757003C02F2 /* Release */,
			);
			defaultConfigurationIsVisible = 0;
			defaultConfigurationName = Release;
		};
/* End XCConfigurationList section */
	};
	rootObject = E4B69B4C0A3A1720003C02F2 /* Project object */;
}
