// !$*UTF8*$!
{
	archiveVersion = 1;
	classes = {
	};
	objectVersion = 46;
	objects = {

/* Begin PBXBuildFile section */
		30E9B59EFFEA9646A6949743 /* cameraTracking.cpp in Sources */ = {isa = PBXBuildFile; fileRef = 1E17D22AFFF51366458F949F /* cameraTracking.cpp */; };
		315121B917333B756406B352 /* ofxCvShortImage.cpp in Sources */ = {isa = PBXBuildFile; fileRef = 964C3DEE9B31188C474C3E3E /* ofxCvShortImage.cpp */; };
		369146F72668814C3C69054A /* ofxCvGrayscaleImage.cpp in Sources */ = {isa = PBXBuildFile; fileRef = C8AA610AD0E9C7A3839C3369 /* ofxCvGrayscaleImage.cpp */; };
		3E5B0F3E013E105157A7296A /* ofxCvHaarFinder.cpp in Sources */ = {isa = PBXBuildFile; fileRef = CA6497D8EEE8B65E6AE68734 /* ofxCvHaarFinder.cpp */; };
		47C6D5C686F1224C3FB244E0 /* ofxCvFloatImage.cpp in Sources */ = {isa = PBXBuildFile; fileRef = BBA46F4191E4D2E8524D7C97 /* ofxCvFloatImage.cpp */; };
		657A0B2220846DE40046E8D4 /* character.cpp in Sources */ = {isa = PBXBuildFile; fileRef = 657A0B2020846DE40046E8D4 /* character.cpp */; };
		E004563AD3DF3F42599D9199 /* ofxCvColorImage.cpp in Sources */ = {isa = PBXBuildFile; fileRef = 8982D8F2D1B1746EBCA9EA14 /* ofxCvColorImage.cpp */; };
		E4328149138ABC9F0047C5CB /* openFrameworksDebug.a in Frameworks */ = {isa = PBXBuildFile; fileRef = E4328148138ABC890047C5CB /* openFrameworksDebug.a */; };
		E4B69E200A3A1BDC003C02F2 /* main.cpp in Sources */ = {isa = PBXBuildFile; fileRef = E4B69E1D0A3A1BDC003C02F2 /* main.cpp */; };
		E4B69E210A3A1BDC003C02F2 /* ofApp.cpp in Sources */ = {isa = PBXBuildFile; fileRef = E4B69E1E0A3A1BDC003C02F2 /* ofApp.cpp */; };
		F580C7BA59491E4B2EAC7FA5 /* ofxCvContourFinder.cpp in Sources */ = {isa = PBXBuildFile; fileRef = 211B32730AF76CFF87FB84E2 /* ofxCvContourFinder.cpp */; };
		FD8B24E804D803C98C3A709D /* ofxCvImage.cpp in Sources */ = {isa = PBXBuildFile; fileRef = 9459788DAE40429BC9B614E2 /* ofxCvImage.cpp */; };
		FE782326A9FD06260EA5ED46 /* maze.cpp in Sources */ = {isa = PBXBuildFile; fileRef = A84FFF0E053DE909E995CB98 /* maze.cpp */; };
/* End PBXBuildFile section */

/* Begin PBXContainerItemProxy section */
		E4328147138ABC890047C5CB /* PBXContainerItemProxy */ = {
			isa = PBXContainerItemProxy;
			containerPortal = E4328143138ABC890047C5CB /* openFrameworksLib.xcodeproj */;
			proxyType = 2;
			remoteGlobalIDString = E4B27C1510CBEB8E00536013;
			remoteInfo = openFrameworks;
		};
		E4EEB9AB138B136A00A80321 /* PBXContainerItemProxy */ = {
			isa = PBXContainerItemProxy;
			containerPortal = E4328143138ABC890047C5CB /* openFrameworksLib.xcodeproj */;
			proxyType = 1;
			remoteGlobalIDString = E4B27C1410CBEB8E00536013;
			remoteInfo = openFrameworks;
		};
/* End PBXContainerItemProxy section */

/* Begin PBXCopyFilesBuildPhase section */
		E4C2427710CC5ABF004149E2 /* CopyFiles */ = {
			isa = PBXCopyFilesBuildPhase;
			buildActionMask = 2147483647;
			dstPath = "";
			dstSubfolderSpec = 10;
			files = (
			);
			runOnlyForDeploymentPostprocessing = 0;
		};
/* End PBXCopyFilesBuildPhase section */

/* Begin PBXFileReference section */
		028CD6BE7C9ED587DAAC3D25 /* cap_ios.h */ = {isa = PBXFileReference; explicitFileType = sourcecode.c.h; fileEncoding = 30; name = cap_ios.h; path = ../../../../../Applications/of_v0.9.8_osx_release/addons/ofxOpenCv/libs/opencv/include/opencv2/highgui/cap_ios.h; sourceTree = SOURCE_ROOT; };
		0360416539BDFFE2C071321C /* vec_distance.hpp */ = {isa = PBXFileReference; explicitFileType = sourcecode.c.h; fileEncoding = 30; name = vec_distance.hpp; path = ../../../../../Applications/of_v0.9.8_osx_release/addons/ofxOpenCv/libs/opencv/include/opencv2/gpu/device/vec_distance.hpp; sourceTree = SOURCE_ROOT; };
		0362D0C76D99017D0B8BC21D /* saturate_cast.hpp */ = {isa = PBXFileReference; explicitFileType = sourcecode.c.h; fileEncoding = 30; name = saturate_cast.hpp; path = ../../../../../Applications/of_v0.9.8_osx_release/addons/ofxOpenCv/libs/opencv/include/opencv2/gpu/device/saturate_cast.hpp; sourceTree = SOURCE_ROOT; };
		051B039C273830FC63686224 /* functional.hpp */ = {isa = PBXFileReference; explicitFileType = sourcecode.c.h; fileEncoding = 30; name = functional.hpp; path = ../../../../../Applications/of_v0.9.8_osx_release/addons/ofxOpenCv/libs/opencv/include/opencv2/gpu/device/functional.hpp; sourceTree = SOURCE_ROOT; };
		053165128D6B5CDFE901AF70 /* general.h */ = {isa = PBXFileReference; explicitFileType = sourcecode.c.h; fileEncoding = 30; name = general.h; path = ../../../../../Applications/of_v0.9.8_osx_release/addons/ofxOpenCv/libs/opencv/include/opencv2/flann/general.h; sourceTree = SOURCE_ROOT; };
		0DFF407618912C94509D90CC /* types_c.h */ = {isa = PBXFileReference; explicitFileType = sourcecode.c.h; fileEncoding = 30; name = types_c.h; path = ../../../../../Applications/of_v0.9.8_osx_release/addons/ofxOpenCv/libs/opencv/include/opencv2/core/types_c.h; sourceTree = SOURCE_ROOT; };
		0E01F9F1EC23A75ED6CB8BBA /* imgproc.hpp */ = {isa = PBXFileReference; explicitFileType = sourcecode.c.h; fileEncoding = 30; name = imgproc.hpp; path = ../../../../../Applications/of_v0.9.8_osx_release/addons/ofxOpenCv/libs/opencv/include/opencv2/imgproc/imgproc.hpp; sourceTree = SOURCE_ROOT; };
		13BA4887EFF3B345DB8595CA /* kmeans_index.h */ = {isa = PBXFileReference; explicitFileType = sourcecode.c.h; fileEncoding = 30; name = kmeans_index.h; path = ../../../../../Applications/of_v0.9.8_osx_release/addons/ofxOpenCv/libs/opencv/include/opencv2/flann/kmeans_index.h; sourceTree = SOURCE_ROOT; };
		17807AF436B6698403D8817E /* frame_source.hpp */ = {isa = PBXFileReference; explicitFileType = sourcecode.c.h; fileEncoding = 30; name = frame_source.hpp; path = ../../../../../Applications/of_v0.9.8_osx_release/addons/ofxOpenCv/libs/opencv/include/opencv2/videostab/frame_source.hpp; sourceTree = SOURCE_ROOT; };
		17DF3D2F73DA72A78DDB1685 /* datamov_utils.hpp */ = {isa = PBXFileReference; explicitFileType = sourcecode.c.h; fileEncoding = 30; name = datamov_utils.hpp; path = ../../../../../Applications/of_v0.9.8_osx_release/addons/ofxOpenCv/libs/opencv/include/opencv2/gpu/device/datamov_utils.hpp; sourceTree = SOURCE_ROOT; };
		184F83DF29DF1114114DF296 /* ofxCvFloatImage.h */ = {isa = PBXFileReference; explicitFileType = sourcecode.c.h; fileEncoding = 30; name = ofxCvFloatImage.h; path = ../../../../../Applications/of_v0.9.8_osx_release/addons/ofxOpenCv/src/ofxCvFloatImage.h; sourceTree = SOURCE_ROOT; };
		1A2D4FAF0D4027DAA04B8585 /* cxcore.h */ = {isa = PBXFileReference; explicitFileType = sourcecode.c.h; fileEncoding = 30; name = cxcore.h; path = ../../../../../Applications/of_v0.9.8_osx_release/addons/ofxOpenCv/libs/opencv/include/opencv/cxcore.h; sourceTree = SOURCE_ROOT; };
		1A39A54D6CD2903D45CDDD94 /* core.hpp */ = {isa = PBXFileReference; explicitFileType = sourcecode.c.h; fileEncoding = 30; name = core.hpp; path = ../../../../../Applications/of_v0.9.8_osx_release/addons/ofxOpenCv/libs/opencv/include/opencv2/core/core.hpp; sourceTree = SOURCE_ROOT; };
		1A7332C353DB9AB843A6660B /* linear_index.h */ = {isa = PBXFileReference; explicitFileType = sourcecode.c.h; fileEncoding = 30; name = linear_index.h; path = ../../../../../Applications/of_v0.9.8_osx_release/addons/ofxOpenCv/libs/opencv/include/opencv2/flann/linear_index.h; sourceTree = SOURCE_ROOT; };
		1A94B6E35311421D89BAD038 /* scan.hpp */ = {isa = PBXFileReference; explicitFileType = sourcecode.c.h; fileEncoding = 30; name = scan.hpp; path = ../../../../../Applications/of_v0.9.8_osx_release/addons/ofxOpenCv/libs/opencv/include/opencv2/gpu/device/scan.hpp; sourceTree = SOURCE_ROOT; };
		1D2C0D3382720F0650812B0A /* opengl_interop.hpp */ = {isa = PBXFileReference; explicitFileType = sourcecode.c.h; fileEncoding = 30; name = opengl_interop.hpp; path = ../../../../../Applications/of_v0.9.8_osx_release/addons/ofxOpenCv/libs/opencv/include/opencv2/core/opengl_interop.hpp; sourceTree = SOURCE_ROOT; };
		1E17D22AFFF51366458F949F /* cameraTracking.cpp */ = {isa = PBXFileReference; explicitFileType = sourcecode.cpp.cpp; fileEncoding = 30; name = cameraTracking.cpp; path = src/cameraTracking.cpp; sourceTree = SOURCE_ROOT; };
		1E862DF4F905B63CB24C4F2B /* limits.hpp */ = {isa = PBXFileReference; explicitFileType = sourcecode.c.h; fileEncoding = 30; name = limits.hpp; path = ../../../../../Applications/of_v0.9.8_osx_release/addons/ofxOpenCv/libs/opencv/include/opencv2/gpu/device/limits.hpp; sourceTree = SOURCE_ROOT; };
		1FC2EF7ABBB59BA6E57B3583 /* eigen.hpp */ = {isa = PBXFileReference; explicitFileType = sourcecode.c.h; fileEncoding = 30; name = eigen.hpp; path = ../../../../../Applications/of_v0.9.8_osx_release/addons/ofxOpenCv/libs/opencv/include/opencv2/core/eigen.hpp; sourceTree = SOURCE_ROOT; };
		20E62C0CD3948840A940B6F6 /* simd_functions.hpp */ = {isa = PBXFileReference; explicitFileType = sourcecode.c.h; fileEncoding = 30; name = simd_functions.hpp; path = ../../../../../Applications/of_v0.9.8_osx_release/addons/ofxOpenCv/libs/opencv/include/opencv2/gpu/device/simd_functions.hpp; sourceTree = SOURCE_ROOT; };
		2119F0AA46C93257D618FD71 /* gpu_perf.hpp */ = {isa = PBXFileReference; explicitFileType = sourcecode.c.h; fileEncoding = 30; name = gpu_perf.hpp; path = ../../../../../Applications/of_v0.9.8_osx_release/addons/ofxOpenCv/libs/opencv/include/opencv2/ts/gpu_perf.hpp; sourceTree = SOURCE_ROOT; };
		211B32730AF76CFF87FB84E2 /* ofxCvContourFinder.cpp */ = {isa = PBXFileReference; explicitFileType = sourcecode.cpp.cpp; fileEncoding = 30; name = ofxCvContourFinder.cpp; path = ../../../../../Applications/of_v0.9.8_osx_release/addons/ofxOpenCv/src/ofxCvContourFinder.cpp; sourceTree = SOURCE_ROOT; };
		23D41564249C012C44D89F0B /* block.hpp */ = {isa = PBXFileReference; explicitFileType = sourcecode.c.h; fileEncoding = 30; name = block.hpp; path = ../../../../../Applications/of_v0.9.8_osx_release/addons/ofxOpenCv/libs/opencv/include/opencv2/gpu/device/block.hpp; sourceTree = SOURCE_ROOT; };
		242B0CA5B0DDEFF6B79A9971 /* calib3d.hpp */ = {isa = PBXFileReference; explicitFileType = sourcecode.c.h; fileEncoding = 30; name = calib3d.hpp; path = ../../../../../Applications/of_v0.9.8_osx_release/addons/ofxOpenCv/libs/opencv/include/opencv2/calib3d/calib3d.hpp; sourceTree = SOURCE_ROOT; };
		2492C46D0E2045C5911716BD /* lsh_table.h */ = {isa = PBXFileReference; explicitFileType = sourcecode.c.h; fileEncoding = 30; name = lsh_table.h; path = ../../../../../Applications/of_v0.9.8_osx_release/addons/ofxOpenCv/libs/opencv/include/opencv2/flann/lsh_table.h; sourceTree = SOURCE_ROOT; };
		253EA8357C7343A4FD28EB42 /* warp_reduce.hpp */ = {isa = PBXFileReference; explicitFileType = sourcecode.c.h; fileEncoding = 30; name = warp_reduce.hpp; path = ../../../../../Applications/of_v0.9.8_osx_release/addons/ofxOpenCv/libs/opencv/include/opencv2/gpu/device/warp_reduce.hpp; sourceTree = SOURCE_ROOT; };
		274C615D8E89A7447267FFB7 /* affine.hpp */ = {isa = PBXFileReference; explicitFileType = sourcecode.c.h; fileEncoding = 30; name = affine.hpp; path = ../../../../../Applications/of_v0.9.8_osx_release/addons/ofxOpenCv/libs/opencv/include/opencv2/core/affine.hpp; sourceTree = SOURCE_ROOT; };
		27EAEAE92C3EB2BA4372BAA2 /* devmem2d.hpp */ = {isa = PBXFileReference; explicitFileType = sourcecode.c.h; fileEncoding = 30; name = devmem2d.hpp; path = ../../../../../Applications/of_v0.9.8_osx_release/addons/ofxOpenCv/libs/opencv/include/opencv2/gpu/devmem2d.hpp; sourceTree = SOURCE_ROOT; };
		282F23429E0818ED9A95DA49 /* ofxCvGrayscaleImage.h */ = {isa = PBXFileReference; explicitFileType = sourcecode.c.h; fileEncoding = 30; name = ofxCvGrayscaleImage.h; path = ../../../../../Applications/of_v0.9.8_osx_release/addons/ofxOpenCv/src/ofxCvGrayscaleImage.h; sourceTree = SOURCE_ROOT; };
		284E5868EF53E293011D9F36 /* border_interpolate.hpp */ = {isa = PBXFileReference; explicitFileType = sourcecode.c.h; fileEncoding = 30; name = border_interpolate.hpp; path = ../../../../../Applications/of_v0.9.8_osx_release/addons/ofxOpenCv/libs/opencv/include/opencv2/gpu/device/border_interpolate.hpp; sourceTree = SOURCE_ROOT; };
		2D2DB31D76C10B566552B422 /* cxmisc.h */ = {isa = PBXFileReference; explicitFileType = sourcecode.c.h; fileEncoding = 30; name = cxmisc.h; path = ../../../../../Applications/of_v0.9.8_osx_release/addons/ofxOpenCv/libs/opencv/include/opencv/cxmisc.h; sourceTree = SOURCE_ROOT; };
		2FC7FDCBB822BC5367C98985 /* util_inl.hpp */ = {isa = PBXFileReference; explicitFileType = sourcecode.c.h; fileEncoding = 30; name = util_inl.hpp; path = ../../../../../Applications/of_v0.9.8_osx_release/addons/ofxOpenCv/libs/opencv/include/opencv2/stitching/detail/util_inl.hpp; sourceTree = SOURCE_ROOT; };
		30D01ABD0702F926EFF0BFEB /* gpu_test.hpp */ = {isa = PBXFileReference; explicitFileType = sourcecode.c.h; fileEncoding = 30; name = gpu_test.hpp; path = ../../../../../Applications/of_v0.9.8_osx_release/addons/ofxOpenCv/libs/opencv/include/opencv2/ts/gpu_test.hpp; sourceTree = SOURCE_ROOT; };
		34A107627F0EF73636533577 /* dynamic_smem.hpp */ = {isa = PBXFileReference; explicitFileType = sourcecode.c.h; fileEncoding = 30; name = dynamic_smem.hpp; path = ../../../../../Applications/of_v0.9.8_osx_release/addons/ofxOpenCv/libs/opencv/include/opencv2/gpu/device/dynamic_smem.hpp; sourceTree = SOURCE_ROOT; };
		35253F24BF0466A0E05AD78C /* log.hpp */ = {isa = PBXFileReference; explicitFileType = sourcecode.c.h; fileEncoding = 30; name = log.hpp; path = ../../../../../Applications/of_v0.9.8_osx_release/addons/ofxOpenCv/libs/opencv/include/opencv2/videostab/log.hpp; sourceTree = SOURCE_ROOT; };
		35A53B57974BB8C547E43796 /* background_segm.hpp */ = {isa = PBXFileReference; explicitFileType = sourcecode.c.h; fileEncoding = 30; name = background_segm.hpp; path = ../../../../../Applications/of_v0.9.8_osx_release/addons/ofxOpenCv/libs/opencv/include/opencv2/video/background_segm.hpp; sourceTree = SOURCE_ROOT; };
		35F454335F09C8D3CBA44DC7 /* cvwimage.h */ = {isa = PBXFileReference; explicitFileType = sourcecode.c.h; fileEncoding = 30; name = cvwimage.h; path = ../../../../../Applications/of_v0.9.8_osx_release/addons/ofxOpenCv/libs/opencv/include/opencv/cvwimage.h; sourceTree = SOURCE_ROOT; };
		36BE0131CEF7DF276F2C21B0 /* gpu.hpp */ = {isa = PBXFileReference; explicitFileType = sourcecode.c.h; fileEncoding = 30; name = gpu.hpp; path = ../../../../../Applications/of_v0.9.8_osx_release/addons/ofxOpenCv/libs/opencv/include/opencv2/nonfree/gpu.hpp; sourceTree = SOURCE_ROOT; };
		379A6600E9FB8E7C16C83F8C /* cxcore.hpp */ = {isa = PBXFileReference; explicitFileType = sourcecode.c.h; fileEncoding = 30; name = cxcore.hpp; path = ../../../../../Applications/of_v0.9.8_osx_release/addons/ofxOpenCv/libs/opencv/include/opencv/cxcore.hpp; sourceTree = SOURCE_ROOT; };
		39E5CF7FF080E17E198879B3 /* exposure_compensate.hpp */ = {isa = PBXFileReference; explicitFileType = sourcecode.c.h; fileEncoding = 30; name = exposure_compensate.hpp; path = ../../../../../Applications/of_v0.9.8_osx_release/addons/ofxOpenCv/libs/opencv/include/opencv2/stitching/detail/exposure_compensate.hpp; sourceTree = SOURCE_ROOT; };
		3A2A8C6ADAE26BC192E7D7F7 /* hierarchical_clustering_index.h */ = {isa = PBXFileReference; explicitFileType = sourcecode.c.h; fileEncoding = 30; name = hierarchical_clustering_index.h; path = ../../../../../Applications/of_v0.9.8_osx_release/addons/ofxOpenCv/libs/opencv/include/opencv2/flann/hierarchical_clustering_index.h; sourceTree = SOURCE_ROOT; };
		3B7991F766777F917011AED5 /* utility.hpp */ = {isa = PBXFileReference; explicitFileType = sourcecode.c.h; fileEncoding = 30; name = utility.hpp; path = ../../../../../Applications/of_v0.9.8_osx_release/addons/ofxOpenCv/libs/opencv/include/opencv2/gpu/device/utility.hpp; sourceTree = SOURCE_ROOT; };
		3FC416EDCE9F87A84B03D8C4 /* color.hpp */ = {isa = PBXFileReference; explicitFileType = sourcecode.c.h; fileEncoding = 30; name = color.hpp; path = ../../../../../Applications/of_v0.9.8_osx_release/addons/ofxOpenCv/libs/opencv/include/opencv2/gpu/device/color.hpp; sourceTree = SOURCE_ROOT; };
		41A33A757DB1A632DBB97709 /* kdtree_single_index.h */ = {isa = PBXFileReference; explicitFileType = sourcecode.c.h; fileEncoding = 30; name = kdtree_single_index.h; path = ../../../../../Applications/of_v0.9.8_osx_release/addons/ofxOpenCv/libs/opencv/include/opencv2/flann/kdtree_single_index.h; sourceTree = SOURCE_ROOT; };
		41FA345A717CF11516C56E73 /* object_factory.h */ = {isa = PBXFileReference; explicitFileType = sourcecode.c.h; fileEncoding = 30; name = object_factory.h; path = ../../../../../Applications/of_v0.9.8_osx_release/addons/ofxOpenCv/libs/opencv/include/opencv2/flann/object_factory.h; sourceTree = SOURCE_ROOT; };
		42F5C4F61AA828141A16DEEE /* internal.hpp */ = {isa = PBXFileReference; explicitFileType = sourcecode.c.h; fileEncoding = 30; name = internal.hpp; path = ../../../../../Applications/of_v0.9.8_osx_release/addons/ofxOpenCv/libs/opencv/include/opencv2/core/internal.hpp; sourceTree = SOURCE_ROOT; };
		43F4A5372820BDB238C69401 /* fast_marching.hpp */ = {isa = PBXFileReference; explicitFileType = sourcecode.c.h; fileEncoding = 30; name = fast_marching.hpp; path = ../../../../../Applications/of_v0.9.8_osx_release/addons/ofxOpenCv/libs/opencv/include/opencv2/videostab/fast_marching.hpp; sourceTree = SOURCE_ROOT; };
		4547BB3F0212A6853089637A /* cv.h */ = {isa = PBXFileReference; explicitFileType = sourcecode.c.h; fileEncoding = 30; name = cv.h; path = ../../../../../Applications/of_v0.9.8_osx_release/addons/ofxOpenCv/libs/opencv/include/opencv/cv.h; sourceTree = SOURCE_ROOT; };
		45B6BED961F0FB520F743C1C /* cv.hpp */ = {isa = PBXFileReference; explicitFileType = sourcecode.c.h; fileEncoding = 30; name = cv.hpp; path = ../../../../../Applications/of_v0.9.8_osx_release/addons/ofxOpenCv/libs/opencv/include/opencv/cv.hpp; sourceTree = SOURCE_ROOT; };
		45C99AB1B736C87B60C24C62 /* imgproc_c.h */ = {isa = PBXFileReference; explicitFileType = sourcecode.c.h; fileEncoding = 30; name = imgproc_c.h; path = ../../../../../Applications/of_v0.9.8_osx_release/addons/ofxOpenCv/libs/opencv/include/opencv2/imgproc/imgproc_c.h; sourceTree = SOURCE_ROOT; };
		45E1F385B2031031E9F38E83 /* highgui.hpp */ = {isa = PBXFileReference; explicitFileType = sourcecode.c.h; fileEncoding = 30; name = highgui.hpp; path = ../../../../../Applications/of_v0.9.8_osx_release/addons/ofxOpenCv/libs/opencv/include/opencv2/highgui/highgui.hpp; sourceTree = SOURCE_ROOT; };
		46E974DDE4E85930D1A64A5B /* defines.h */ = {isa = PBXFileReference; explicitFileType = sourcecode.c.h; fileEncoding = 30; name = defines.h; path = ../../../../../Applications/of_v0.9.8_osx_release/addons/ofxOpenCv/libs/opencv/include/opencv2/flann/defines.h; sourceTree = SOURCE_ROOT; };
		4809C86434499AC5C2742D3A /* ios.h */ = {isa = PBXFileReference; explicitFileType = sourcecode.c.h; fileEncoding = 30; name = ios.h; path = ../../../../../Applications/of_v0.9.8_osx_release/addons/ofxOpenCv/libs/opencv/include/opencv2/highgui/ios.h; sourceTree = SOURCE_ROOT; };
		4AA19FDEAD8F5B7D3DCBCAF7 /* operations.hpp */ = {isa = PBXFileReference; explicitFileType = sourcecode.c.h; fileEncoding = 30; name = operations.hpp; path = ../../../../../Applications/of_v0.9.8_osx_release/addons/ofxOpenCv/libs/opencv/include/opencv2/core/operations.hpp; sourceTree = SOURCE_ROOT; };
		4AFBEB030C61FEDFF6DA7EDA /* highgui_c.h */ = {isa = PBXFileReference; explicitFileType = sourcecode.c.h; fileEncoding = 30; name = highgui_c.h; path = ../../../../../Applications/of_v0.9.8_osx_release/addons/ofxOpenCv/libs/opencv/include/opencv2/highgui/highgui_c.h; sourceTree = SOURCE_ROOT; };
		50CC4500F210354922E9DA35 /* any.h */ = {isa = PBXFileReference; explicitFileType = sourcecode.c.h; fileEncoding = 30; name = any.h; path = ../../../../../Applications/of_v0.9.8_osx_release/addons/ofxOpenCv/libs/opencv/include/opencv2/flann/any.h; sourceTree = SOURCE_ROOT; };
		519F002FFEA1F0AE424386EC /* allocator.h */ = {isa = PBXFileReference; explicitFileType = sourcecode.c.h; fileEncoding = 30; name = allocator.h; path = ../../../../../Applications/of_v0.9.8_osx_release/addons/ofxOpenCv/libs/opencv/include/opencv2/flann/allocator.h; sourceTree = SOURCE_ROOT; };
		52987D842038A63CF417A378 /* retina.hpp */ = {isa = PBXFileReference; explicitFileType = sourcecode.c.h; fileEncoding = 30; name = retina.hpp; path = ../../../../../Applications/of_v0.9.8_osx_release/addons/ofxOpenCv/libs/opencv/include/opencv2/contrib/retina.hpp; sourceTree = SOURCE_ROOT; };
		55CD83A665263CC376A636BE /* warp.hpp */ = {isa = PBXFileReference; explicitFileType = sourcecode.c.h; fileEncoding = 30; name = warp.hpp; path = ../../../../../Applications/of_v0.9.8_osx_release/addons/ofxOpenCv/libs/opencv/include/opencv2/gpu/device/warp.hpp; sourceTree = SOURCE_ROOT; };
		5645954046AB837ECB61907B /* ocl.hpp */ = {isa = PBXFileReference; explicitFileType = sourcecode.c.h; fileEncoding = 30; name = ocl.hpp; path = ../../../../../Applications/of_v0.9.8_osx_release/addons/ofxOpenCv/libs/opencv/include/opencv2/nonfree/ocl.hpp; sourceTree = SOURCE_ROOT; };
		59AFE8B2C73222CC4141ED71 /* ofxCvContourFinder.h */ = {isa = PBXFileReference; explicitFileType = sourcecode.c.h; fileEncoding = 30; name = ofxCvContourFinder.h; path = ../../../../../Applications/of_v0.9.8_osx_release/addons/ofxOpenCv/src/ofxCvContourFinder.h; sourceTree = SOURCE_ROOT; };
		5AD90E34ACC61F70F5E2E45C /* type_traits.hpp */ = {isa = PBXFileReference; explicitFileType = sourcecode.c.h; fileEncoding = 30; name = type_traits.hpp; path = ../../../../../Applications/of_v0.9.8_osx_release/addons/ofxOpenCv/libs/opencv/include/opencv2/gpu/device/type_traits.hpp; sourceTree = SOURCE_ROOT; };
		5BB70C20752FCAB1CD9B1A7B /* opengl_interop_deprecated.hpp */ = {isa = PBXFileReference; explicitFileType = sourcecode.c.h; fileEncoding = 30; name = opengl_interop_deprecated.hpp; path = ../../../../../Applications/of_v0.9.8_osx_release/addons/ofxOpenCv/libs/opencv/include/opencv2/core/opengl_interop_deprecated.hpp; sourceTree = SOURCE_ROOT; };
		5D5D5756EE572577ADBF092D /* warp_shuffle.hpp */ = {isa = PBXFileReference; explicitFileType = sourcecode.c.h; fileEncoding = 30; name = warp_shuffle.hpp; path = ../../../../../Applications/of_v0.9.8_osx_release/addons/ofxOpenCv/libs/opencv/include/opencv2/gpu/device/warp_shuffle.hpp; sourceTree = SOURCE_ROOT; };
		6258852928BDAA0C96034645 /* legacy.hpp */ = {isa = PBXFileReference; explicitFileType = sourcecode.c.h; fileEncoding = 30; name = legacy.hpp; path = ../../../../../Applications/of_v0.9.8_osx_release/addons/ofxOpenCv/libs/opencv/include/opencv2/legacy/legacy.hpp; sourceTree = SOURCE_ROOT; };
		64CF7D98CA3924B0C1A26A35 /* wimage.hpp */ = {isa = PBXFileReference; explicitFileType = sourcecode.c.h; fileEncoding = 30; name = wimage.hpp; path = ../../../../../Applications/of_v0.9.8_osx_release/addons/ofxOpenCv/libs/opencv/include/opencv2/core/wimage.hpp; sourceTree = SOURCE_ROOT; };
		657A0B2020846DE40046E8D4 /* character.cpp */ = {isa = PBXFileReference; lastKnownFileType = sourcecode.cpp.cpp; path = character.cpp; sourceTree = "<group>"; };
		657A0B2120846DE40046E8D4 /* character.hpp */ = {isa = PBXFileReference; lastKnownFileType = sourcecode.cpp.h; path = character.hpp; sourceTree = "<group>"; };
		6861F796C64EAD08688861C2 /* funcattrib.hpp */ = {isa = PBXFileReference; explicitFileType = sourcecode.c.h; fileEncoding = 30; name = funcattrib.hpp; path = ../../../../../Applications/of_v0.9.8_osx_release/addons/ofxOpenCv/libs/opencv/include/opencv2/gpu/device/funcattrib.hpp; sourceTree = SOURCE_ROOT; };
		68EC18E37D2791AD3712F53C /* features2d.hpp */ = {isa = PBXFileReference; explicitFileType = sourcecode.c.h; fileEncoding = 30; name = features2d.hpp; path = ../../../../../Applications/of_v0.9.8_osx_release/addons/ofxOpenCv/libs/opencv/include/opencv2/features2d/features2d.hpp; sourceTree = SOURCE_ROOT; };
		6AA6739B93509586DD79986E /* config.h */ = {isa = PBXFileReference; explicitFileType = sourcecode.c.h; fileEncoding = 30; name = config.h; path = ../../../../../Applications/of_v0.9.8_osx_release/addons/ofxOpenCv/libs/opencv/include/opencv2/flann/config.h; sourceTree = SOURCE_ROOT; };
		6C1A3E423E6D4401289E52B3 /* ofxCvConstants.h */ = {isa = PBXFileReference; explicitFileType = sourcecode.c.h; fileEncoding = 30; name = ofxCvConstants.h; path = ../../../../../Applications/of_v0.9.8_osx_release/addons/ofxOpenCv/src/ofxCvConstants.h; sourceTree = SOURCE_ROOT; };
		6DB6FB696E41FD37F0001CDE /* transform.hpp */ = {isa = PBXFileReference; explicitFileType = sourcecode.c.h; fileEncoding = 30; name = transform.hpp; path = ../../../../../Applications/of_v0.9.8_osx_release/addons/ofxOpenCv/libs/opencv/include/opencv2/gpu/device/transform.hpp; sourceTree = SOURCE_ROOT; };
		6DFABFDAE5DC9D73A5062924 /* openfabmap.hpp */ = {isa = PBXFileReference; explicitFileType = sourcecode.c.h; fileEncoding = 30; name = openfabmap.hpp; path = ../../../../../Applications/of_v0.9.8_osx_release/addons/ofxOpenCv/libs/opencv/include/opencv2/contrib/openfabmap.hpp; sourceTree = SOURCE_ROOT; };
		6ED530B77F9B18753AD575A4 /* inpainting.hpp */ = {isa = PBXFileReference; explicitFileType = sourcecode.c.h; fileEncoding = 30; name = inpainting.hpp; path = ../../../../../Applications/of_v0.9.8_osx_release/addons/ofxOpenCv/libs/opencv/include/opencv2/videostab/inpainting.hpp; sourceTree = SOURCE_ROOT; };
		7130D2547DCE4492D4DAC43B /* reduce.hpp */ = {isa = PBXFileReference; explicitFileType = sourcecode.c.h; fileEncoding = 30; name = reduce.hpp; path = ../../../../../Applications/of_v0.9.8_osx_release/addons/ofxOpenCv/libs/opencv/include/opencv2/gpu/device/detail/reduce.hpp; sourceTree = SOURCE_ROOT; };
		7172A8BF35F10D642ADD64A4 /* kdtree_index.h */ = {isa = PBXFileReference; explicitFileType = sourcecode.c.h; fileEncoding = 30; name = kdtree_index.h; path = ../../../../../Applications/of_v0.9.8_osx_release/addons/ofxOpenCv/libs/opencv/include/opencv2/flann/kdtree_index.h; sourceTree = SOURCE_ROOT; };
		74B67A8F4E161FBAB6BB508E /* features2d.hpp */ = {isa = PBXFileReference; explicitFileType = sourcecode.c.h; fileEncoding = 30; name = features2d.hpp; path = ../../../../../Applications/of_v0.9.8_osx_release/addons/ofxOpenCv/libs/opencv/include/opencv2/nonfree/features2d.hpp; sourceTree = SOURCE_ROOT; };
		75CFBCFCA5710D4E5E423EBC /* ts.hpp */ = {isa = PBXFileReference; explicitFileType = sourcecode.c.h; fileEncoding = 30; name = ts.hpp; path = ../../../../../Applications/of_v0.9.8_osx_release/addons/ofxOpenCv/libs/opencv/include/opencv2/ts/ts.hpp; sourceTree = SOURCE_ROOT; };
		75F40DB7464B8F556B02BE85 /* sampling.h */ = {isa = PBXFileReference; explicitFileType = sourcecode.c.h; fileEncoding = 30; name = sampling.h; path = ../../../../../Applications/of_v0.9.8_osx_release/addons/ofxOpenCv/libs/opencv/include/opencv2/flann/sampling.h; sourceTree = SOURCE_ROOT; };
		7722D64AD6FA6CD21B63991C /* stream_accessor.hpp */ = {isa = PBXFileReference; explicitFileType = sourcecode.c.h; fileEncoding = 30; name = stream_accessor.hpp; path = ../../../../../Applications/of_v0.9.8_osx_release/addons/ofxOpenCv/libs/opencv/include/opencv2/gpu/stream_accessor.hpp; sourceTree = SOURCE_ROOT; };
		7AE75417FC8777D42B8B9C3D /* devmem2d.hpp */ = {isa = PBXFileReference; explicitFileType = sourcecode.c.h; fileEncoding = 30; name = devmem2d.hpp; path = ../../../../../Applications/of_v0.9.8_osx_release/addons/ofxOpenCv/libs/opencv/include/opencv2/core/devmem2d.hpp; sourceTree = SOURCE_ROOT; };
		7DD160BB3CA7268B580A31AD /* compat.hpp */ = {isa = PBXFileReference; explicitFileType = sourcecode.c.h; fileEncoding = 30; name = compat.hpp; path = ../../../../../Applications/of_v0.9.8_osx_release/addons/ofxOpenCv/libs/opencv/include/opencv2/legacy/compat.hpp; sourceTree = SOURCE_ROOT; };
		7F2D5AFAB3FCF43F2A3A19EF /* common.hpp */ = {isa = PBXFileReference; explicitFileType = sourcecode.c.h; fileEncoding = 30; name = common.hpp; path = ../../../../../Applications/of_v0.9.8_osx_release/addons/ofxOpenCv/libs/opencv/include/opencv2/gpu/device/common.hpp; sourceTree = SOURCE_ROOT; };
		8056CC80B2E3BA1B8A38E995 /* ofxCvImage.h */ = {isa = PBXFileReference; explicitFileType = sourcecode.c.h; fileEncoding = 30; name = ofxCvImage.h; path = ../../../../../Applications/of_v0.9.8_osx_release/addons/ofxOpenCv/src/ofxCvImage.h; sourceTree = SOURCE_ROOT; };
		836F1A3C36C8C7BAAE8A867D /* heap.h */ = {isa = PBXFileReference; explicitFileType = sourcecode.c.h; fileEncoding = 30; name = heap.h; path = ../../../../../Applications/of_v0.9.8_osx_release/addons/ofxOpenCv/libs/opencv/include/opencv2/flann/heap.h; sourceTree = SOURCE_ROOT; };
		841300CBEB06A0589D2D5E6D /* cuda_devptrs.hpp */ = {isa = PBXFileReference; explicitFileType = sourcecode.c.h; fileEncoding = 30; name = cuda_devptrs.hpp; path = ../../../../../Applications/of_v0.9.8_osx_release/addons/ofxOpenCv/libs/opencv/include/opencv2/core/cuda_devptrs.hpp; sourceTree = SOURCE_ROOT; };
		8465ED07A2CE31FF8436DAEB /* core_c.h */ = {isa = PBXFileReference; explicitFileType = sourcecode.c.h; fileEncoding = 30; name = core_c.h; path = ../../../../../Applications/of_v0.9.8_osx_release/addons/ofxOpenCv/libs/opencv/include/opencv2/core/core_c.h; sourceTree = SOURCE_ROOT; };
		84ED3856931C9DA4CBED4726 /* optical_flow.hpp */ = {isa = PBXFileReference; explicitFileType = sourcecode.c.h; fileEncoding = 30; name = optical_flow.hpp; path = ../../../../../Applications/of_v0.9.8_osx_release/addons/ofxOpenCv/libs/opencv/include/opencv2/videostab/optical_flow.hpp; sourceTree = SOURCE_ROOT; };
		84EE4BFBC88CC9A2D6A7AF4B /* params.h */ = {isa = PBXFileReference; explicitFileType = sourcecode.c.h; fileEncoding = 30; name = params.h; path = ../../../../../Applications/of_v0.9.8_osx_release/addons/ofxOpenCv/libs/opencv/include/opencv2/flann/params.h; sourceTree = SOURCE_ROOT; };
		84FB118254FE7B1F3552F924 /* autotuned_index.h */ = {isa = PBXFileReference; explicitFileType = sourcecode.c.h; fileEncoding = 30; name = autotuned_index.h; path = ../../../../../Applications/of_v0.9.8_osx_release/addons/ofxOpenCv/libs/opencv/include/opencv2/flann/autotuned_index.h; sourceTree = SOURCE_ROOT; };
		850197159A98DC668AEE9428 /* camera.hpp */ = {isa = PBXFileReference; explicitFileType = sourcecode.c.h; fileEncoding = 30; name = camera.hpp; path = ../../../../../Applications/of_v0.9.8_osx_release/addons/ofxOpenCv/libs/opencv/include/opencv2/stitching/detail/camera.hpp; sourceTree = SOURCE_ROOT; };
		85382E2AC6F2FAE1518AD387 /* nonfree.hpp */ = {isa = PBXFileReference; explicitFileType = sourcecode.c.h; fileEncoding = 30; name = nonfree.hpp; path = ../../../../../Applications/of_v0.9.8_osx_release/addons/ofxOpenCv/libs/opencv/include/opencv2/nonfree/nonfree.hpp; sourceTree = SOURCE_ROOT; };
		8703D0F8815200F6254B5715 /* cvaux.h */ = {isa = PBXFileReference; explicitFileType = sourcecode.c.h; fileEncoding = 30; name = cvaux.h; path = ../../../../../Applications/of_v0.9.8_osx_release/addons/ofxOpenCv/libs/opencv/include/opencv/cvaux.h; sourceTree = SOURCE_ROOT; };
		88525515D9A80648035428B3 /* color_detail.hpp */ = {isa = PBXFileReference; explicitFileType = sourcecode.c.h; fileEncoding = 30; name = color_detail.hpp; path = ../../../../../Applications/of_v0.9.8_osx_release/addons/ofxOpenCv/libs/opencv/include/opencv2/gpu/device/detail/color_detail.hpp; sourceTree = SOURCE_ROOT; };
		887F403F41E549505AB232B0 /* miniflann.hpp */ = {isa = PBXFileReference; explicitFileType = sourcecode.c.h; fileEncoding = 30; name = miniflann.hpp; path = ../../../../../Applications/of_v0.9.8_osx_release/addons/ofxOpenCv/libs/opencv/include/opencv2/flann/miniflann.hpp; sourceTree = SOURCE_ROOT; };
		88E449FFE715261EF3E9DC2E /* vec_math.hpp */ = {isa = PBXFileReference; explicitFileType = sourcecode.c.h; fileEncoding = 30; name = vec_math.hpp; path = ../../../../../Applications/of_v0.9.8_osx_release/addons/ofxOpenCv/libs/opencv/include/opencv2/gpu/device/vec_math.hpp; sourceTree = SOURCE_ROOT; };
		8982D8F2D1B1746EBCA9EA14 /* ofxCvColorImage.cpp */ = {isa = PBXFileReference; explicitFileType = sourcecode.cpp.cpp; fileEncoding = 30; name = ofxCvColorImage.cpp; path = ../../../../../Applications/of_v0.9.8_osx_release/addons/ofxOpenCv/src/ofxCvColorImage.cpp; sourceTree = SOURCE_ROOT; };
		89978A70B8F9FA0C9ADFC99F /* blobtrack.hpp */ = {isa = PBXFileReference; explicitFileType = sourcecode.c.h; fileEncoding = 30; name = blobtrack.hpp; path = ../../../../../Applications/of_v0.9.8_osx_release/addons/ofxOpenCv/libs/opencv/include/opencv2/legacy/blobtrack.hpp; sourceTree = SOURCE_ROOT; };
		8C68925A19AC7AE424D1D195 /* ts_perf.hpp */ = {isa = PBXFileReference; explicitFileType = sourcecode.c.h; fileEncoding = 30; name = ts_perf.hpp; path = ../../../../../Applications/of_v0.9.8_osx_release/addons/ofxOpenCv/libs/opencv/include/opencv2/ts/ts_perf.hpp; sourceTree = SOURCE_ROOT; };
		8D0B3B87D937DFF6861DA6BE /* gpumat.hpp */ = {isa = PBXFileReference; explicitFileType = sourcecode.c.h; fileEncoding = 30; name = gpumat.hpp; path = ../../../../../Applications/of_v0.9.8_osx_release/addons/ofxOpenCv/libs/opencv/include/opencv2/gpu/gpumat.hpp; sourceTree = SOURCE_ROOT; };
		8F4773B903742430F170BC58 /* ml.hpp */ = {isa = PBXFileReference; explicitFileType = sourcecode.c.h; fileEncoding = 30; name = ml.hpp; path = ../../../../../Applications/of_v0.9.8_osx_release/addons/ofxOpenCv/libs/opencv/include/opencv2/ml/ml.hpp; sourceTree = SOURCE_ROOT; };
		8FEC05FF869CE4AEBC52540F /* logger.h */ = {isa = PBXFileReference; explicitFileType = sourcecode.c.h; fileEncoding = 30; name = logger.h; path = ../../../../../Applications/of_v0.9.8_osx_release/addons/ofxOpenCv/libs/opencv/include/opencv2/flann/logger.h; sourceTree = SOURCE_ROOT; };
		90324BD30F34089B5A8785D7 /* vec_traits.hpp */ = {isa = PBXFileReference; explicitFileType = sourcecode.c.h; fileEncoding = 30; name = vec_traits.hpp; path = ../../../../../Applications/of_v0.9.8_osx_release/addons/ofxOpenCv/libs/opencv/include/opencv2/gpu/device/vec_traits.hpp; sourceTree = SOURCE_ROOT; };
		90717484290283AEF7D6D564 /* hybridtracker.hpp */ = {isa = PBXFileReference; explicitFileType = sourcecode.c.h; fileEncoding = 30; name = hybridtracker.hpp; path = ../../../../../Applications/of_v0.9.8_osx_release/addons/ofxOpenCv/libs/opencv/include/opencv2/contrib/hybridtracker.hpp; sourceTree = SOURCE_ROOT; };
		90CBE050004DC1F583F0BA97 /* motion_stabilizing.hpp */ = {isa = PBXFileReference; explicitFileType = sourcecode.c.h; fileEncoding = 30; name = motion_stabilizing.hpp; path = ../../../../../Applications/of_v0.9.8_osx_release/addons/ofxOpenCv/libs/opencv/include/opencv2/videostab/motion_stabilizing.hpp; sourceTree = SOURCE_ROOT; };
		91CAC9FFE17DABE2097A9F4C /* ml.h */ = {isa = PBXFileReference; explicitFileType = sourcecode.c.h; fileEncoding = 30; name = ml.h; path = ../../../../../Applications/of_v0.9.8_osx_release/addons/ofxOpenCv/libs/opencv/include/opencv/ml.h; sourceTree = SOURCE_ROOT; };
		94009F02CDDEC08F7131AFDF /* hdf5.h */ = {isa = PBXFileReference; explicitFileType = sourcecode.c.h; fileEncoding = 30; name = hdf5.h; path = ../../../../../Applications/of_v0.9.8_osx_release/addons/ofxOpenCv/libs/opencv/include/opencv2/flann/hdf5.h; sourceTree = SOURCE_ROOT; };
		9459788DAE40429BC9B614E2 /* ofxCvImage.cpp */ = {isa = PBXFileReference; explicitFileType = sourcecode.cpp.cpp; fileEncoding = 30; name = ofxCvImage.cpp; path = ../../../../../Applications/of_v0.9.8_osx_release/addons/ofxOpenCv/src/ofxCvImage.cpp; sourceTree = SOURCE_ROOT; };
		94B9A42E82B847EBC7C5BDC9 /* static_check.hpp */ = {isa = PBXFileReference; explicitFileType = sourcecode.c.h; fileEncoding = 30; name = static_check.hpp; path = ../../../../../Applications/of_v0.9.8_osx_release/addons/ofxOpenCv/libs/opencv/include/opencv2/gpu/device/static_check.hpp; sourceTree = SOURCE_ROOT; };
		94F5741B47D657171602746A /* blenders.hpp */ = {isa = PBXFileReference; explicitFileType = sourcecode.c.h; fileEncoding = 30; name = blenders.hpp; path = ../../../../../Applications/of_v0.9.8_osx_release/addons/ofxOpenCv/libs/opencv/include/opencv2/stitching/detail/blenders.hpp; sourceTree = SOURCE_ROOT; };
		964C3DEE9B31188C474C3E3E /* ofxCvShortImage.cpp */ = {isa = PBXFileReference; explicitFileType = sourcecode.cpp.cpp; fileEncoding = 30; name = ofxCvShortImage.cpp; path = ../../../../../Applications/of_v0.9.8_osx_release/addons/ofxOpenCv/src/ofxCvShortImage.cpp; sourceTree = SOURCE_ROOT; };
		96CBC3B7A26DDA047884380B /* ofxCvColorImage.h */ = {isa = PBXFileReference; explicitFileType = sourcecode.c.h; fileEncoding = 30; name = ofxCvColorImage.h; path = ../../../../../Applications/of_v0.9.8_osx_release/addons/ofxOpenCv/src/ofxCvColorImage.h; sourceTree = SOURCE_ROOT; };
		9A8DFAFAA5C75DE5F102C294 /* opencv.hpp */ = {isa = PBXFileReference; explicitFileType = sourcecode.c.h; fileEncoding = 30; name = opencv.hpp; path = ../../../../../Applications/of_v0.9.8_osx_release/addons/ofxOpenCv/libs/opencv/include/opencv2/opencv.hpp; sourceTree = SOURCE_ROOT; };
		9C634904D26A7D285AF36DAD /* composite_index.h */ = {isa = PBXFileReference; explicitFileType = sourcecode.c.h; fileEncoding = 30; name = composite_index.h; path = ../../../../../Applications/of_v0.9.8_osx_release/addons/ofxOpenCv/libs/opencv/include/opencv2/flann/composite_index.h; sourceTree = SOURCE_ROOT; };
		9C76D94616DAD582B62C4566 /* mat.hpp */ = {isa = PBXFileReference; explicitFileType = sourcecode.c.h; fileEncoding = 30; name = mat.hpp; path = ../../../../../Applications/of_v0.9.8_osx_release/addons/ofxOpenCv/libs/opencv/include/opencv2/core/mat.hpp; sourceTree = SOURCE_ROOT; };
		9CCA2919A121F1A33B461335 /* ofxCvShortImage.h */ = {isa = PBXFileReference; explicitFileType = sourcecode.c.h; fileEncoding = 30; name = ofxCvShortImage.h; path = ../../../../../Applications/of_v0.9.8_osx_release/addons/ofxOpenCv/src/ofxCvShortImage.h; sourceTree = SOURCE_ROOT; };
		9CF623835BCAC86E17B00418 /* photo.hpp */ = {isa = PBXFileReference; explicitFileType = sourcecode.c.h; fileEncoding = 30; name = photo.hpp; path = ../../../../../Applications/of_v0.9.8_osx_release/addons/ofxOpenCv/libs/opencv/include/opencv2/photo/photo.hpp; sourceTree = SOURCE_ROOT; };
		A6FA8D1EE3A39A3AF3B1A8C6 /* videostab.hpp */ = {isa = PBXFileReference; explicitFileType = sourcecode.c.h; fileEncoding = 30; name = videostab.hpp; path = ../../../../../Applications/of_v0.9.8_osx_release/addons/ofxOpenCv/libs/opencv/include/opencv2/videostab/videostab.hpp; sourceTree = SOURCE_ROOT; };
		A84FFF0E053DE909E995CB98 /* maze.cpp */ = {isa = PBXFileReference; explicitFileType = sourcecode.cpp.cpp; fileEncoding = 30; name = maze.cpp; path = src/maze.cpp; sourceTree = SOURCE_ROOT; };
		AA78E63FC4A1703F600333AC /* lsh_index.h */ = {isa = PBXFileReference; explicitFileType = sourcecode.c.h; fileEncoding = 30; name = lsh_index.h; path = ../../../../../Applications/of_v0.9.8_osx_release/addons/ofxOpenCv/libs/opencv/include/opencv2/flann/lsh_index.h; sourceTree = SOURCE_ROOT; };
		ACC5FAC074E10AF28AA3E1D9 /* cvaux.hpp */ = {isa = PBXFileReference; explicitFileType = sourcecode.c.h; fileEncoding = 30; name = cvaux.hpp; path = ../../../../../Applications/of_v0.9.8_osx_release/addons/ofxOpenCv/libs/opencv/include/opencv/cvaux.hpp; sourceTree = SOURCE_ROOT; };
		AF059854209EA67D52BD9607 /* ofxCvHaarFinder.h */ = {isa = PBXFileReference; explicitFileType = sourcecode.c.h; fileEncoding = 30; name = ofxCvHaarFinder.h; path = ../../../../../Applications/of_v0.9.8_osx_release/addons/ofxOpenCv/src/ofxCvHaarFinder.h; sourceTree = SOURCE_ROOT; };
		B0EDF526B4F31563DF219F2D /* warpers.hpp */ = {isa = PBXFileReference; explicitFileType = sourcecode.c.h; fileEncoding = 30; name = warpers.hpp; path = ../../../../../Applications/of_v0.9.8_osx_release/addons/ofxOpenCv/libs/opencv/include/opencv2/stitching/detail/warpers.hpp; sourceTree = SOURCE_ROOT; };
		B11CCE06C23D5A54E2452F7A /* gpumat.hpp */ = {isa = PBXFileReference; explicitFileType = sourcecode.c.h; fileEncoding = 30; name = gpumat.hpp; path = ../../../../../Applications/of_v0.9.8_osx_release/addons/ofxOpenCv/libs/opencv/include/opencv2/core/gpumat.hpp; sourceTree = SOURCE_ROOT; };
		B2965D9C4A40732B0158928D /* tracking.hpp */ = {isa = PBXFileReference; explicitFileType = sourcecode.c.h; fileEncoding = 30; name = tracking.hpp; path = ../../../../../Applications/of_v0.9.8_osx_release/addons/ofxOpenCv/libs/opencv/include/opencv2/video/tracking.hpp; sourceTree = SOURCE_ROOT; };
		B316A9C363128D2F8CAE34EB /* reduce.hpp */ = {isa = PBXFileReference; explicitFileType = sourcecode.c.h; fileEncoding = 30; name = reduce.hpp; path = ../../../../../Applications/of_v0.9.8_osx_release/addons/ofxOpenCv/libs/opencv/include/opencv2/gpu/device/reduce.hpp; sourceTree = SOURCE_ROOT; };
		B352A32F59A3C82F8701EB18 /* transform_detail.hpp */ = {isa = PBXFileReference; explicitFileType = sourcecode.c.h; fileEncoding = 30; name = transform_detail.hpp; path = ../../../../../Applications/of_v0.9.8_osx_release/addons/ofxOpenCv/libs/opencv/include/opencv2/gpu/device/detail/transform_detail.hpp; sourceTree = SOURCE_ROOT; };
		B8FC627B72E8D5545A920CE7 /* types_c.h */ = {isa = PBXFileReference; explicitFileType = sourcecode.c.h; fileEncoding = 30; name = types_c.h; path = ../../../../../Applications/of_v0.9.8_osx_release/addons/ofxOpenCv/libs/opencv/include/opencv2/imgproc/types_c.h; sourceTree = SOURCE_ROOT; };
		B9657B92B962D8DE983A0E76 /* ts_gtest.h */ = {isa = PBXFileReference; explicitFileType = sourcecode.c.h; fileEncoding = 30; name = ts_gtest.h; path = ../../../../../Applications/of_v0.9.8_osx_release/addons/ofxOpenCv/libs/opencv/include/opencv2/ts/ts_gtest.h; sourceTree = SOURCE_ROOT; };
		BA0A451377E9F8A91543084B /* maze.h */ = {isa = PBXFileReference; explicitFileType = sourcecode.c.h; fileEncoding = 30; name = maze.h; path = src/maze.h; sourceTree = SOURCE_ROOT; };
		BAF3A4783FD8B239FDFB87BB /* filters.hpp */ = {isa = PBXFileReference; explicitFileType = sourcecode.c.h; fileEncoding = 30; name = filters.hpp; path = ../../../../../Applications/of_v0.9.8_osx_release/addons/ofxOpenCv/libs/opencv/include/opencv2/gpu/device/filters.hpp; sourceTree = SOURCE_ROOT; };
		BBA46F4191E4D2E8524D7C97 /* ofxCvFloatImage.cpp */ = {isa = PBXFileReference; explicitFileType = sourcecode.cpp.cpp; fileEncoding = 30; name = ofxCvFloatImage.cpp; path = ../../../../../Applications/of_v0.9.8_osx_release/addons/ofxOpenCv/src/ofxCvFloatImage.cpp; sourceTree = SOURCE_ROOT; };
		BC985F94519DA19173DC8EEC /* matchers.hpp */ = {isa = PBXFileReference; explicitFileType = sourcecode.c.h; fileEncoding = 30; name = matchers.hpp; path = ../../../../../Applications/of_v0.9.8_osx_release/addons/ofxOpenCv/libs/opencv/include/opencv2/stitching/detail/matchers.hpp; sourceTree = SOURCE_ROOT; };
		BD4ED20CE865B388FAD088A7 /* global_motion.hpp */ = {isa = PBXFileReference; explicitFileType = sourcecode.c.h; fileEncoding = 30; name = global_motion.hpp; path = ../../../../../Applications/of_v0.9.8_osx_release/addons/ofxOpenCv/libs/opencv/include/opencv2/videostab/global_motion.hpp; sourceTree = SOURCE_ROOT; };
		BE31660D61EB08D9D2D85645 /* dist.h */ = {isa = PBXFileReference; explicitFileType = sourcecode.c.h; fileEncoding = 30; name = dist.h; path = ../../../../../Applications/of_v0.9.8_osx_release/addons/ofxOpenCv/libs/opencv/include/opencv2/flann/dist.h; sourceTree = SOURCE_ROOT; };
		BF5FEED97077F6999F6E86EA /* type_traits_detail.hpp */ = {isa = PBXFileReference; explicitFileType = sourcecode.c.h; fileEncoding = 30; name = type_traits_detail.hpp; path = ../../../../../Applications/of_v0.9.8_osx_release/addons/ofxOpenCv/libs/opencv/include/opencv2/gpu/device/detail/type_traits_detail.hpp; sourceTree = SOURCE_ROOT; };
		BF8D7F29DD01789E88FE8857 /* streams.hpp */ = {isa = PBXFileReference; explicitFileType = sourcecode.c.h; fileEncoding = 30; name = streams.hpp; path = ../../../../../Applications/of_v0.9.8_osx_release/addons/ofxOpenCv/libs/opencv/include/opencv2/legacy/streams.hpp; sourceTree = SOURCE_ROOT; };
		C1CDDB327BEF0C6971BB5A1A /* reduce_key_val.hpp */ = {isa = PBXFileReference; explicitFileType = sourcecode.c.h; fileEncoding = 30; name = reduce_key_val.hpp; path = ../../../../../Applications/of_v0.9.8_osx_release/addons/ofxOpenCv/libs/opencv/include/opencv2/gpu/device/detail/reduce_key_val.hpp; sourceTree = SOURCE_ROOT; };
		C63DBED9847AAB306C068C52 /* flann.hpp */ = {isa = PBXFileReference; explicitFileType = sourcecode.c.h; fileEncoding = 30; name = flann.hpp; path = ../../../../../Applications/of_v0.9.8_osx_release/addons/ofxOpenCv/libs/opencv/include/opencv2/flann/flann.hpp; sourceTree = SOURCE_ROOT; };
		C6A9F267899102116C757737 /* ofxCvBlob.h */ = {isa = PBXFileReference; explicitFileType = sourcecode.c.h; fileEncoding = 30; name = ofxCvBlob.h; path = ../../../../../Applications/of_v0.9.8_osx_release/addons/ofxOpenCv/src/ofxCvBlob.h; sourceTree = SOURCE_ROOT; };
		C834F61A9CFE9973D6B9DA31 /* index_testing.h */ = {isa = PBXFileReference; explicitFileType = sourcecode.c.h; fileEncoding = 30; name = index_testing.h; path = ../../../../../Applications/of_v0.9.8_osx_release/addons/ofxOpenCv/libs/opencv/include/opencv2/flann/index_testing.h; sourceTree = SOURCE_ROOT; };
		C8811261DE2D3C13D5BB29D3 /* vec_distance_detail.hpp */ = {isa = PBXFileReference; explicitFileType = sourcecode.c.h; fileEncoding = 30; name = vec_distance_detail.hpp; path = ../../../../../Applications/of_v0.9.8_osx_release/addons/ofxOpenCv/libs/opencv/include/opencv2/gpu/device/detail/vec_distance_detail.hpp; sourceTree = SOURCE_ROOT; };
		C8AA610AD0E9C7A3839C3369 /* ofxCvGrayscaleImage.cpp */ = {isa = PBXFileReference; explicitFileType = sourcecode.cpp.cpp; fileEncoding = 30; name = ofxCvGrayscaleImage.cpp; path = ../../../../../Applications/of_v0.9.8_osx_release/addons/ofxOpenCv/src/ofxCvGrayscaleImage.cpp; sourceTree = SOURCE_ROOT; };
		C9936332F7D3BC66862E5E9B /* util.hpp */ = {isa = PBXFileReference; explicitFileType = sourcecode.c.h; fileEncoding = 30; name = util.hpp; path = ../../../../../Applications/of_v0.9.8_osx_release/addons/ofxOpenCv/libs/opencv/include/opencv2/stitching/detail/util.hpp; sourceTree = SOURCE_ROOT; };
		C99B98FA6372B1540E9D36B4 /* warpers.hpp */ = {isa = PBXFileReference; explicitFileType = sourcecode.c.h; fileEncoding = 30; name = warpers.hpp; path = ../../../../../Applications/of_v0.9.8_osx_release/addons/ofxOpenCv/libs/opencv/include/opencv2/stitching/warpers.hpp; sourceTree = SOURCE_ROOT; };
		CA6497D8EEE8B65E6AE68734 /* ofxCvHaarFinder.cpp */ = {isa = PBXFileReference; explicitFileType = sourcecode.cpp.cpp; fileEncoding = 30; name = ofxCvHaarFinder.cpp; path = ../../../../../Applications/of_v0.9.8_osx_release/addons/ofxOpenCv/src/ofxCvHaarFinder.cpp; sourceTree = SOURCE_ROOT; };
		CA98046AB77F99BD71E9B3FC /* superres.hpp */ = {isa = PBXFileReference; explicitFileType = sourcecode.c.h; fileEncoding = 30; name = superres.hpp; path = ../../../../../Applications/of_v0.9.8_osx_release/addons/ofxOpenCv/libs/opencv/include/opencv2/superres/superres.hpp; sourceTree = SOURCE_ROOT; };
		CDAB36A39D9C5B1E03ED53BC /* optical_flow.hpp */ = {isa = PBXFileReference; explicitFileType = sourcecode.c.h; fileEncoding = 30; name = optical_flow.hpp; path = ../../../../../Applications/of_v0.9.8_osx_release/addons/ofxOpenCv/libs/opencv/include/opencv2/superres/optical_flow.hpp; sourceTree = SOURCE_ROOT; };
		D2B7C8E3F48DA3C953719994 /* deblurring.hpp */ = {isa = PBXFileReference; explicitFileType = sourcecode.c.h; fileEncoding = 30; name = deblurring.hpp; path = ../../../../../Applications/of_v0.9.8_osx_release/addons/ofxOpenCv/libs/opencv/include/opencv2/videostab/deblurring.hpp; sourceTree = SOURCE_ROOT; };
		D2B8413C6C2C9F1E1B7E544F /* stitcher.hpp */ = {isa = PBXFileReference; explicitFileType = sourcecode.c.h; fileEncoding = 30; name = stitcher.hpp; path = ../../../../../Applications/of_v0.9.8_osx_release/addons/ofxOpenCv/libs/opencv/include/opencv2/stitching/stitcher.hpp; sourceTree = SOURCE_ROOT; };
		D2E84F89B6A60118AD3125EC /* highgui.h */ = {isa = PBXFileReference; explicitFileType = sourcecode.c.h; fileEncoding = 30; name = highgui.h; path = ../../../../../Applications/of_v0.9.8_osx_release/addons/ofxOpenCv/libs/opencv/include/opencv/highgui.h; sourceTree = SOURCE_ROOT; };
		D323CB199603C417843AD8C9 /* result_set.h */ = {isa = PBXFileReference; explicitFileType = sourcecode.c.h; fileEncoding = 30; name = result_set.h; path = ../../../../../Applications/of_v0.9.8_osx_release/addons/ofxOpenCv/libs/opencv/include/opencv2/flann/result_set.h; sourceTree = SOURCE_ROOT; };
		D345BA023E48423B4D904163 /* gpu.hpp */ = {isa = PBXFileReference; explicitFileType = sourcecode.c.h; fileEncoding = 30; name = gpu.hpp; path = ../../../../../Applications/of_v0.9.8_osx_release/addons/ofxOpenCv/libs/opencv/include/opencv2/gpu/gpu.hpp; sourceTree = SOURCE_ROOT; };
		D44D37E97F9E7A46F87D6240 /* matrix.h */ = {isa = PBXFileReference; explicitFileType = sourcecode.c.h; fileEncoding = 30; name = matrix.h; path = ../../../../../Applications/of_v0.9.8_osx_release/addons/ofxOpenCv/libs/opencv/include/opencv2/flann/matrix.h; sourceTree = SOURCE_ROOT; };
		D688A76FC1B7E7526B017570 /* emulation.hpp */ = {isa = PBXFileReference; explicitFileType = sourcecode.c.h; fileEncoding = 30; name = emulation.hpp; path = ../../../../../Applications/of_v0.9.8_osx_release/addons/ofxOpenCv/libs/opencv/include/opencv2/gpu/device/emulation.hpp; sourceTree = SOURCE_ROOT; };
		D8DFFB6F609EF766659E0956 /* all_indices.h */ = {isa = PBXFileReference; explicitFileType = sourcecode.c.h; fileEncoding = 30; name = all_indices.h; path = ../../../../../Applications/of_v0.9.8_osx_release/addons/ofxOpenCv/libs/opencv/include/opencv2/flann/all_indices.h; sourceTree = SOURCE_ROOT; };
		D9DFE743FF58FD4ECAF643BC /* random.h */ = {isa = PBXFileReference; explicitFileType = sourcecode.c.h; fileEncoding = 30; name = random.h; path = ../../../../../Applications/of_v0.9.8_osx_release/addons/ofxOpenCv/libs/opencv/include/opencv2/flann/random.h; sourceTree = SOURCE_ROOT; };
		DCEFBDC002440997B2DEB720 /* ofxOpenCv.h */ = {isa = PBXFileReference; explicitFileType = sourcecode.c.h; fileEncoding = 30; name = ofxOpenCv.h; path = ../../../../../Applications/of_v0.9.8_osx_release/addons/ofxOpenCv/src/ofxOpenCv.h; sourceTree = SOURCE_ROOT; };
		DDD70A770496295A49C26586 /* flann_base.hpp */ = {isa = PBXFileReference; explicitFileType = sourcecode.c.h; fileEncoding = 30; name = flann_base.hpp; path = ../../../../../Applications/of_v0.9.8_osx_release/addons/ofxOpenCv/libs/opencv/include/opencv2/flann/flann_base.hpp; sourceTree = SOURCE_ROOT; };
		DF78026BE21573E7DD034224 /* nn_index.h */ = {isa = PBXFileReference; explicitFileType = sourcecode.c.h; fileEncoding = 30; name = nn_index.h; path = ../../../../../Applications/of_v0.9.8_osx_release/addons/ofxOpenCv/libs/opencv/include/opencv2/flann/nn_index.h; sourceTree = SOURCE_ROOT; };
		E02BB35709F81A9EF1C5C2F6 /* timer.h */ = {isa = PBXFileReference; explicitFileType = sourcecode.c.h; fileEncoding = 30; name = timer.h; path = ../../../../../Applications/of_v0.9.8_osx_release/addons/ofxOpenCv/libs/opencv/include/opencv2/flann/timer.h; sourceTree = SOURCE_ROOT; };
		E0D69D43344B350A2D6AD868 /* dynamic_bitset.h */ = {isa = PBXFileReference; explicitFileType = sourcecode.c.h; fileEncoding = 30; name = dynamic_bitset.h; path = ../../../../../Applications/of_v0.9.8_osx_release/addons/ofxOpenCv/libs/opencv/include/opencv2/flann/dynamic_bitset.h; sourceTree = SOURCE_ROOT; };
		E1336AED6E07DF451E98ECE6 /* cameraTracking.hpp */ = {isa = PBXFileReference; explicitFileType = sourcecode.c.h; fileEncoding = 30; name = cameraTracking.hpp; path = src/cameraTracking.hpp; sourceTree = SOURCE_ROOT; };
		E263650AE2835205E6C6F4B5 /* photo_c.h */ = {isa = PBXFileReference; explicitFileType = sourcecode.c.h; fileEncoding = 30; name = photo_c.h; path = ../../../../../Applications/of_v0.9.8_osx_release/addons/ofxOpenCv/libs/opencv/include/opencv2/photo/photo_c.h; sourceTree = SOURCE_ROOT; };
		E4328143138ABC890047C5CB /* openFrameworksLib.xcodeproj */ = {isa = PBXFileReference; lastKnownFileType = "wrapper.pb-project"; name = openFrameworksLib.xcodeproj; path = ../../../../../Applications/of_v0.9.8_osx_release/libs/openFrameworksCompiled/project/osx/openFrameworksLib.xcodeproj; sourceTree = SOURCE_ROOT; };
		E4B69B5B0A3A1756003C02F2 /* final-project-sherina0922-masterDebug.app */ = {isa = PBXFileReference; explicitFileType = wrapper.application; includeInIndex = 0; path = "final-project-sherina0922-masterDebug.app"; sourceTree = BUILT_PRODUCTS_DIR; };
		E4B69E1D0A3A1BDC003C02F2 /* main.cpp */ = {isa = PBXFileReference; fileEncoding = 30; lastKnownFileType = sourcecode.cpp.cpp; name = main.cpp; path = src/main.cpp; sourceTree = SOURCE_ROOT; };
		E4B69E1E0A3A1BDC003C02F2 /* ofApp.cpp */ = {isa = PBXFileReference; explicitFileType = sourcecode.cpp.cpp; fileEncoding = 30; name = ofApp.cpp; path = src/ofApp.cpp; sourceTree = SOURCE_ROOT; };
		E4B69E1F0A3A1BDC003C02F2 /* ofApp.h */ = {isa = PBXFileReference; fileEncoding = 30; lastKnownFileType = sourcecode.c.h; name = ofApp.h; path = src/ofApp.h; sourceTree = SOURCE_ROOT; };
		E4B6FCAD0C3E899E008CF71C /* openFrameworks-Info.plist */ = {isa = PBXFileReference; fileEncoding = 30; lastKnownFileType = text.plist.xml; path = "openFrameworks-Info.plist"; sourceTree = "<group>"; };
		E4EB691F138AFCF100A09F29 /* CoreOF.xcconfig */ = {isa = PBXFileReference; fileEncoding = 4; lastKnownFileType = text.xcconfig; name = CoreOF.xcconfig; path = ../../../../../Applications/of_v0.9.8_osx_release/libs/openFrameworksCompiled/project/osx/CoreOF.xcconfig; sourceTree = SOURCE_ROOT; };
		E4EB6923138AFD0F00A09F29 /* Project.xcconfig */ = {isa = PBXFileReference; fileEncoding = 4; lastKnownFileType = text.xcconfig; path = Project.xcconfig; sourceTree = "<group>"; };
		E89BD058364A25532162CD13 /* warpers_inl.hpp */ = {isa = PBXFileReference; explicitFileType = sourcecode.c.h; fileEncoding = 30; name = warpers_inl.hpp; path = ../../../../../Applications/of_v0.9.8_osx_release/addons/ofxOpenCv/libs/opencv/include/opencv2/stitching/detail/warpers_inl.hpp; sourceTree = SOURCE_ROOT; };
		EA6289ED2394E198879691E6 /* stabilizer.hpp */ = {isa = PBXFileReference; explicitFileType = sourcecode.c.h; fileEncoding = 30; name = stabilizer.hpp; path = ../../../../../Applications/of_v0.9.8_osx_release/addons/ofxOpenCv/libs/opencv/include/opencv2/videostab/stabilizer.hpp; sourceTree = SOURCE_ROOT; };
		EAA341EFC7F0466862F9AD06 /* ground_truth.h */ = {isa = PBXFileReference; explicitFileType = sourcecode.c.h; fileEncoding = 30; name = ground_truth.h; path = ../../../../../Applications/of_v0.9.8_osx_release/addons/ofxOpenCv/libs/opencv/include/opencv2/flann/ground_truth.h; sourceTree = SOURCE_ROOT; };
		ED394B2CEC3F2697ED2E7A7B /* detection_based_tracker.hpp */ = {isa = PBXFileReference; explicitFileType = sourcecode.c.h; fileEncoding = 30; name = detection_based_tracker.hpp; path = ../../../../../Applications/of_v0.9.8_osx_release/addons/ofxOpenCv/libs/opencv/include/opencv2/contrib/detection_based_tracker.hpp; sourceTree = SOURCE_ROOT; };
		EDA24729A955331EBAE89980 /* dummy.h */ = {isa = PBXFileReference; explicitFileType = sourcecode.c.h; fileEncoding = 30; name = dummy.h; path = ../../../../../Applications/of_v0.9.8_osx_release/addons/ofxOpenCv/libs/opencv/include/opencv2/flann/dummy.h; sourceTree = SOURCE_ROOT; };
		F170299173137E7A1E4048CD /* autocalib.hpp */ = {isa = PBXFileReference; explicitFileType = sourcecode.c.h; fileEncoding = 30; name = autocalib.hpp; path = ../../../../../Applications/of_v0.9.8_osx_release/addons/ofxOpenCv/libs/opencv/include/opencv2/stitching/detail/autocalib.hpp; sourceTree = SOURCE_ROOT; };
		F2CADADFB98AB7EF12F8052F /* opencv_modules.hpp */ = {isa = PBXFileReference; explicitFileType = sourcecode.c.h; fileEncoding = 30; name = opencv_modules.hpp; path = ../../../../../Applications/of_v0.9.8_osx_release/addons/ofxOpenCv/libs/opencv/include/opencv2/opencv_modules.hpp; sourceTree = SOURCE_ROOT; };
		F3CCC4A4300D2E71AFCF8012 /* seam_finders.hpp */ = {isa = PBXFileReference; explicitFileType = sourcecode.c.h; fileEncoding = 30; name = seam_finders.hpp; path = ../../../../../Applications/of_v0.9.8_osx_release/addons/ofxOpenCv/libs/opencv/include/opencv2/stitching/detail/seam_finders.hpp; sourceTree = SOURCE_ROOT; };
		F4748573D64A45678B5F164B /* motion_estimators.hpp */ = {isa = PBXFileReference; explicitFileType = sourcecode.c.h; fileEncoding = 30; name = motion_estimators.hpp; path = ../../../../../Applications/of_v0.9.8_osx_release/addons/ofxOpenCv/libs/opencv/include/opencv2/stitching/detail/motion_estimators.hpp; sourceTree = SOURCE_ROOT; };
		F67800415F558F06AB8D310D /* simplex_downhill.h */ = {isa = PBXFileReference; explicitFileType = sourcecode.c.h; fileEncoding = 30; name = simplex_downhill.h; path = ../../../../../Applications/of_v0.9.8_osx_release/addons/ofxOpenCv/libs/opencv/include/opencv2/flann/simplex_downhill.h; sourceTree = SOURCE_ROOT; };
		F760BF5EF549BBF72658917A /* version.hpp */ = {isa = PBXFileReference; explicitFileType = sourcecode.c.h; fileEncoding = 30; name = version.hpp; path = ../../../../../Applications/of_v0.9.8_osx_release/addons/ofxOpenCv/libs/opencv/include/opencv2/core/version.hpp; sourceTree = SOURCE_ROOT; };
		F8940B38CAD6ACD76A4F9601 /* objdetect.hpp */ = {isa = PBXFileReference; explicitFileType = sourcecode.c.h; fileEncoding = 30; name = objdetect.hpp; path = ../../../../../Applications/of_v0.9.8_osx_release/addons/ofxOpenCv/libs/opencv/include/opencv2/objdetect/objdetect.hpp; sourceTree = SOURCE_ROOT; };
		FD56D32853F9C29F95E3E484 /* contrib.hpp */ = {isa = PBXFileReference; explicitFileType = sourcecode.c.h; fileEncoding = 30; name = contrib.hpp; path = ../../../../../Applications/of_v0.9.8_osx_release/addons/ofxOpenCv/libs/opencv/include/opencv2/contrib/contrib.hpp; sourceTree = SOURCE_ROOT; };
		FD731D9AE788AE65CAF6E84C /* cxeigen.hpp */ = {isa = PBXFileReference; explicitFileType = sourcecode.c.h; fileEncoding = 30; name = cxeigen.hpp; path = ../../../../../Applications/of_v0.9.8_osx_release/addons/ofxOpenCv/libs/opencv/include/opencv/cxeigen.hpp; sourceTree = SOURCE_ROOT; };
		FE31B28094D836C6A177249D /* saving.h */ = {isa = PBXFileReference; explicitFileType = sourcecode.c.h; fileEncoding = 30; name = saving.h; path = ../../../../../Applications/of_v0.9.8_osx_release/addons/ofxOpenCv/libs/opencv/include/opencv2/flann/saving.h; sourceTree = SOURCE_ROOT; };
		FED3A172B409D86AF4A88A07 /* fast_marching_inl.hpp */ = {isa = PBXFileReference; explicitFileType = sourcecode.c.h; fileEncoding = 30; name = fast_marching_inl.hpp; path = ../../../../../Applications/of_v0.9.8_osx_release/addons/ofxOpenCv/libs/opencv/include/opencv2/videostab/fast_marching_inl.hpp; sourceTree = SOURCE_ROOT; };
		FF06E3EEF29D77596C6874EF /* video.hpp */ = {isa = PBXFileReference; explicitFileType = sourcecode.c.h; fileEncoding = 30; name = video.hpp; path = ../../../../../Applications/of_v0.9.8_osx_release/addons/ofxOpenCv/libs/opencv/include/opencv2/video/video.hpp; sourceTree = SOURCE_ROOT; };
/* End PBXFileReference section */

/* Begin PBXFrameworksBuildPhase section */
		E4B69B590A3A1756003C02F2 /* Frameworks */ = {
			isa = PBXFrameworksBuildPhase;
			buildActionMask = 2147483647;
			files = (
				E4328149138ABC9F0047C5CB /* openFrameworksDebug.a in Frameworks */,
			);
			runOnlyForDeploymentPostprocessing = 0;
		};
/* End PBXFrameworksBuildPhase section */

/* Begin PBXGroup section */
		0478E60892BF4C0731AE0763 /* ts */ = {
			isa = PBXGroup;
			children = (
				2119F0AA46C93257D618FD71 /* gpu_perf.hpp */,
				30D01ABD0702F926EFF0BFEB /* gpu_test.hpp */,
				75CFBCFCA5710D4E5E423EBC /* ts.hpp */,
				B9657B92B962D8DE983A0E76 /* ts_gtest.h */,
				8C68925A19AC7AE424D1D195 /* ts_perf.hpp */,
			);
			name = ts;
			sourceTree = "<group>";
		};
		0F07FE174552DEF007BF5AD5 /* opencv2 */ = {
			isa = PBXGroup;
			children = (
				428EB732FD42504F37BCA78A /* calib3d */,
				170C3384C93B182490DDC9CC /* contrib */,
				A5A3A2F98919E2243C73199C /* core */,
				86FEC009E2721D0FB23338D7 /* features2d */,
				1E45F8C3CCFF6847BFF957AA /* flann */,
				5236346776DB8ECC4B121CA3 /* gpu */,
				9C99831C330874C2B245AB48 /* highgui */,
				3E44059DCBC2444D65660B9C /* imgproc */,
				961A625BD21068033782887C /* legacy */,
				0F288FD421D474F4AE2684D3 /* ml */,
				7BC63C2C5B49F4CFBC87C288 /* nonfree */,
				D0CAFE48EE488EEED9149670 /* objdetect */,
				9A8DFAFAA5C75DE5F102C294 /* opencv.hpp */,
				F2CADADFB98AB7EF12F8052F /* opencv_modules.hpp */,
				3B8F70BFDA30BBA2A5A060FC /* photo */,
				AF43D9569510BEB0E2DFB944 /* stitching */,
				ED977EFE7B82B0D53CB5C778 /* superres */,
				0478E60892BF4C0731AE0763 /* ts */,
				C58CC92A5283B95AA31D50FB /* video */,
				38D119387412EF71F9FAA033 /* videostab */,
			);
			name = opencv2;
			sourceTree = "<group>";
		};
		0F288FD421D474F4AE2684D3 /* ml */ = {
			isa = PBXGroup;
			children = (
				8F4773B903742430F170BC58 /* ml.hpp */,
			);
			name = ml;
			sourceTree = "<group>";
		};
		170C3384C93B182490DDC9CC /* contrib */ = {
			isa = PBXGroup;
			children = (
				FD56D32853F9C29F95E3E484 /* contrib.hpp */,
				ED394B2CEC3F2697ED2E7A7B /* detection_based_tracker.hpp */,
				90717484290283AEF7D6D564 /* hybridtracker.hpp */,
				6DFABFDAE5DC9D73A5062924 /* openfabmap.hpp */,
				52987D842038A63CF417A378 /* retina.hpp */,
			);
			name = contrib;
			sourceTree = "<group>";
		};
		1E45F8C3CCFF6847BFF957AA /* flann */ = {
			isa = PBXGroup;
			children = (
				D8DFFB6F609EF766659E0956 /* all_indices.h */,
				519F002FFEA1F0AE424386EC /* allocator.h */,
				50CC4500F210354922E9DA35 /* any.h */,
				84FB118254FE7B1F3552F924 /* autotuned_index.h */,
				9C634904D26A7D285AF36DAD /* composite_index.h */,
				6AA6739B93509586DD79986E /* config.h */,
				46E974DDE4E85930D1A64A5B /* defines.h */,
				BE31660D61EB08D9D2D85645 /* dist.h */,
				EDA24729A955331EBAE89980 /* dummy.h */,
				E0D69D43344B350A2D6AD868 /* dynamic_bitset.h */,
				C63DBED9847AAB306C068C52 /* flann.hpp */,
				DDD70A770496295A49C26586 /* flann_base.hpp */,
				053165128D6B5CDFE901AF70 /* general.h */,
				EAA341EFC7F0466862F9AD06 /* ground_truth.h */,
				94009F02CDDEC08F7131AFDF /* hdf5.h */,
				836F1A3C36C8C7BAAE8A867D /* heap.h */,
				3A2A8C6ADAE26BC192E7D7F7 /* hierarchical_clustering_index.h */,
				C834F61A9CFE9973D6B9DA31 /* index_testing.h */,
				7172A8BF35F10D642ADD64A4 /* kdtree_index.h */,
				41A33A757DB1A632DBB97709 /* kdtree_single_index.h */,
				13BA4887EFF3B345DB8595CA /* kmeans_index.h */,
				1A7332C353DB9AB843A6660B /* linear_index.h */,
				8FEC05FF869CE4AEBC52540F /* logger.h */,
				AA78E63FC4A1703F600333AC /* lsh_index.h */,
				2492C46D0E2045C5911716BD /* lsh_table.h */,
				D44D37E97F9E7A46F87D6240 /* matrix.h */,
				887F403F41E549505AB232B0 /* miniflann.hpp */,
				DF78026BE21573E7DD034224 /* nn_index.h */,
				41FA345A717CF11516C56E73 /* object_factory.h */,
				84EE4BFBC88CC9A2D6A7AF4B /* params.h */,
				D9DFE743FF58FD4ECAF643BC /* random.h */,
				D323CB199603C417843AD8C9 /* result_set.h */,
				75F40DB7464B8F556B02BE85 /* sampling.h */,
				FE31B28094D836C6A177249D /* saving.h */,
				F67800415F558F06AB8D310D /* simplex_downhill.h */,
				E02BB35709F81A9EF1C5C2F6 /* timer.h */,
			);
			name = flann;
			sourceTree = "<group>";
		};
		303E2D4AF80E80BD1FD5E5F6 /* detail */ = {
			isa = PBXGroup;
			children = (
				F170299173137E7A1E4048CD /* autocalib.hpp */,
				94F5741B47D657171602746A /* blenders.hpp */,
				850197159A98DC668AEE9428 /* camera.hpp */,
				39E5CF7FF080E17E198879B3 /* exposure_compensate.hpp */,
				BC985F94519DA19173DC8EEC /* matchers.hpp */,
				F4748573D64A45678B5F164B /* motion_estimators.hpp */,
				F3CCC4A4300D2E71AFCF8012 /* seam_finders.hpp */,
				C9936332F7D3BC66862E5E9B /* util.hpp */,
				2FC7FDCBB822BC5367C98985 /* util_inl.hpp */,
				B0EDF526B4F31563DF219F2D /* warpers.hpp */,
				E89BD058364A25532162CD13 /* warpers_inl.hpp */,
			);
			name = detail;
			sourceTree = "<group>";
		};
		38D119387412EF71F9FAA033 /* videostab */ = {
			isa = PBXGroup;
			children = (
				D2B7C8E3F48DA3C953719994 /* deblurring.hpp */,
				43F4A5372820BDB238C69401 /* fast_marching.hpp */,
				FED3A172B409D86AF4A88A07 /* fast_marching_inl.hpp */,
				17807AF436B6698403D8817E /* frame_source.hpp */,
				BD4ED20CE865B388FAD088A7 /* global_motion.hpp */,
				6ED530B77F9B18753AD575A4 /* inpainting.hpp */,
				35253F24BF0466A0E05AD78C /* log.hpp */,
				90CBE050004DC1F583F0BA97 /* motion_stabilizing.hpp */,
				84ED3856931C9DA4CBED4726 /* optical_flow.hpp */,
				EA6289ED2394E198879691E6 /* stabilizer.hpp */,
				A6FA8D1EE3A39A3AF3B1A8C6 /* videostab.hpp */,
			);
			name = videostab;
			sourceTree = "<group>";
		};
		3B8F70BFDA30BBA2A5A060FC /* photo */ = {
			isa = PBXGroup;
			children = (
				9CF623835BCAC86E17B00418 /* photo.hpp */,
				E263650AE2835205E6C6F4B5 /* photo_c.h */,
			);
			name = photo;
			sourceTree = "<group>";
		};
		3E44059DCBC2444D65660B9C /* imgproc */ = {
			isa = PBXGroup;
			children = (
				0E01F9F1EC23A75ED6CB8BBA /* imgproc.hpp */,
				45C99AB1B736C87B60C24C62 /* imgproc_c.h */,
				B8FC627B72E8D5545A920CE7 /* types_c.h */,
			);
			name = imgproc;
			sourceTree = "<group>";
		};
		428EB732FD42504F37BCA78A /* calib3d */ = {
			isa = PBXGroup;
			children = (
				242B0CA5B0DDEFF6B79A9971 /* calib3d.hpp */,
			);
			name = calib3d;
			sourceTree = "<group>";
		};
		5236346776DB8ECC4B121CA3 /* gpu */ = {
			isa = PBXGroup;
			children = (
				C830064088936DB0F1158554 /* device */,
				27EAEAE92C3EB2BA4372BAA2 /* devmem2d.hpp */,
				D345BA023E48423B4D904163 /* gpu.hpp */,
				8D0B3B87D937DFF6861DA6BE /* gpumat.hpp */,
				7722D64AD6FA6CD21B63991C /* stream_accessor.hpp */,
			);
			name = gpu;
			sourceTree = "<group>";
		};
		6948EE371B920CB800B5AC1A /* local_addons */ = {
			isa = PBXGroup;
			children = (
			);
			name = local_addons;
			sourceTree = "<group>";
		};
		737B033AA777B67BA4F8F4D2 /* opencv */ = {
			isa = PBXGroup;
			children = (
				4547BB3F0212A6853089637A /* cv.h */,
				45B6BED961F0FB520F743C1C /* cv.hpp */,
				8703D0F8815200F6254B5715 /* cvaux.h */,
				ACC5FAC074E10AF28AA3E1D9 /* cvaux.hpp */,
				35F454335F09C8D3CBA44DC7 /* cvwimage.h */,
				1A2D4FAF0D4027DAA04B8585 /* cxcore.h */,
				379A6600E9FB8E7C16C83F8C /* cxcore.hpp */,
				FD731D9AE788AE65CAF6E84C /* cxeigen.hpp */,
				2D2DB31D76C10B566552B422 /* cxmisc.h */,
				D2E84F89B6A60118AD3125EC /* highgui.h */,
				91CAC9FFE17DABE2097A9F4C /* ml.h */,
			);
			name = opencv;
			sourceTree = "<group>";
		};
		7BC63C2C5B49F4CFBC87C288 /* nonfree */ = {
			isa = PBXGroup;
			children = (
				74B67A8F4E161FBAB6BB508E /* features2d.hpp */,
				36BE0131CEF7DF276F2C21B0 /* gpu.hpp */,
				85382E2AC6F2FAE1518AD387 /* nonfree.hpp */,
				5645954046AB837ECB61907B /* ocl.hpp */,
			);
			name = nonfree;
			sourceTree = "<group>";
		};
		86FEC009E2721D0FB23338D7 /* features2d */ = {
			isa = PBXGroup;
			children = (
				68EC18E37D2791AD3712F53C /* features2d.hpp */,
			);
			name = features2d;
			sourceTree = "<group>";
		};
		961A625BD21068033782887C /* legacy */ = {
			isa = PBXGroup;
			children = (
				89978A70B8F9FA0C9ADFC99F /* blobtrack.hpp */,
				7DD160BB3CA7268B580A31AD /* compat.hpp */,
				6258852928BDAA0C96034645 /* legacy.hpp */,
				BF8D7F29DD01789E88FE8857 /* streams.hpp */,
			);
			name = legacy;
			sourceTree = "<group>";
		};
		9C99831C330874C2B245AB48 /* highgui */ = {
			isa = PBXGroup;
			children = (
				028CD6BE7C9ED587DAAC3D25 /* cap_ios.h */,
				45E1F385B2031031E9F38E83 /* highgui.hpp */,
				4AFBEB030C61FEDFF6DA7EDA /* highgui_c.h */,
				4809C86434499AC5C2742D3A /* ios.h */,
			);
			name = highgui;
			sourceTree = "<group>";
		};
		A0B90D3B0ADB9C1716816714 /* ofxOpenCv */ = {
			isa = PBXGroup;
			children = (
				C756CAAFD542831674E15FE6 /* src */,
				DCC60D6724B56635AE867535 /* libs */,
			);
			name = ofxOpenCv;
			sourceTree = "<group>";
		};
		A5A3A2F98919E2243C73199C /* core */ = {
			isa = PBXGroup;
			children = (
				274C615D8E89A7447267FFB7 /* affine.hpp */,
				1A39A54D6CD2903D45CDDD94 /* core.hpp */,
				8465ED07A2CE31FF8436DAEB /* core_c.h */,
				841300CBEB06A0589D2D5E6D /* cuda_devptrs.hpp */,
				7AE75417FC8777D42B8B9C3D /* devmem2d.hpp */,
				1FC2EF7ABBB59BA6E57B3583 /* eigen.hpp */,
				B11CCE06C23D5A54E2452F7A /* gpumat.hpp */,
				42F5C4F61AA828141A16DEEE /* internal.hpp */,
				9C76D94616DAD582B62C4566 /* mat.hpp */,
				1D2C0D3382720F0650812B0A /* opengl_interop.hpp */,
				5BB70C20752FCAB1CD9B1A7B /* opengl_interop_deprecated.hpp */,
				4AA19FDEAD8F5B7D3DCBCAF7 /* operations.hpp */,
				0DFF407618912C94509D90CC /* types_c.h */,
				F760BF5EF549BBF72658917A /* version.hpp */,
				64CF7D98CA3924B0C1A26A35 /* wimage.hpp */,
			);
			name = core;
			sourceTree = "<group>";
		};
		AAA97F42C2FE4A31ECFD0585 /* opencv */ = {
			isa = PBXGroup;
			children = (
				F9F05170CB9BDF47DA2B6E6A /* include */,
			);
			name = opencv;
			sourceTree = "<group>";
		};
		AF43D9569510BEB0E2DFB944 /* stitching */ = {
			isa = PBXGroup;
			children = (
				303E2D4AF80E80BD1FD5E5F6 /* detail */,
				D2B8413C6C2C9F1E1B7E544F /* stitcher.hpp */,
				C99B98FA6372B1540E9D36B4 /* warpers.hpp */,
			);
			name = stitching;
			sourceTree = "<group>";
		};
		BB4B014C10F69532006C3DED /* addons */ = {
			isa = PBXGroup;
			children = (
				A0B90D3B0ADB9C1716816714 /* ofxOpenCv */,
			);
			name = addons;
			sourceTree = "<group>";
		};
		C58CC92A5283B95AA31D50FB /* video */ = {
			isa = PBXGroup;
			children = (
				35A53B57974BB8C547E43796 /* background_segm.hpp */,
				B2965D9C4A40732B0158928D /* tracking.hpp */,
				FF06E3EEF29D77596C6874EF /* video.hpp */,
			);
			name = video;
			sourceTree = "<group>";
		};
		C756CAAFD542831674E15FE6 /* src */ = {
			isa = PBXGroup;
			children = (
				C6A9F267899102116C757737 /* ofxCvBlob.h */,
				8982D8F2D1B1746EBCA9EA14 /* ofxCvColorImage.cpp */,
				96CBC3B7A26DDA047884380B /* ofxCvColorImage.h */,
				6C1A3E423E6D4401289E52B3 /* ofxCvConstants.h */,
				211B32730AF76CFF87FB84E2 /* ofxCvContourFinder.cpp */,
				59AFE8B2C73222CC4141ED71 /* ofxCvContourFinder.h */,
				BBA46F4191E4D2E8524D7C97 /* ofxCvFloatImage.cpp */,
				184F83DF29DF1114114DF296 /* ofxCvFloatImage.h */,
				C8AA610AD0E9C7A3839C3369 /* ofxCvGrayscaleImage.cpp */,
				282F23429E0818ED9A95DA49 /* ofxCvGrayscaleImage.h */,
				CA6497D8EEE8B65E6AE68734 /* ofxCvHaarFinder.cpp */,
				AF059854209EA67D52BD9607 /* ofxCvHaarFinder.h */,
				9459788DAE40429BC9B614E2 /* ofxCvImage.cpp */,
				8056CC80B2E3BA1B8A38E995 /* ofxCvImage.h */,
				964C3DEE9B31188C474C3E3E /* ofxCvShortImage.cpp */,
				9CCA2919A121F1A33B461335 /* ofxCvShortImage.h */,
				DCEFBDC002440997B2DEB720 /* ofxOpenCv.h */,
			);
			name = src;
			sourceTree = "<group>";
		};
		C830064088936DB0F1158554 /* device */ = {
			isa = PBXGroup;
			children = (
				23D41564249C012C44D89F0B /* block.hpp */,
				284E5868EF53E293011D9F36 /* border_interpolate.hpp */,
				3FC416EDCE9F87A84B03D8C4 /* color.hpp */,
				7F2D5AFAB3FCF43F2A3A19EF /* common.hpp */,
				17DF3D2F73DA72A78DDB1685 /* datamov_utils.hpp */,
				DF5D380A1A4583A1636503A6 /* detail */,
				34A107627F0EF73636533577 /* dynamic_smem.hpp */,
				D688A76FC1B7E7526B017570 /* emulation.hpp */,
				BAF3A4783FD8B239FDFB87BB /* filters.hpp */,
				6861F796C64EAD08688861C2 /* funcattrib.hpp */,
				051B039C273830FC63686224 /* functional.hpp */,
				1E862DF4F905B63CB24C4F2B /* limits.hpp */,
				B316A9C363128D2F8CAE34EB /* reduce.hpp */,
				0362D0C76D99017D0B8BC21D /* saturate_cast.hpp */,
				1A94B6E35311421D89BAD038 /* scan.hpp */,
				20E62C0CD3948840A940B6F6 /* simd_functions.hpp */,
				94B9A42E82B847EBC7C5BDC9 /* static_check.hpp */,
				6DB6FB696E41FD37F0001CDE /* transform.hpp */,
				5AD90E34ACC61F70F5E2E45C /* type_traits.hpp */,
				3B7991F766777F917011AED5 /* utility.hpp */,
				0360416539BDFFE2C071321C /* vec_distance.hpp */,
				88E449FFE715261EF3E9DC2E /* vec_math.hpp */,
				90324BD30F34089B5A8785D7 /* vec_traits.hpp */,
				55CD83A665263CC376A636BE /* warp.hpp */,
				253EA8357C7343A4FD28EB42 /* warp_reduce.hpp */,
				5D5D5756EE572577ADBF092D /* warp_shuffle.hpp */,
			);
			name = device;
			sourceTree = "<group>";
		};
		D0CAFE48EE488EEED9149670 /* objdetect */ = {
			isa = PBXGroup;
			children = (
				F8940B38CAD6ACD76A4F9601 /* objdetect.hpp */,
			);
			name = objdetect;
			sourceTree = "<group>";
		};
		DCC60D6724B56635AE867535 /* libs */ = {
			isa = PBXGroup;
			children = (
				AAA97F42C2FE4A31ECFD0585 /* opencv */,
			);
			name = libs;
			sourceTree = "<group>";
		};
		DF5D380A1A4583A1636503A6 /* detail */ = {
			isa = PBXGroup;
			children = (
				88525515D9A80648035428B3 /* color_detail.hpp */,
				7130D2547DCE4492D4DAC43B /* reduce.hpp */,
				C1CDDB327BEF0C6971BB5A1A /* reduce_key_val.hpp */,
				B352A32F59A3C82F8701EB18 /* transform_detail.hpp */,
				BF5FEED97077F6999F6E86EA /* type_traits_detail.hpp */,
				C8811261DE2D3C13D5BB29D3 /* vec_distance_detail.hpp */,
			);
			name = detail;
			sourceTree = "<group>";
		};
		E4328144138ABC890047C5CB /* Products */ = {
			isa = PBXGroup;
			children = (
				E4328148138ABC890047C5CB /* openFrameworksDebug.a */,
			);
			name = Products;
			sourceTree = "<group>";
		};
		E4B69B4A0A3A1720003C02F2 = {
			isa = PBXGroup;
			children = (
				E4B6FCAD0C3E899E008CF71C /* openFrameworks-Info.plist */,
				E4EB6923138AFD0F00A09F29 /* Project.xcconfig */,
				E4B69E1C0A3A1BDC003C02F2 /* src */,
				E4EEC9E9138DF44700A80321 /* openFrameworks */,
				BB4B014C10F69532006C3DED /* addons */,
				6948EE371B920CB800B5AC1A /* local_addons */,
				E4B69B5B0A3A1756003C02F2 /* final-project-sherina0922-masterDebug.app */,
			);
			sourceTree = "<group>";
		};
		E4B69E1C0A3A1BDC003C02F2 /* src */ = {
			isa = PBXGroup;
			children = (
				E4B69E1D0A3A1BDC003C02F2 /* main.cpp */,
				657A0B2020846DE40046E8D4 /* character.cpp */,
				657A0B2120846DE40046E8D4 /* character.hpp */,
				E4B69E1E0A3A1BDC003C02F2 /* ofApp.cpp */,
				E4B69E1F0A3A1BDC003C02F2 /* ofApp.h */,
				1E17D22AFFF51366458F949F /* cameraTracking.cpp */,
				E1336AED6E07DF451E98ECE6 /* cameraTracking.hpp */,
				A84FFF0E053DE909E995CB98 /* maze.cpp */,
				BA0A451377E9F8A91543084B /* maze.h */,
			);
			path = src;
			sourceTree = SOURCE_ROOT;
		};
		E4EEC9E9138DF44700A80321 /* openFrameworks */ = {
			isa = PBXGroup;
			children = (
				E4EB691F138AFCF100A09F29 /* CoreOF.xcconfig */,
				E4328143138ABC890047C5CB /* openFrameworksLib.xcodeproj */,
			);
			name = openFrameworks;
			sourceTree = "<group>";
		};
		ED977EFE7B82B0D53CB5C778 /* superres */ = {
			isa = PBXGroup;
			children = (
				CDAB36A39D9C5B1E03ED53BC /* optical_flow.hpp */,
				CA98046AB77F99BD71E9B3FC /* superres.hpp */,
			);
			name = superres;
			sourceTree = "<group>";
		};
		F9F05170CB9BDF47DA2B6E6A /* include */ = {
			isa = PBXGroup;
			children = (
				737B033AA777B67BA4F8F4D2 /* opencv */,
				0F07FE174552DEF007BF5AD5 /* opencv2 */,
			);
			name = include;
			sourceTree = "<group>";
		};
/* End PBXGroup section */

/* Begin PBXNativeTarget section */
		E4B69B5A0A3A1756003C02F2 /* final-project-sherina0922-master */ = {
			isa = PBXNativeTarget;
			buildConfigurationList = E4B69B5F0A3A1757003C02F2 /* Build configuration list for PBXNativeTarget "final-project-sherina0922-master" */;
			buildPhases = (
				E4B69B580A3A1756003C02F2 /* Sources */,
				E4B69B590A3A1756003C02F2 /* Frameworks */,
				E4B6FFFD0C3F9AB9008CF71C /* ShellScript */,
				E4C2427710CC5ABF004149E2 /* CopyFiles */,
			);
			buildRules = (
			);
			dependencies = (
				E4EEB9AC138B136A00A80321 /* PBXTargetDependency */,
			);
			name = "final-project-sherina0922-master";
			productName = myOFApp;
			productReference = E4B69B5B0A3A1756003C02F2 /* final-project-sherina0922-masterDebug.app */;
			productType = "com.apple.product-type.application";
		};
/* End PBXNativeTarget section */

/* Begin PBXProject section */
		E4B69B4C0A3A1720003C02F2 /* Project object */ = {
			isa = PBXProject;
			attributes = {
				LastUpgradeCheck = 0600;
			};
			buildConfigurationList = E4B69B4D0A3A1720003C02F2 /* Build configuration list for PBXProject "final-project-sherina0922-master" */;
			compatibilityVersion = "Xcode 3.2";
			developmentRegion = English;
			hasScannedForEncodings = 0;
			knownRegions = (
				English,
				Japanese,
				French,
				German,
			);
			mainGroup = E4B69B4A0A3A1720003C02F2;
			productRefGroup = E4B69B4A0A3A1720003C02F2;
			projectDirPath = "";
			projectReferences = (
				{
					ProductGroup = E4328144138ABC890047C5CB /* Products */;
					ProjectRef = E4328143138ABC890047C5CB /* openFrameworksLib.xcodeproj */;
				},
			);
			projectRoot = "";
			targets = (
				E4B69B5A0A3A1756003C02F2 /* final-project-sherina0922-master */,
			);
		};
/* End PBXProject section */

/* Begin PBXReferenceProxy section */
		E4328148138ABC890047C5CB /* openFrameworksDebug.a */ = {
			isa = PBXReferenceProxy;
			fileType = archive.ar;
			path = openFrameworksDebug.a;
			remoteRef = E4328147138ABC890047C5CB /* PBXContainerItemProxy */;
			sourceTree = BUILT_PRODUCTS_DIR;
		};
/* End PBXReferenceProxy section */

/* Begin PBXShellScriptBuildPhase section */
		E4B6FFFD0C3F9AB9008CF71C /* ShellScript */ = {
			isa = PBXShellScriptBuildPhase;
			buildActionMask = 2147483647;
			files = (
			);
			inputPaths = (
			);
			outputPaths = (
			);
			runOnlyForDeploymentPostprocessing = 0;
			shellPath = /bin/sh;
			shellScript = "mkdir -p \"$TARGET_BUILD_DIR/$PRODUCT_NAME.app/Contents/Resources/\"\n# Copy default icon file into App/Resources\nrsync -aved \"$ICON_FILE\" \"$TARGET_BUILD_DIR/$PRODUCT_NAME.app/Contents/Resources/\"\n# Copy libfmod and change install directory for fmod to run\nrsync -aved ../../../../../Applications/of_v0.9.8_osx_release/libs/fmodex/lib/osx/libfmodex.dylib \"$TARGET_BUILD_DIR/$PRODUCT_NAME.app/Contents/Frameworks/\";\ninstall_name_tool -change @executable_path/libfmodex.dylib @executable_path/../Frameworks/libfmodex.dylib \"$TARGET_BUILD_DIR/$PRODUCT_NAME.app/Contents/MacOS/$PRODUCT_NAME\";\n# Copy GLUT framework (must remove for AppStore submissions)\nrsync -aved ../../../../../Applications/of_v0.9.8_osx_release/libs/glut/lib/osx/GLUT.framework \"$TARGET_BUILD_DIR/$PRODUCT_NAME.app/Contents/Frameworks/\"\n";
		};
/* End PBXShellScriptBuildPhase section */

/* Begin PBXSourcesBuildPhase section */
		E4B69B580A3A1756003C02F2 /* Sources */ = {
			isa = PBXSourcesBuildPhase;
			buildActionMask = 2147483647;
			files = (
				E4B69E200A3A1BDC003C02F2 /* main.cpp in Sources */,
				E4B69E210A3A1BDC003C02F2 /* ofApp.cpp in Sources */,
				30E9B59EFFEA9646A6949743 /* cameraTracking.cpp in Sources */,
				FE782326A9FD06260EA5ED46 /* maze.cpp in Sources */,
				E004563AD3DF3F42599D9199 /* ofxCvColorImage.cpp in Sources */,
				F580C7BA59491E4B2EAC7FA5 /* ofxCvContourFinder.cpp in Sources */,
				47C6D5C686F1224C3FB244E0 /* ofxCvFloatImage.cpp in Sources */,
				369146F72668814C3C69054A /* ofxCvGrayscaleImage.cpp in Sources */,
				3E5B0F3E013E105157A7296A /* ofxCvHaarFinder.cpp in Sources */,
				FD8B24E804D803C98C3A709D /* ofxCvImage.cpp in Sources */,
				315121B917333B756406B352 /* ofxCvShortImage.cpp in Sources */,
				657A0B2220846DE40046E8D4 /* character.cpp in Sources */,
			);
			runOnlyForDeploymentPostprocessing = 0;
		};
/* End PBXSourcesBuildPhase section */

/* Begin PBXTargetDependency section */
		E4EEB9AC138B136A00A80321 /* PBXTargetDependency */ = {
			isa = PBXTargetDependency;
			name = openFrameworks;
			targetProxy = E4EEB9AB138B136A00A80321 /* PBXContainerItemProxy */;
		};
/* End PBXTargetDependency section */

/* Begin XCBuildConfiguration section */
		E4B69B4E0A3A1720003C02F2 /* Debug */ = {
			isa = XCBuildConfiguration;
			baseConfigurationReference = E4EB6923138AFD0F00A09F29 /* Project.xcconfig */;
			buildSettings = {
				CONFIGURATION_BUILD_DIR = "$(SRCROOT)/bin/";
				COPY_PHASE_STRIP = NO;
				DEAD_CODE_STRIPPING = YES;
				GCC_AUTO_VECTORIZATION = YES;
				GCC_ENABLE_SSE3_EXTENSIONS = YES;
				GCC_ENABLE_SUPPLEMENTAL_SSE3_INSTRUCTIONS = YES;
				GCC_INLINES_ARE_PRIVATE_EXTERN = NO;
				GCC_OPTIMIZATION_LEVEL = 0;
				GCC_SYMBOLS_PRIVATE_EXTERN = NO;
				GCC_WARN_ABOUT_DEPRECATED_FUNCTIONS = YES;
				GCC_WARN_ABOUT_INVALID_OFFSETOF_MACRO = NO;
				GCC_WARN_ALLOW_INCOMPLETE_PROTOCOL = NO;
				GCC_WARN_UNINITIALIZED_AUTOS = NO;
				GCC_WARN_UNUSED_VALUE = NO;
				GCC_WARN_UNUSED_VARIABLE = NO;
				HEADER_SEARCH_PATHS = (
					"$(OF_CORE_HEADERS)",
					src,
					../../../../../Applications/of_v0.9.8_osx_release/addons/ofxOpenCv/libs,
					../../../../../Applications/of_v0.9.8_osx_release/addons/ofxOpenCv/libs/opencv,
					../../../../../Applications/of_v0.9.8_osx_release/addons/ofxOpenCv/libs/opencv/include,
					../../../../../Applications/of_v0.9.8_osx_release/addons/ofxOpenCv/libs/opencv/include/opencv,
					../../../../../Applications/of_v0.9.8_osx_release/addons/ofxOpenCv/libs/opencv/include/opencv2,
					../../../../../Applications/of_v0.9.8_osx_release/addons/ofxOpenCv/libs/opencv/include/opencv2/calib3d,
					../../../../../Applications/of_v0.9.8_osx_release/addons/ofxOpenCv/libs/opencv/include/opencv2/contrib,
					../../../../../Applications/of_v0.9.8_osx_release/addons/ofxOpenCv/libs/opencv/include/opencv2/core,
					../../../../../Applications/of_v0.9.8_osx_release/addons/ofxOpenCv/libs/opencv/include/opencv2/features2d,
					../../../../../Applications/of_v0.9.8_osx_release/addons/ofxOpenCv/libs/opencv/include/opencv2/flann,
					../../../../../Applications/of_v0.9.8_osx_release/addons/ofxOpenCv/libs/opencv/include/opencv2/gpu,
					../../../../../Applications/of_v0.9.8_osx_release/addons/ofxOpenCv/libs/opencv/include/opencv2/gpu/device,
					../../../../../Applications/of_v0.9.8_osx_release/addons/ofxOpenCv/libs/opencv/include/opencv2/gpu/device/detail,
					../../../../../Applications/of_v0.9.8_osx_release/addons/ofxOpenCv/libs/opencv/include/opencv2/highgui,
					../../../../../Applications/of_v0.9.8_osx_release/addons/ofxOpenCv/libs/opencv/include/opencv2/imgproc,
					../../../../../Applications/of_v0.9.8_osx_release/addons/ofxOpenCv/libs/opencv/include/opencv2/legacy,
					../../../../../Applications/of_v0.9.8_osx_release/addons/ofxOpenCv/libs/opencv/include/opencv2/ml,
					../../../../../Applications/of_v0.9.8_osx_release/addons/ofxOpenCv/libs/opencv/include/opencv2/nonfree,
					../../../../../Applications/of_v0.9.8_osx_release/addons/ofxOpenCv/libs/opencv/include/opencv2/objdetect,
					../../../../../Applications/of_v0.9.8_osx_release/addons/ofxOpenCv/libs/opencv/include/opencv2/photo,
					../../../../../Applications/of_v0.9.8_osx_release/addons/ofxOpenCv/libs/opencv/include/opencv2/stitching,
					../../../../../Applications/of_v0.9.8_osx_release/addons/ofxOpenCv/libs/opencv/include/opencv2/stitching/detail,
					../../../../../Applications/of_v0.9.8_osx_release/addons/ofxOpenCv/libs/opencv/include/opencv2/superres,
					../../../../../Applications/of_v0.9.8_osx_release/addons/ofxOpenCv/libs/opencv/include/opencv2/ts,
					../../../../../Applications/of_v0.9.8_osx_release/addons/ofxOpenCv/libs/opencv/include/opencv2/video,
					../../../../../Applications/of_v0.9.8_osx_release/addons/ofxOpenCv/libs/opencv/include/opencv2/videostab,
					../../../../../Applications/of_v0.9.8_osx_release/addons/ofxOpenCv/libs/opencv/lib,
					../../../../../Applications/of_v0.9.8_osx_release/addons/ofxOpenCv/libs/opencv/lib/emscripten,
					../../../../../Applications/of_v0.9.8_osx_release/addons/ofxOpenCv/libs/opencv/lib/osx,
					../../../../../Applications/of_v0.9.8_osx_release/addons/ofxOpenCv/libs/opencv/license,
					../../../../../Applications/of_v0.9.8_osx_release/addons/ofxOpenCv/src,
				);
				MACOSX_DEPLOYMENT_TARGET = 10.8;
				ONLY_ACTIVE_ARCH = YES;
				OTHER_CPLUSPLUSFLAGS = (
					"-D__MACOSX_CORE__",
					"-mtune=native",
				);
				OTHER_LDFLAGS = (
					"$(OF_CORE_FRAMEWORKS)",
					"$(OF_CORE_LIBS)",
					../../../../../Applications/of_v0.9.8_osx_release/addons/ofxOpenCv/libs/opencv/lib/osx/opencv.a,
				);
				SDKROOT = macosx;
			};
			name = Debug;
		};
		E4B69B4F0A3A1720003C02F2 /* Release */ = {
			isa = XCBuildConfiguration;
			baseConfigurationReference = E4EB6923138AFD0F00A09F29 /* Project.xcconfig */;
			buildSettings = {
				CONFIGURATION_BUILD_DIR = "$(SRCROOT)/bin/";
				COPY_PHASE_STRIP = YES;
				DEAD_CODE_STRIPPING = YES;
				GCC_AUTO_VECTORIZATION = YES;
				GCC_ENABLE_SSE3_EXTENSIONS = YES;
				GCC_ENABLE_SUPPLEMENTAL_SSE3_INSTRUCTIONS = YES;
				GCC_INLINES_ARE_PRIVATE_EXTERN = NO;
				GCC_OPTIMIZATION_LEVEL = 3;
				GCC_SYMBOLS_PRIVATE_EXTERN = NO;
				GCC_UNROLL_LOOPS = YES;
				GCC_WARN_ABOUT_DEPRECATED_FUNCTIONS = YES;
				GCC_WARN_ABOUT_INVALID_OFFSETOF_MACRO = NO;
				GCC_WARN_ALLOW_INCOMPLETE_PROTOCOL = NO;
				GCC_WARN_UNINITIALIZED_AUTOS = NO;
				GCC_WARN_UNUSED_VALUE = NO;
				GCC_WARN_UNUSED_VARIABLE = NO;
				HEADER_SEARCH_PATHS = (
					"$(OF_CORE_HEADERS)",
					src,
					../../../../../Applications/of_v0.9.8_osx_release/addons/ofxOpenCv/libs,
					../../../../../Applications/of_v0.9.8_osx_release/addons/ofxOpenCv/libs/opencv,
					../../../../../Applications/of_v0.9.8_osx_release/addons/ofxOpenCv/libs/opencv/include,
					../../../../../Applications/of_v0.9.8_osx_release/addons/ofxOpenCv/libs/opencv/include/opencv,
					../../../../../Applications/of_v0.9.8_osx_release/addons/ofxOpenCv/libs/opencv/include/opencv2,
					../../../../../Applications/of_v0.9.8_osx_release/addons/ofxOpenCv/libs/opencv/include/opencv2/calib3d,
					../../../../../Applications/of_v0.9.8_osx_release/addons/ofxOpenCv/libs/opencv/include/opencv2/contrib,
					../../../../../Applications/of_v0.9.8_osx_release/addons/ofxOpenCv/libs/opencv/include/opencv2/core,
					../../../../../Applications/of_v0.9.8_osx_release/addons/ofxOpenCv/libs/opencv/include/opencv2/features2d,
					../../../../../Applications/of_v0.9.8_osx_release/addons/ofxOpenCv/libs/opencv/include/opencv2/flann,
					../../../../../Applications/of_v0.9.8_osx_release/addons/ofxOpenCv/libs/opencv/include/opencv2/gpu,
					../../../../../Applications/of_v0.9.8_osx_release/addons/ofxOpenCv/libs/opencv/include/opencv2/gpu/device,
					../../../../../Applications/of_v0.9.8_osx_release/addons/ofxOpenCv/libs/opencv/include/opencv2/gpu/device/detail,
					../../../../../Applications/of_v0.9.8_osx_release/addons/ofxOpenCv/libs/opencv/include/opencv2/highgui,
					../../../../../Applications/of_v0.9.8_osx_release/addons/ofxOpenCv/libs/opencv/include/opencv2/imgproc,
					../../../../../Applications/of_v0.9.8_osx_release/addons/ofxOpenCv/libs/opencv/include/opencv2/legacy,
					../../../../../Applications/of_v0.9.8_osx_release/addons/ofxOpenCv/libs/opencv/include/opencv2/ml,
					../../../../../Applications/of_v0.9.8_osx_release/addons/ofxOpenCv/libs/opencv/include/opencv2/nonfree,
					../../../../../Applications/of_v0.9.8_osx_release/addons/ofxOpenCv/libs/opencv/include/opencv2/objdetect,
					../../../../../Applications/of_v0.9.8_osx_release/addons/ofxOpenCv/libs/opencv/include/opencv2/photo,
					../../../../../Applications/of_v0.9.8_osx_release/addons/ofxOpenCv/libs/opencv/include/opencv2/stitching,
					../../../../../Applications/of_v0.9.8_osx_release/addons/ofxOpenCv/libs/opencv/include/opencv2/stitching/detail,
					../../../../../Applications/of_v0.9.8_osx_release/addons/ofxOpenCv/libs/opencv/include/opencv2/superres,
					../../../../../Applications/of_v0.9.8_osx_release/addons/ofxOpenCv/libs/opencv/include/opencv2/ts,
					../../../../../Applications/of_v0.9.8_osx_release/addons/ofxOpenCv/libs/opencv/include/opencv2/video,
					../../../../../Applications/of_v0.9.8_osx_release/addons/ofxOpenCv/libs/opencv/include/opencv2/videostab,
					../../../../../Applications/of_v0.9.8_osx_release/addons/ofxOpenCv/libs/opencv/lib,
					../../../../../Applications/of_v0.9.8_osx_release/addons/ofxOpenCv/libs/opencv/lib/emscripten,
					../../../../../Applications/of_v0.9.8_osx_release/addons/ofxOpenCv/libs/opencv/lib/osx,
					../../../../../Applications/of_v0.9.8_osx_release/addons/ofxOpenCv/libs/opencv/license,
					../../../../../Applications/of_v0.9.8_osx_release/addons/ofxOpenCv/src,
				);
				MACOSX_DEPLOYMENT_TARGET = 10.8;
				OTHER_CPLUSPLUSFLAGS = (
					"-D__MACOSX_CORE__",
					"-mtune=native",
				);
				OTHER_LDFLAGS = (
					"$(OF_CORE_FRAMEWORKS)",
					"$(OF_CORE_LIBS)",
					../../../../../Applications/of_v0.9.8_osx_release/addons/ofxOpenCv/libs/opencv/lib/osx/opencv.a,
				);
				SDKROOT = macosx;
			};
			name = Release;
		};
		E4B69B600A3A1757003C02F2 /* Debug */ = {
			isa = XCBuildConfiguration;
			baseConfigurationReference = E4EB6923138AFD0F00A09F29 /* Project.xcconfig */;
			buildSettings = {
				COMBINE_HIDPI_IMAGES = YES;
				COPY_PHASE_STRIP = NO;
				FRAMEWORK_SEARCH_PATHS = (
					"$(inherited)",
					"$(FRAMEWORK_SEARCH_PATHS_QUOTED_FOR_TARGET_1)",
				);
				FRAMEWORK_SEARCH_PATHS_QUOTED_FOR_TARGET_1 = "\"$(SRCROOT)/../../../../../Applications/of_v0.9.8_osx_release/libs/glut/lib/osx\"";
				GCC_DYNAMIC_NO_PIC = NO;
				GCC_GENERATE_DEBUGGING_SYMBOLS = YES;
				GCC_MODEL_TUNING = NONE;
				HEADER_SEARCH_PATHS = (
					"$(OF_CORE_HEADERS)",
					src,
					../../../../../Applications/of_v0.9.8_osx_release/addons/ofxOpenCv/libs,
					../../../../../Applications/of_v0.9.8_osx_release/addons/ofxOpenCv/libs/opencv,
					../../../../../Applications/of_v0.9.8_osx_release/addons/ofxOpenCv/libs/opencv/include,
					../../../../../Applications/of_v0.9.8_osx_release/addons/ofxOpenCv/libs/opencv/include/opencv,
					../../../../../Applications/of_v0.9.8_osx_release/addons/ofxOpenCv/libs/opencv/include/opencv2,
					../../../../../Applications/of_v0.9.8_osx_release/addons/ofxOpenCv/libs/opencv/include/opencv2/calib3d,
					../../../../../Applications/of_v0.9.8_osx_release/addons/ofxOpenCv/libs/opencv/include/opencv2/contrib,
					../../../../../Applications/of_v0.9.8_osx_release/addons/ofxOpenCv/libs/opencv/include/opencv2/core,
					../../../../../Applications/of_v0.9.8_osx_release/addons/ofxOpenCv/libs/opencv/include/opencv2/features2d,
					../../../../../Applications/of_v0.9.8_osx_release/addons/ofxOpenCv/libs/opencv/include/opencv2/flann,
					../../../../../Applications/of_v0.9.8_osx_release/addons/ofxOpenCv/libs/opencv/include/opencv2/gpu,
					../../../../../Applications/of_v0.9.8_osx_release/addons/ofxOpenCv/libs/opencv/include/opencv2/gpu/device,
					../../../../../Applications/of_v0.9.8_osx_release/addons/ofxOpenCv/libs/opencv/include/opencv2/gpu/device/detail,
					../../../../../Applications/of_v0.9.8_osx_release/addons/ofxOpenCv/libs/opencv/include/opencv2/highgui,
					../../../../../Applications/of_v0.9.8_osx_release/addons/ofxOpenCv/libs/opencv/include/opencv2/imgproc,
					../../../../../Applications/of_v0.9.8_osx_release/addons/ofxOpenCv/libs/opencv/include/opencv2/legacy,
					../../../../../Applications/of_v0.9.8_osx_release/addons/ofxOpenCv/libs/opencv/include/opencv2/ml,
					../../../../../Applications/of_v0.9.8_osx_release/addons/ofxOpenCv/libs/opencv/include/opencv2/nonfree,
					../../../../../Applications/of_v0.9.8_osx_release/addons/ofxOpenCv/libs/opencv/include/opencv2/objdetect,
					../../../../../Applications/of_v0.9.8_osx_release/addons/ofxOpenCv/libs/opencv/include/opencv2/photo,
					../../../../../Applications/of_v0.9.8_osx_release/addons/ofxOpenCv/libs/opencv/include/opencv2/stitching,
					../../../../../Applications/of_v0.9.8_osx_release/addons/ofxOpenCv/libs/opencv/include/opencv2/stitching/detail,
					../../../../../Applications/of_v0.9.8_osx_release/addons/ofxOpenCv/libs/opencv/include/opencv2/superres,
					../../../../../Applications/of_v0.9.8_osx_release/addons/ofxOpenCv/libs/opencv/include/opencv2/ts,
					../../../../../Applications/of_v0.9.8_osx_release/addons/ofxOpenCv/libs/opencv/include/opencv2/video,
					../../../../../Applications/of_v0.9.8_osx_release/addons/ofxOpenCv/libs/opencv/include/opencv2/videostab,
					../../../../../Applications/of_v0.9.8_osx_release/addons/ofxOpenCv/libs/opencv/lib,
					../../../../../Applications/of_v0.9.8_osx_release/addons/ofxOpenCv/libs/opencv/lib/emscripten,
					../../../../../Applications/of_v0.9.8_osx_release/addons/ofxOpenCv/libs/opencv/lib/osx,
					../../../../../Applications/of_v0.9.8_osx_release/addons/ofxOpenCv/libs/opencv/license,
					../../../../../Applications/of_v0.9.8_osx_release/addons/ofxOpenCv/src,
				);
				ICON = "$(ICON_NAME_DEBUG)";
				ICON_FILE = "$(ICON_FILE_PATH)$(ICON)";
				INFOPLIST_FILE = "openFrameworks-Info.plist";
				INSTALL_PATH = /Applications;
				LIBRARY_SEARCH_PATHS = "$(inherited)";
				OTHER_LDFLAGS = (
					"$(OF_CORE_FRAMEWORKS)",
					"$(OF_CORE_LIBS)",
					../../../../../Applications/of_v0.9.8_osx_release/addons/ofxOpenCv/libs/opencv/lib/osx/opencv.a,
				);
				PRODUCT_NAME = "$(TARGET_NAME)Debug";
				WRAPPER_EXTENSION = app;
			};
			name = Debug;
		};
		E4B69B610A3A1757003C02F2 /* Release */ = {
			isa = XCBuildConfiguration;
			baseConfigurationReference = E4EB6923138AFD0F00A09F29 /* Project.xcconfig */;
			buildSettings = {
				COMBINE_HIDPI_IMAGES = YES;
				COPY_PHASE_STRIP = YES;
				FRAMEWORK_SEARCH_PATHS = (
					"$(inherited)",
					"$(FRAMEWORK_SEARCH_PATHS_QUOTED_FOR_TARGET_1)",
				);
				FRAMEWORK_SEARCH_PATHS_QUOTED_FOR_TARGET_1 = "\"$(SRCROOT)/../../../../../Applications/of_v0.9.8_osx_release/libs/glut/lib/osx\"";
				GCC_GENERATE_DEBUGGING_SYMBOLS = YES;
				GCC_MODEL_TUNING = NONE;
				HEADER_SEARCH_PATHS = (
					"$(OF_CORE_HEADERS)",
					src,
					../../../../../Applications/of_v0.9.8_osx_release/addons/ofxOpenCv/libs,
					../../../../../Applications/of_v0.9.8_osx_release/addons/ofxOpenCv/libs/opencv,
					../../../../../Applications/of_v0.9.8_osx_release/addons/ofxOpenCv/libs/opencv/include,
					../../../../../Applications/of_v0.9.8_osx_release/addons/ofxOpenCv/libs/opencv/include/opencv,
					../../../../../Applications/of_v0.9.8_osx_release/addons/ofxOpenCv/libs/opencv/include/opencv2,
					../../../../../Applications/of_v0.9.8_osx_release/addons/ofxOpenCv/libs/opencv/include/opencv2/calib3d,
					../../../../../Applications/of_v0.9.8_osx_release/addons/ofxOpenCv/libs/opencv/include/opencv2/contrib,
					../../../../../Applications/of_v0.9.8_osx_release/addons/ofxOpenCv/libs/opencv/include/opencv2/core,
					../../../../../Applications/of_v0.9.8_osx_release/addons/ofxOpenCv/libs/opencv/include/opencv2/features2d,
					../../../../../Applications/of_v0.9.8_osx_release/addons/ofxOpenCv/libs/opencv/include/opencv2/flann,
					../../../../../Applications/of_v0.9.8_osx_release/addons/ofxOpenCv/libs/opencv/include/opencv2/gpu,
					../../../../../Applications/of_v0.9.8_osx_release/addons/ofxOpenCv/libs/opencv/include/opencv2/gpu/device,
					../../../../../Applications/of_v0.9.8_osx_release/addons/ofxOpenCv/libs/opencv/include/opencv2/gpu/device/detail,
					../../../../../Applications/of_v0.9.8_osx_release/addons/ofxOpenCv/libs/opencv/include/opencv2/highgui,
					../../../../../Applications/of_v0.9.8_osx_release/addons/ofxOpenCv/libs/opencv/include/opencv2/imgproc,
					../../../../../Applications/of_v0.9.8_osx_release/addons/ofxOpenCv/libs/opencv/include/opencv2/legacy,
					../../../../../Applications/of_v0.9.8_osx_release/addons/ofxOpenCv/libs/opencv/include/opencv2/ml,
					../../../../../Applications/of_v0.9.8_osx_release/addons/ofxOpenCv/libs/opencv/include/opencv2/nonfree,
					../../../../../Applications/of_v0.9.8_osx_release/addons/ofxOpenCv/libs/opencv/include/opencv2/objdetect,
					../../../../../Applications/of_v0.9.8_osx_release/addons/ofxOpenCv/libs/opencv/include/opencv2/photo,
					../../../../../Applications/of_v0.9.8_osx_release/addons/ofxOpenCv/libs/opencv/include/opencv2/stitching,
					../../../../../Applications/of_v0.9.8_osx_release/addons/ofxOpenCv/libs/opencv/include/opencv2/stitching/detail,
					../../../../../Applications/of_v0.9.8_osx_release/addons/ofxOpenCv/libs/opencv/include/opencv2/superres,
					../../../../../Applications/of_v0.9.8_osx_release/addons/ofxOpenCv/libs/opencv/include/opencv2/ts,
					../../../../../Applications/of_v0.9.8_osx_release/addons/ofxOpenCv/libs/opencv/include/opencv2/video,
					../../../../../Applications/of_v0.9.8_osx_release/addons/ofxOpenCv/libs/opencv/include/opencv2/videostab,
					../../../../../Applications/of_v0.9.8_osx_release/addons/ofxOpenCv/libs/opencv/lib,
					../../../../../Applications/of_v0.9.8_osx_release/addons/ofxOpenCv/libs/opencv/lib/emscripten,
					../../../../../Applications/of_v0.9.8_osx_release/addons/ofxOpenCv/libs/opencv/lib/osx,
					../../../../../Applications/of_v0.9.8_osx_release/addons/ofxOpenCv/libs/opencv/license,
					../../../../../Applications/of_v0.9.8_osx_release/addons/ofxOpenCv/src,
				);
				ICON = "$(ICON_NAME_RELEASE)";
				ICON_FILE = "$(ICON_FILE_PATH)$(ICON)";
				INFOPLIST_FILE = "openFrameworks-Info.plist";
				INSTALL_PATH = /Applications;
				LIBRARY_SEARCH_PATHS = "$(inherited)";
				OTHER_LDFLAGS = (
					"$(OF_CORE_FRAMEWORKS)",
					"$(OF_CORE_LIBS)",
					../../../../../Applications/of_v0.9.8_osx_release/addons/ofxOpenCv/libs/opencv/lib/osx/opencv.a,
				);
				PRODUCT_NAME = "$(TARGET_NAME)";
				WRAPPER_EXTENSION = app;
				baseConfigurationReference = E4EB6923138AFD0F00A09F29;
			};
			name = Release;
		};
/* End XCBuildConfiguration section */

/* Begin XCConfigurationList section */
		E4B69B4D0A3A1720003C02F2 /* Build configuration list for PBXProject "final-project-sherina0922-master" */ = {
			isa = XCConfigurationList;
			buildConfigurations = (
				E4B69B4E0A3A1720003C02F2 /* Debug */,
				E4B69B4F0A3A1720003C02F2 /* Release */,
			);
			defaultConfigurationIsVisible = 0;
			defaultConfigurationName = Release;
		};
		E4B69B5F0A3A1757003C02F2 /* Build configuration list for PBXNativeTarget "final-project-sherina0922-master" */ = {
			isa = XCConfigurationList;
			buildConfigurations = (
				E4B69B600A3A1757003C02F2 /* Debug */,
				E4B69B610A3A1757003C02F2 /* Release */,
			);
			defaultConfigurationIsVisible = 0;
			defaultConfigurationName = Release;
		};
/* End XCConfigurationList section */
	};
	rootObject = E4B69B4C0A3A1720003C02F2 /* Project object */;
}
